
Microsoft Visual Studio Solution File, Format Version 12.00
# Visual Studio 2013
VisualStudioVersion = 12.0.21005.1
MinimumVisualStudioVersion = 10.0.40219.1
Project("{FAE04EC0-301F-11D3-BF4B-00C04F79EFBC}") = "SolvencyII.Data", "SolvencyII.Data\SolvencyII.Data.csproj", "{A2EB048A-561C-4A6B-B554-4834EFED35C1}"
	ProjectSection(ProjectDependencies) = postProject
		{801FA2EA-C4D8-496A-BC96-E1272CF6502A} = {801FA2EA-C4D8-496A-BC96-E1272CF6502A}
	EndProjectSection
EndProject
Project("{2150E333-8FDC-42A3-9474-1A3956D46DE8}") = "Solution Items", "Solution Items", "{1007D40F-CD08-4791-8166-92ECECFB0690}"
	ProjectSection(SolutionItems) = preProject
		Local.testsettings = Local.testsettings
		SolvencyII.UI1.vsmdi = SolvencyII.UI1.vsmdi
		TraceAndTestImpact.testsettings = TraceAndTestImpact.testsettings
	EndProjectSection
EndProject
Project("{FAE04EC0-301F-11D3-BF4B-00C04F79EFBC}") = "SolvencyII.UI.Shared", "SolvencyII.UI.Shared\SolvencyII.UI.Shared.csproj", "{887EABCC-FC1F-4C9E-8991-ED1D86552931}"
EndProject
Project("{FAE04EC0-301F-11D3-BF4B-00C04F79EFBC}") = "SolvencyII.GUI", "SolvencyII.GUI\SolvencyII.GUI.csproj", "{1AB0AE20-1DFA-43A2-AE97-713167CFA1A9}"
	ProjectSection(ProjectDependencies) = postProject
		{66DA4D11-EEDA-4035-8133-5B94D33F4623} = {66DA4D11-EEDA-4035-8133-5B94D33F4623}
		{A2EB048A-561C-4A6B-B554-4834EFED35C1} = {A2EB048A-561C-4A6B-B554-4834EFED35C1}
		{C8529596-FD06-4531-B31B-DD806A0FA7B4} = {C8529596-FD06-4531-B31B-DD806A0FA7B4}
	EndProjectSection
EndProject
Project("{FAE04EC0-301F-11D3-BF4B-00C04F79EFBC}") = "SolvencyII.Data.Shared", "SolvencyII.Data.Shared\SolvencyII.Data.Shared.csproj", "{9BA580CE-8585-4CC5-A971-4D7B4AF3323A}"
EndProject
Project("{FAE04EC0-301F-11D3-BF4B-00C04F79EFBC}") = "Tests", "Tests\Tests.csproj", "{C162E190-B95A-440D-ADC4-B9772933B256}"
EndProject
Project("{FAE04EC0-301F-11D3-BF4B-00C04F79EFBC}") = "SolvencyII.Domain", "SolvencyII.Domain\SolvencyII.Domain.csproj", "{801FA2EA-C4D8-496A-BC96-E1272CF6502A}"
EndProject
Project("{FAE04EC0-301F-11D3-BF4B-00C04F79EFBC}") = "SolvencyII.StartPRE", "SolvencyII.StartPRE\SolvencyII.StartPRE.csproj", "{F9B7818D-8DB7-43CF-BCCC-4D0D3038248D}"
EndProject
Project("{FAE04EC0-301F-11D3-BF4B-00C04F79EFBC}") = "SolvencyII.Start", "SolvencyII.Start\SolvencyII.Start.csproj", "{B18CEF24-96F2-454E-AFE6-97F270C378D0}"
EndProject
Project("{FAE04EC0-301F-11D3-BF4B-00C04F79EFBC}") = "ObjectListView2010", "ObjectListView\ObjectListView2010.csproj", "{18FEDA0C-D147-4286-B39A-01204808106A}"
EndProject
Project("{FAE04EC0-301F-11D3-BF4B-00C04F79EFBC}") = "ComponentModel", "ComponentModel\ComponentModel.csproj", "{1BBA5101-D4F0-48B8-A5D6-7B23A099DCE3}"
EndProject
Project("{FAE04EC0-301F-11D3-BF4B-00C04F79EFBC}") = "SolvencyII.Extensibility.EBA_1.0", "SolvencyII.Extensibility.EBA\SolvencyII.Extensibility.EBA_1.0.csproj", "{66DA4D11-EEDA-4035-8133-5B94D33F4623}"
	ProjectSection(ProjectDependencies) = postProject
		{18FEDA0C-D147-4286-B39A-01204808106A} = {18FEDA0C-D147-4286-B39A-01204808106A}
		{887EABCC-FC1F-4C9E-8991-ED1D86552931} = {887EABCC-FC1F-4C9E-8991-ED1D86552931}
	EndProjectSection
EndProject
Project("{FAE04EC0-301F-11D3-BF4B-00C04F79EFBC}") = "SolvencyII.Data.DBMS", "SolvencyII.Data.DBMS\SolvencyII.Data.DBMS.csproj", "{C8529596-FD06-4531-B31B-DD806A0FA7B4}"
EndProject
Project("{FAE04EC0-301F-11D3-BF4B-00C04F79EFBC}") = "ClassicRelationalEtl", "..\..\X.  Classic relational model generation\ClessicRelationalModelGenerator\ClassicRelationalETL\ClassicRelationalEtl.csproj", "{5A5258F5-7189-43FC-A8AF-6252763ED624}"
EndProject
Project("{FAE04EC0-301F-11D3-BF4B-00C04F79EFBC}") = "SolvencyII.Extensibility.SOL2_1.0", "SolvencyII.Extensibility.SOL2\SolvencyII.Extensibility.SOL2_1.0.csproj", "{92044687-AAE8-432F-AED4-AE80059D9A98}"
EndProject
Project("{FAE04EC0-301F-11D3-BF4B-00C04F79EFBC}") = "SolvencyII.Extensibility.SOL2_1.0_Preparatory", "SolvencyII.Extensibility_1.0_SOL2_Preparatory\SolvencyII.Extensibility.SOL2_1.0_Preparatory.csproj", "{37D0DFBA-582C-462E-B809-D46B43BEB451}"
EndProject
Project("{FAE04EC0-301F-11D3-BF4B-00C04F79EFBC}") = "T4UExcelImportExportLib", "..\ExcelImportExport\T4UExcelImportExportLib\T4UExcelImportExportLib.csproj", "{493C5E4F-5557-4643-B45A-26387399EC0F}"
EndProject
Project("{FAE04EC0-301F-11D3-BF4B-00C04F79EFBC}") = "SolvencyII.GUI.Test", "SolvencyII.GUI.Test\SolvencyII.GUI.Test.csproj", "{F3929CDA-BD94-4FD6-BACA-0FC3F4F177BE}"
EndProject
Project("{FAE04EC0-301F-11D3-BF4B-00C04F79EFBC}") = "SolvencyII.Validation", "SolvencyII.Validation\SolvencyII.Validation.csproj", "{3F8159AF-CE45-411B-813D-6278B4F46C66}"
EndProject
Global
	GlobalSection(SubversionScc) = preSolution
		Svn-Managed = True
		Manager = AnkhSVN - Subversion Support for Visual Studio
	EndGlobalSection
	GlobalSection(SolutionConfigurationPlatforms) = preSolution
		Debug|Any CPU = Debug|Any CPU
		Debug|Mixed Platforms = Debug|Mixed Platforms
		Debug|x64 = Debug|x64
		Debug|x86 = Debug|x86
		Release|Any CPU = Release|Any CPU
		Release|Mixed Platforms = Release|Mixed Platforms
		Release|x64 = Release|x64
		Release|x86 = Release|x86
	EndGlobalSection
	GlobalSection(ProjectConfigurationPlatforms) = postSolution
		{A2EB048A-561C-4A6B-B554-4834EFED35C1}.Debug|Any CPU.ActiveCfg = Debug|x86
		{A2EB048A-561C-4A6B-B554-4834EFED35C1}.Debug|Any CPU.Build.0 = Debug|x86
		{A2EB048A-561C-4A6B-B554-4834EFED35C1}.Debug|Mixed Platforms.ActiveCfg = Debug|x86
		{A2EB048A-561C-4A6B-B554-4834EFED35C1}.Debug|Mixed Platforms.Build.0 = Debug|x86
		{A2EB048A-561C-4A6B-B554-4834EFED35C1}.Debug|x64.ActiveCfg = Debug|x86
		{A2EB048A-561C-4A6B-B554-4834EFED35C1}.Debug|x86.ActiveCfg = Debug|x86
		{A2EB048A-561C-4A6B-B554-4834EFED35C1}.Debug|x86.Build.0 = Debug|x86
		{A2EB048A-561C-4A6B-B554-4834EFED35C1}.Release|Any CPU.ActiveCfg = Release|x86
		{A2EB048A-561C-4A6B-B554-4834EFED35C1}.Release|Mixed Platforms.ActiveCfg = Release|x86
		{A2EB048A-561C-4A6B-B554-4834EFED35C1}.Release|Mixed Platforms.Build.0 = Release|x86
		{A2EB048A-561C-4A6B-B554-4834EFED35C1}.Release|x64.ActiveCfg = Release|x86
		{A2EB048A-561C-4A6B-B554-4834EFED35C1}.Release|x86.ActiveCfg = Release|x86
		{A2EB048A-561C-4A6B-B554-4834EFED35C1}.Release|x86.Build.0 = Release|x86
		{887EABCC-FC1F-4C9E-8991-ED1D86552931}.Debug|Any CPU.ActiveCfg = Debug|Any CPU
		{887EABCC-FC1F-4C9E-8991-ED1D86552931}.Debug|Any CPU.Build.0 = Debug|Any CPU
		{887EABCC-FC1F-4C9E-8991-ED1D86552931}.Debug|Mixed Platforms.ActiveCfg = Debug|Any CPU
		{887EABCC-FC1F-4C9E-8991-ED1D86552931}.Debug|Mixed Platforms.Build.0 = Debug|Any CPU
		{887EABCC-FC1F-4C9E-8991-ED1D86552931}.Debug|x64.ActiveCfg = Debug|Any CPU
		{887EABCC-FC1F-4C9E-8991-ED1D86552931}.Debug|x86.ActiveCfg = Debug|Any CPU
		{887EABCC-FC1F-4C9E-8991-ED1D86552931}.Release|Any CPU.ActiveCfg = Release|Any CPU
		{887EABCC-FC1F-4C9E-8991-ED1D86552931}.Release|Any CPU.Build.0 = Release|Any CPU
		{887EABCC-FC1F-4C9E-8991-ED1D86552931}.Release|Mixed Platforms.ActiveCfg = Release|Any CPU
		{887EABCC-FC1F-4C9E-8991-ED1D86552931}.Release|Mixed Platforms.Build.0 = Release|Any CPU
		{887EABCC-FC1F-4C9E-8991-ED1D86552931}.Release|x64.ActiveCfg = Release|Any CPU
		{887EABCC-FC1F-4C9E-8991-ED1D86552931}.Release|x86.ActiveCfg = Release|Any CPU
		{1AB0AE20-1DFA-43A2-AE97-713167CFA1A9}.Debug|Any CPU.ActiveCfg = Debug|x86
		{1AB0AE20-1DFA-43A2-AE97-713167CFA1A9}.Debug|Any CPU.Build.0 = Debug|x86
		{1AB0AE20-1DFA-43A2-AE97-713167CFA1A9}.Debug|Mixed Platforms.ActiveCfg = Debug|x86
		{1AB0AE20-1DFA-43A2-AE97-713167CFA1A9}.Debug|Mixed Platforms.Build.0 = Debug|x86
		{1AB0AE20-1DFA-43A2-AE97-713167CFA1A9}.Debug|x64.ActiveCfg = Debug|x86
		{1AB0AE20-1DFA-43A2-AE97-713167CFA1A9}.Debug|x86.ActiveCfg = Debug|x86
		{1AB0AE20-1DFA-43A2-AE97-713167CFA1A9}.Debug|x86.Build.0 = Debug|x86
		{1AB0AE20-1DFA-43A2-AE97-713167CFA1A9}.Release|Any CPU.ActiveCfg = Release|x86
		{1AB0AE20-1DFA-43A2-AE97-713167CFA1A9}.Release|Mixed Platforms.ActiveCfg = Release|x86
		{1AB0AE20-1DFA-43A2-AE97-713167CFA1A9}.Release|Mixed Platforms.Build.0 = Release|x86
		{1AB0AE20-1DFA-43A2-AE97-713167CFA1A9}.Release|x64.ActiveCfg = Release|x86
		{1AB0AE20-1DFA-43A2-AE97-713167CFA1A9}.Release|x86.ActiveCfg = Release|x86
		{1AB0AE20-1DFA-43A2-AE97-713167CFA1A9}.Release|x86.Build.0 = Release|x86
		{9BA580CE-8585-4CC5-A971-4D7B4AF3323A}.Debug|Any CPU.ActiveCfg = Debug|Any CPU
		{9BA580CE-8585-4CC5-A971-4D7B4AF3323A}.Debug|Any CPU.Build.0 = Debug|Any CPU
		{9BA580CE-8585-4CC5-A971-4D7B4AF3323A}.Debug|Mixed Platforms.ActiveCfg = Debug|Any CPU
		{9BA580CE-8585-4CC5-A971-4D7B4AF3323A}.Debug|Mixed Platforms.Build.0 = Debug|Any CPU
		{9BA580CE-8585-4CC5-A971-4D7B4AF3323A}.Debug|x64.ActiveCfg = Debug|Any CPU
		{9BA580CE-8585-4CC5-A971-4D7B4AF3323A}.Debug|x86.ActiveCfg = Debug|Any CPU
		{9BA580CE-8585-4CC5-A971-4D7B4AF3323A}.Release|Any CPU.ActiveCfg = Release|Any CPU
		{9BA580CE-8585-4CC5-A971-4D7B4AF3323A}.Release|Any CPU.Build.0 = Release|Any CPU
		{9BA580CE-8585-4CC5-A971-4D7B4AF3323A}.Release|Mixed Platforms.ActiveCfg = Release|Any CPU
		{9BA580CE-8585-4CC5-A971-4D7B4AF3323A}.Release|Mixed Platforms.Build.0 = Release|Any CPU
		{9BA580CE-8585-4CC5-A971-4D7B4AF3323A}.Release|x64.ActiveCfg = Release|Any CPU
		{9BA580CE-8585-4CC5-A971-4D7B4AF3323A}.Release|x86.ActiveCfg = Release|Any CPU
		{C162E190-B95A-440D-ADC4-B9772933B256}.Debug|Any CPU.ActiveCfg = Debug|Any CPU
		{C162E190-B95A-440D-ADC4-B9772933B256}.Debug|Any CPU.Build.0 = Debug|Any CPU
		{C162E190-B95A-440D-ADC4-B9772933B256}.Debug|Mixed Platforms.ActiveCfg = Debug|Any CPU
		{C162E190-B95A-440D-ADC4-B9772933B256}.Debug|Mixed Platforms.Build.0 = Debug|Any CPU
		{C162E190-B95A-440D-ADC4-B9772933B256}.Debug|x64.ActiveCfg = Debug|Any CPU
		{C162E190-B95A-440D-ADC4-B9772933B256}.Debug|x86.ActiveCfg = Debug|Any CPU
		{C162E190-B95A-440D-ADC4-B9772933B256}.Release|Any CPU.ActiveCfg = Release|Any CPU
		{C162E190-B95A-440D-ADC4-B9772933B256}.Release|Any CPU.Build.0 = Release|Any CPU
		{C162E190-B95A-440D-ADC4-B9772933B256}.Release|Mixed Platforms.ActiveCfg = Release|Any CPU
		{C162E190-B95A-440D-ADC4-B9772933B256}.Release|Mixed Platforms.Build.0 = Release|Any CPU
		{C162E190-B95A-440D-ADC4-B9772933B256}.Release|x64.ActiveCfg = Release|Any CPU
		{C162E190-B95A-440D-ADC4-B9772933B256}.Release|x86.ActiveCfg = Release|Any CPU
		{801FA2EA-C4D8-496A-BC96-E1272CF6502A}.Debug|Any CPU.ActiveCfg = Debug|Any CPU
		{801FA2EA-C4D8-496A-BC96-E1272CF6502A}.Debug|Any CPU.Build.0 = Debug|Any CPU
		{801FA2EA-C4D8-496A-BC96-E1272CF6502A}.Debug|Mixed Platforms.ActiveCfg = Debug|Any CPU
		{801FA2EA-C4D8-496A-BC96-E1272CF6502A}.Debug|Mixed Platforms.Build.0 = Debug|Any CPU
		{801FA2EA-C4D8-496A-BC96-E1272CF6502A}.Debug|x64.ActiveCfg = Debug|Any CPU
		{801FA2EA-C4D8-496A-BC96-E1272CF6502A}.Debug|x86.ActiveCfg = Debug|Any CPU
		{801FA2EA-C4D8-496A-BC96-E1272CF6502A}.Release|Any CPU.ActiveCfg = Release|Any CPU
		{801FA2EA-C4D8-496A-BC96-E1272CF6502A}.Release|Any CPU.Build.0 = Release|Any CPU
		{801FA2EA-C4D8-496A-BC96-E1272CF6502A}.Release|Mixed Platforms.ActiveCfg = Release|Any CPU
		{801FA2EA-C4D8-496A-BC96-E1272CF6502A}.Release|Mixed Platforms.Build.0 = Release|Any CPU
		{801FA2EA-C4D8-496A-BC96-E1272CF6502A}.Release|x64.ActiveCfg = Release|Any CPU
		{801FA2EA-C4D8-496A-BC96-E1272CF6502A}.Release|x86.ActiveCfg = Release|Any CPU
		{F9B7818D-8DB7-43CF-BCCC-4D0D3038248D}.Debug|Any CPU.ActiveCfg = Debug|x86
		{F9B7818D-8DB7-43CF-BCCC-4D0D3038248D}.Debug|Mixed Platforms.ActiveCfg = Debug|x86
		{F9B7818D-8DB7-43CF-BCCC-4D0D3038248D}.Debug|x64.ActiveCfg = Debug|x86
		{F9B7818D-8DB7-43CF-BCCC-4D0D3038248D}.Debug|x86.ActiveCfg = Debug|x86
		{F9B7818D-8DB7-43CF-BCCC-4D0D3038248D}.Debug|x86.Build.0 = Debug|x86
		{F9B7818D-8DB7-43CF-BCCC-4D0D3038248D}.Release|Any CPU.ActiveCfg = Release|x86
		{F9B7818D-8DB7-43CF-BCCC-4D0D3038248D}.Release|Mixed Platforms.ActiveCfg = Release|x86
		{F9B7818D-8DB7-43CF-BCCC-4D0D3038248D}.Release|Mixed Platforms.Build.0 = Release|x86
		{F9B7818D-8DB7-43CF-BCCC-4D0D3038248D}.Release|x64.ActiveCfg = Release|x86
		{F9B7818D-8DB7-43CF-BCCC-4D0D3038248D}.Release|x86.ActiveCfg = Release|x86
		{F9B7818D-8DB7-43CF-BCCC-4D0D3038248D}.Release|x86.Build.0 = Release|x86
		{B18CEF24-96F2-454E-AFE6-97F270C378D0}.Debug|Any CPU.ActiveCfg = Debug|x86
		{B18CEF24-96F2-454E-AFE6-97F270C378D0}.Debug|Mixed Platforms.ActiveCfg = Debug|x86
		{B18CEF24-96F2-454E-AFE6-97F270C378D0}.Debug|x64.ActiveCfg = Debug|x86
		{B18CEF24-96F2-454E-AFE6-97F270C378D0}.Debug|x86.ActiveCfg = Debug|x86
		{B18CEF24-96F2-454E-AFE6-97F270C378D0}.Debug|x86.Build.0 = Debug|x86
		{B18CEF24-96F2-454E-AFE6-97F270C378D0}.Release|Any CPU.ActiveCfg = Release|x86
		{B18CEF24-96F2-454E-AFE6-97F270C378D0}.Release|Mixed Platforms.ActiveCfg = Release|x86
		{B18CEF24-96F2-454E-AFE6-97F270C378D0}.Release|Mixed Platforms.Build.0 = Release|x86
		{B18CEF24-96F2-454E-AFE6-97F270C378D0}.Release|x64.ActiveCfg = Release|x86
		{B18CEF24-96F2-454E-AFE6-97F270C378D0}.Release|x86.ActiveCfg = Release|x86
		{B18CEF24-96F2-454E-AFE6-97F270C378D0}.Release|x86.Build.0 = Release|x86
		{18FEDA0C-D147-4286-B39A-01204808106A}.Debug|Any CPU.ActiveCfg = Debug|Any CPU
		{18FEDA0C-D147-4286-B39A-01204808106A}.Debug|Any CPU.Build.0 = Debug|Any CPU
		{18FEDA0C-D147-4286-B39A-01204808106A}.Debug|Mixed Platforms.ActiveCfg = Debug|Any CPU
		{18FEDA0C-D147-4286-B39A-01204808106A}.Debug|Mixed Platforms.Build.0 = Debug|Any CPU
		{18FEDA0C-D147-4286-B39A-01204808106A}.Debug|x64.ActiveCfg = Debug|Any CPU
		{18FEDA0C-D147-4286-B39A-01204808106A}.Debug|x86.ActiveCfg = Debug|Any CPU
		{18FEDA0C-D147-4286-B39A-01204808106A}.Release|Any CPU.ActiveCfg = Release|Any CPU
		{18FEDA0C-D147-4286-B39A-01204808106A}.Release|Any CPU.Build.0 = Release|Any CPU
		{18FEDA0C-D147-4286-B39A-01204808106A}.Release|Mixed Platforms.ActiveCfg = Release|Any CPU
		{18FEDA0C-D147-4286-B39A-01204808106A}.Release|Mixed Platforms.Build.0 = Release|Any CPU
		{18FEDA0C-D147-4286-B39A-01204808106A}.Release|x64.ActiveCfg = Release|Any CPU
		{18FEDA0C-D147-4286-B39A-01204808106A}.Release|x86.ActiveCfg = Release|Any CPU
		{1BBA5101-D4F0-48B8-A5D6-7B23A099DCE3}.Debug|Any CPU.ActiveCfg = Debug|Any CPU
		{1BBA5101-D4F0-48B8-A5D6-7B23A099DCE3}.Debug|Any CPU.Build.0 = Debug|Any CPU
		{1BBA5101-D4F0-48B8-A5D6-7B23A099DCE3}.Debug|Mixed Platforms.ActiveCfg = Debug|x86
		{1BBA5101-D4F0-48B8-A5D6-7B23A099DCE3}.Debug|Mixed Platforms.Build.0 = Debug|x86
		{1BBA5101-D4F0-48B8-A5D6-7B23A099DCE3}.Debug|x64.ActiveCfg = Debug|Any CPU
		{1BBA5101-D4F0-48B8-A5D6-7B23A099DCE3}.Debug|x86.ActiveCfg = Debug|x86
		{1BBA5101-D4F0-48B8-A5D6-7B23A099DCE3}.Debug|x86.Build.0 = Debug|x86
		{1BBA5101-D4F0-48B8-A5D6-7B23A099DCE3}.Release|Any CPU.ActiveCfg = Release|Any CPU
		{1BBA5101-D4F0-48B8-A5D6-7B23A099DCE3}.Release|Any CPU.Build.0 = Release|Any CPU
		{1BBA5101-D4F0-48B8-A5D6-7B23A099DCE3}.Release|Mixed Platforms.ActiveCfg = Release|x86
		{1BBA5101-D4F0-48B8-A5D6-7B23A099DCE3}.Release|Mixed Platforms.Build.0 = Release|x86
		{1BBA5101-D4F0-48B8-A5D6-7B23A099DCE3}.Release|x64.ActiveCfg = Release|Any CPU
		{1BBA5101-D4F0-48B8-A5D6-7B23A099DCE3}.Release|x86.ActiveCfg = Release|x86
		{1BBA5101-D4F0-48B8-A5D6-7B23A099DCE3}.Release|x86.Build.0 = Release|x86
		{66DA4D11-EEDA-4035-8133-5B94D33F4623}.Debug|Any CPU.ActiveCfg = Debug|Any CPU
		{66DA4D11-EEDA-4035-8133-5B94D33F4623}.Debug|Any CPU.Build.0 = Debug|Any CPU
		{66DA4D11-EEDA-4035-8133-5B94D33F4623}.Debug|Mixed Platforms.ActiveCfg = Debug|Any CPU
		{66DA4D11-EEDA-4035-8133-5B94D33F4623}.Debug|Mixed Platforms.Build.0 = Debug|Any CPU
		{66DA4D11-EEDA-4035-8133-5B94D33F4623}.Debug|x64.ActiveCfg = Debug|Any CPU
		{66DA4D11-EEDA-4035-8133-5B94D33F4623}.Debug|x86.ActiveCfg = Debug|Any CPU
		{66DA4D11-EEDA-4035-8133-5B94D33F4623}.Release|Any CPU.ActiveCfg = Release|Any CPU
		{66DA4D11-EEDA-4035-8133-5B94D33F4623}.Release|Any CPU.Build.0 = Release|Any CPU
		{66DA4D11-EEDA-4035-8133-5B94D33F4623}.Release|Mixed Platforms.ActiveCfg = Release|Any CPU
		{66DA4D11-EEDA-4035-8133-5B94D33F4623}.Release|Mixed Platforms.Build.0 = Release|Any CPU
		{66DA4D11-EEDA-4035-8133-5B94D33F4623}.Release|x64.ActiveCfg = Release|Any CPU
		{66DA4D11-EEDA-4035-8133-5B94D33F4623}.Release|x86.ActiveCfg = Release|Any CPU
		{C8529596-FD06-4531-B31B-DD806A0FA7B4}.Debug|Any CPU.ActiveCfg = Debug|Any CPU
		{C8529596-FD06-4531-B31B-DD806A0FA7B4}.Debug|Any CPU.Build.0 = Debug|Any CPU
		{C8529596-FD06-4531-B31B-DD806A0FA7B4}.Debug|Mixed Platforms.ActiveCfg = Debug|Any CPU
		{C8529596-FD06-4531-B31B-DD806A0FA7B4}.Debug|Mixed Platforms.Build.0 = Debug|Any CPU
		{C8529596-FD06-4531-B31B-DD806A0FA7B4}.Debug|x64.ActiveCfg = Debug|Any CPU
		{C8529596-FD06-4531-B31B-DD806A0FA7B4}.Debug|x86.ActiveCfg = Debug|Any CPU
		{C8529596-FD06-4531-B31B-DD806A0FA7B4}.Release|Any CPU.ActiveCfg = Release|Any CPU
		{C8529596-FD06-4531-B31B-DD806A0FA7B4}.Release|Any CPU.Build.0 = Release|Any CPU
		{C8529596-FD06-4531-B31B-DD806A0FA7B4}.Release|Mixed Platforms.ActiveCfg = Release|Any CPU
		{C8529596-FD06-4531-B31B-DD806A0FA7B4}.Release|Mixed Platforms.Build.0 = Release|Any CPU
		{C8529596-FD06-4531-B31B-DD806A0FA7B4}.Release|x64.ActiveCfg = Release|Any CPU
		{C8529596-FD06-4531-B31B-DD806A0FA7B4}.Release|x86.ActiveCfg = Release|Any CPU
		{5A5258F5-7189-43FC-A8AF-6252763ED624}.Debug|Any CPU.ActiveCfg = Debug|Any CPU
		{5A5258F5-7189-43FC-A8AF-6252763ED624}.Debug|Any CPU.Build.0 = Debug|Any CPU
		{5A5258F5-7189-43FC-A8AF-6252763ED624}.Debug|Mixed Platforms.ActiveCfg = Debug|Any CPU
		{5A5258F5-7189-43FC-A8AF-6252763ED624}.Debug|Mixed Platforms.Build.0 = Debug|Any CPU
		{5A5258F5-7189-43FC-A8AF-6252763ED624}.Debug|x64.ActiveCfg = Debug|x64
		{5A5258F5-7189-43FC-A8AF-6252763ED624}.Debug|x64.Build.0 = Debug|x64
		{5A5258F5-7189-43FC-A8AF-6252763ED624}.Debug|x86.ActiveCfg = Debug|Any CPU
		{5A5258F5-7189-43FC-A8AF-6252763ED624}.Release|Any CPU.ActiveCfg = Release|Any CPU
		{5A5258F5-7189-43FC-A8AF-6252763ED624}.Release|Any CPU.Build.0 = Release|Any CPU
		{5A5258F5-7189-43FC-A8AF-6252763ED624}.Release|Mixed Platforms.ActiveCfg = Release|Any CPU
		{5A5258F5-7189-43FC-A8AF-6252763ED624}.Release|Mixed Platforms.Build.0 = Release|Any CPU
		{5A5258F5-7189-43FC-A8AF-6252763ED624}.Release|x64.ActiveCfg = Release|x64
		{5A5258F5-7189-43FC-A8AF-6252763ED624}.Release|x64.Build.0 = Release|x64
		{5A5258F5-7189-43FC-A8AF-6252763ED624}.Release|x86.ActiveCfg = Release|Any CPU
		{92044687-AAE8-432F-AED4-AE80059D9A98}.Debug|Any CPU.ActiveCfg = Debug|Any CPU
		{92044687-AAE8-432F-AED4-AE80059D9A98}.Debug|Any CPU.Build.0 = Debug|Any CPU
		{92044687-AAE8-432F-AED4-AE80059D9A98}.Debug|Mixed Platforms.ActiveCfg = Debug|Any CPU
		{92044687-AAE8-432F-AED4-AE80059D9A98}.Debug|Mixed Platforms.Build.0 = Debug|Any CPU
		{92044687-AAE8-432F-AED4-AE80059D9A98}.Debug|x64.ActiveCfg = Debug|Any CPU
		{92044687-AAE8-432F-AED4-AE80059D9A98}.Debug|x86.ActiveCfg = Debug|Any CPU
		{92044687-AAE8-432F-AED4-AE80059D9A98}.Release|Any CPU.ActiveCfg = Release|Any CPU
		{92044687-AAE8-432F-AED4-AE80059D9A98}.Release|Any CPU.Build.0 = Release|Any CPU
		{92044687-AAE8-432F-AED4-AE80059D9A98}.Release|Mixed Platforms.ActiveCfg = Release|Any CPU
		{92044687-AAE8-432F-AED4-AE80059D9A98}.Release|Mixed Platforms.Build.0 = Release|Any CPU
		{92044687-AAE8-432F-AED4-AE80059D9A98}.Release|x64.ActiveCfg = Release|Any CPU
		{92044687-AAE8-432F-AED4-AE80059D9A98}.Release|x86.ActiveCfg = Release|Any CPU
		{37D0DFBA-582C-462E-B809-D46B43BEB451}.Debug|Any CPU.ActiveCfg = Debug|Any CPU
		{37D0DFBA-582C-462E-B809-D46B43BEB451}.Debug|Any CPU.Build.0 = Debug|Any CPU
		{37D0DFBA-582C-462E-B809-D46B43BEB451}.Debug|Mixed Platforms.ActiveCfg = Debug|Any CPU
		{37D0DFBA-582C-462E-B809-D46B43BEB451}.Debug|Mixed Platforms.Build.0 = Debug|Any CPU
		{37D0DFBA-582C-462E-B809-D46B43BEB451}.Debug|x64.ActiveCfg = Debug|Any CPU
		{37D0DFBA-582C-462E-B809-D46B43BEB451}.Debug|x86.ActiveCfg = Debug|Any CPU
		{37D0DFBA-582C-462E-B809-D46B43BEB451}.Release|Any CPU.ActiveCfg = Release|Any CPU
		{37D0DFBA-582C-462E-B809-D46B43BEB451}.Release|Any CPU.Build.0 = Release|Any CPU
		{37D0DFBA-582C-462E-B809-D46B43BEB451}.Release|Mixed Platforms.ActiveCfg = Release|Any CPU
		{37D0DFBA-582C-462E-B809-D46B43BEB451}.Release|Mixed Platforms.Build.0 = Release|Any CPU
		{37D0DFBA-582C-462E-B809-D46B43BEB451}.Release|x64.ActiveCfg = Release|Any CPU
		{37D0DFBA-582C-462E-B809-D46B43BEB451}.Release|x86.ActiveCfg = Release|Any CPU
		{493C5E4F-5557-4643-B45A-26387399EC0F}.Debug|Any CPU.ActiveCfg = Debug|Any CPU
		{493C5E4F-5557-4643-B45A-26387399EC0F}.Debug|Any CPU.Build.0 = Debug|Any CPU
		{493C5E4F-5557-4643-B45A-26387399EC0F}.Debug|Mixed Platforms.ActiveCfg = Debug|Any CPU
		{493C5E4F-5557-4643-B45A-26387399EC0F}.Debug|Mixed Platforms.Build.0 = Debug|Any CPU
		{493C5E4F-5557-4643-B45A-26387399EC0F}.Debug|x64.ActiveCfg = Debug|Any CPU
		{493C5E4F-5557-4643-B45A-26387399EC0F}.Debug|x86.ActiveCfg = Debug|Any CPU
		{493C5E4F-5557-4643-B45A-26387399EC0F}.Release|Any CPU.ActiveCfg = Release|Any CPU
		{493C5E4F-5557-4643-B45A-26387399EC0F}.Release|Any CPU.Build.0 = Release|Any CPU
		{493C5E4F-5557-4643-B45A-26387399EC0F}.Release|Mixed Platforms.ActiveCfg = Release|Any CPU
		{493C5E4F-5557-4643-B45A-26387399EC0F}.Release|Mixed Platforms.Build.0 = Release|Any CPU
		{493C5E4F-5557-4643-B45A-26387399EC0F}.Release|x64.ActiveCfg = Release|Any CPU
		{493C5E4F-5557-4643-B45A-26387399EC0F}.Release|x86.ActiveCfg = Release|Any CPU
		{F3929CDA-BD94-4FD6-BACA-0FC3F4F177BE}.Debug|Any CPU.ActiveCfg = Debug|Any CPU
		{F3929CDA-BD94-4FD6-BACA-0FC3F4F177BE}.Debug|Any CPU.Build.0 = Debug|Any CPU
		{F3929CDA-BD94-4FD6-BACA-0FC3F4F177BE}.Debug|Mixed Platforms.ActiveCfg = Debug|Any CPU
		{F3929CDA-BD94-4FD6-BACA-0FC3F4F177BE}.Debug|Mixed Platforms.Build.0 = Debug|Any CPU
		{F3929CDA-BD94-4FD6-BACA-0FC3F4F177BE}.Debug|x64.ActiveCfg = Debug|Any CPU
		{F3929CDA-BD94-4FD6-BACA-0FC3F4F177BE}.Debug|x86.ActiveCfg = Debug|Any CPU
		{F3929CDA-BD94-4FD6-BACA-0FC3F4F177BE}.Release|Any CPU.ActiveCfg = Release|Any CPU
		{F3929CDA-BD94-4FD6-BACA-0FC3F4F177BE}.Release|Any CPU.Build.0 = Release|Any CPU
		{F3929CDA-BD94-4FD6-BACA-0FC3F4F177BE}.Release|Mixed Platforms.ActiveCfg = Release|Any CPU
		{F3929CDA-BD94-4FD6-BACA-0FC3F4F177BE}.Release|Mixed Platforms.Build.0 = Release|Any CPU
		{F3929CDA-BD94-4FD6-BACA-0FC3F4F177BE}.Release|x64.ActiveCfg = Release|Any CPU
		{F3929CDA-BD94-4FD6-BACA-0FC3F4F177BE}.Release|x86.ActiveCfg = Release|Any CPU
		{3F8159AF-CE45-411B-813D-6278B4F46C66}.Debug|Any CPU.ActiveCfg = Debug|Any CPU
		{3F8159AF-CE45-411B-813D-6278B4F46C66}.Debug|Any CPU.Build.0 = Debug|Any CPU
		{3F8159AF-CE45-411B-813D-6278B4F46C66}.Debug|Mixed Platforms.ActiveCfg = Debug|Any CPU
		{3F8159AF-CE45-411B-813D-6278B4F46C66}.Debug|Mixed Platforms.Build.0 = Debug|Any CPU
		{3F8159AF-CE45-411B-813D-6278B4F46C66}.Debug|x64.ActiveCfg = Debug|Any CPU
		{3F8159AF-CE45-411B-813D-6278B4F46C66}.Debug|x86.ActiveCfg = Debug|Any CPU
		{3F8159AF-CE45-411B-813D-6278B4F46C66}.Release|Any CPU.ActiveCfg = Release|Any CPU
		{3F8159AF-CE45-411B-813D-6278B4F46C66}.Release|Any CPU.Build.0 = Release|Any CPU
		{3F8159AF-CE45-411B-813D-6278B4F46C66}.Release|Mixed Platforms.ActiveCfg = Release|Any CPU
		{3F8159AF-CE45-411B-813D-6278B4F46C66}.Release|Mixed Platforms.Build.0 = Release|Any CPU
		{3F8159AF-CE45-411B-813D-6278B4F46C66}.Release|x64.ActiveCfg = Release|Any CPU
		{3F8159AF-CE45-411B-813D-6278B4F46C66}.Release|x86.ActiveCfg = Release|Any CPU
	EndGlobalSection
	GlobalSection(SolutionProperties) = preSolution
		HideSolutionNode = FALSE
	EndGlobalSection
	GlobalSection(TestCaseManagementSettings) = postSolution
		CategoryFile = SolvencyII.UI1.vsmdi
	EndGlobalSection
EndGlobal
