
Microsoft Visual Studio Solution File, Format Version 12.00
# Visual Studio 14
VisualStudioVersion = 14.0.25123.0
MinimumVisualStudioVersion = 10.0.40219.1
Project("{FAE04EC0-301F-11D3-BF4B-00C04F79EFBC}") = "AT2DPM.DAL", "..\SolvencyII.UI\AT2DPM.DAL\AT2DPM.DAL.csproj", "{19F81B4F-0C55-430D-9541-68631C667D2F}"
EndProject
Project("{FAE04EC0-301F-11D3-BF4B-00C04F79EFBC}") = "DpmDbHelper", "..\SolvencyII.UI\DpmDbHelper\DpmDbHelper.csproj", "{ABC0A50A-9A93-4E5C-97D5-B468946AEC71}"
EndProject
Project("{FAE04EC0-301F-11D3-BF4B-00C04F79EFBC}") = "ComponentModel", "..\SolvencyII.UI\ComponentModel\ComponentModel.csproj", "{1BBA5101-D4F0-48B8-A5D6-7B23A099DCE3}"
EndProject
Project("{FAE04EC0-301F-11D3-BF4B-00C04F79EFBC}") = "ObjectListView2010", "..\SolvencyII.UI\ObjectListView\ObjectListView2010.csproj", "{18FEDA0C-D147-4286-B39A-01204808106A}"
EndProject
Project("{FAE04EC0-301F-11D3-BF4B-00C04F79EFBC}") = "SolvencyII.Data", "..\SolvencyII.UI\SolvencyII.Data\SolvencyII.Data.csproj", "{A2EB048A-561C-4A6B-B554-4834EFED35C1}"
EndProject
Project("{FAE04EC0-301F-11D3-BF4B-00C04F79EFBC}") = "SolvencyII.Data.DBMS", "..\SolvencyII.UI\SolvencyII.Data.DBMS\SolvencyII.Data.DBMS.csproj", "{C8529596-FD06-4531-B31B-DD806A0FA7B4}"
EndProject
Project("{FAE04EC0-301F-11D3-BF4B-00C04F79EFBC}") = "SolvencyII.Data.Shared", "..\SolvencyII.UI\SolvencyII.Data.Shared\SolvencyII.Data.Shared.csproj", "{9BA580CE-8585-4CC5-A971-4D7B4AF3323A}"
EndProject
Project("{FAE04EC0-301F-11D3-BF4B-00C04F79EFBC}") = "SolvencyII.Domain", "..\SolvencyII.UI\SolvencyII.Domain\SolvencyII.Domain.csproj", "{801FA2EA-C4D8-496A-BC96-E1272CF6502A}"
EndProject
Project("{FAE04EC0-301F-11D3-BF4B-00C04F79EFBC}") = "SolvencyII.Metrics", "..\SolvencyII.UI\SolvencyII.Metrics\SolvencyII.Metrics.csproj", "{C90B2C63-15E8-48EA-AEAA-BC51F78FBF78}"
EndProject
Project("{FAE04EC0-301F-11D3-BF4B-00C04F79EFBC}") = "SolvencyII.UI.Shared", "..\SolvencyII.UI\SolvencyII.UI.Shared\SolvencyII.UI.Shared.csproj", "{887EABCC-FC1F-4C9E-8991-ED1D86552931}"
EndProject
Project("{FAE04EC0-301F-11D3-BF4B-00C04F79EFBC}") = "AT2DPM.Events", "AT2DPM.Events\AT2DPM.Events.csproj", "{DBA32315-9371-40F0-8A78-33ED7526A321}"
EndProject
Project("{FAE04EC0-301F-11D3-BF4B-00C04F79EFBC}") = "T4URelationalTablesGenerator", "MemoryProfilerProject\T4URelationalTablesGenerator.csproj", "{EF0B40E4-41B7-4C6E-9131-C4EC9860FEFE}"
EndProject
Project("{FAE04EC0-301F-11D3-BF4B-00C04F79EFBC}") = "T4UImportExportGenerator", "T4UImportExportGenerator\T4UImportExportGenerator.csproj", "{249AED06-ACF7-4FDD-9FCC-28EBC0ED4EF3}"
EndProject
Project("{FAE04EC0-301F-11D3-BF4B-00C04F79EFBC}") = "ExcelGenCmd", "ExcelGenCmd\ExcelGenCmd.csproj", "{88BCD590-EC67-487F-B8A0-E93F59C175ED}"
EndProject
Project("{FAE04EC0-301F-11D3-BF4B-00C04F79EFBC}") = "ucGUI", "ucGUI\ucGUI.csproj", "{F6BEC644-0230-400F-87A9-D612AE6D227A}"
EndProject
Project("{FAE04EC0-301F-11D3-BF4B-00C04F79EFBC}") = "ucGenerator", "ucGenerator\ucGenerator.csproj", "{8D5FF469-286E-4BA5-A399-0B7D4E7D4B8C}"
EndProject
Project("{FAE04EC0-301F-11D3-BF4B-00C04F79EFBC}") = "ucIntegration", "ucIntegration\ucIntegration.csproj", "{5D1BC902-D101-4BA5-8619-2DB066DCE5A2}"
EndProject
Project("{2150E333-8FDC-42A3-9474-1A3956D46DE8}") = "START", "START", "{FA5041E6-99B8-4147-A0D5-59DA0B151C91}"
EndProject
Project("{FAE04EC0-301F-11D3-BF4B-00C04F79EFBC}") = "ClassicRelationalProcessor", "..\SolvencyII.UI\ClessicRelationalModelGenerator\ClassicRelationalProcessor.csproj", "{8E6F8B7A-2A6B-41DF-9951-724500D2B86C}"
EndProject
Global
	GlobalSection(SolutionConfigurationPlatforms) = preSolution
		Debug|Any CPU = Debug|Any CPU
		Debug|x64 = Debug|x64
		Debug|x86 = Debug|x86
		DebugX64|Any CPU = DebugX64|Any CPU
		DebugX64|x64 = DebugX64|x64
		DebugX64|x86 = DebugX64|x86
		DebugX86|Any CPU = DebugX86|Any CPU
		DebugX86|x64 = DebugX86|x64
		DebugX86|x86 = DebugX86|x86
		PreparatoryDebug|Any CPU = PreparatoryDebug|Any CPU
		PreparatoryDebug|x64 = PreparatoryDebug|x64
		PreparatoryDebug|x86 = PreparatoryDebug|x86
		PreparatoryDebugX86|Any CPU = PreparatoryDebugX86|Any CPU
		PreparatoryDebugX86|x64 = PreparatoryDebugX86|x64
		PreparatoryDebugX86|x86 = PreparatoryDebugX86|x86
		PreparatoryRelease|Any CPU = PreparatoryRelease|Any CPU
		PreparatoryRelease|x64 = PreparatoryRelease|x64
		PreparatoryRelease|x86 = PreparatoryRelease|x86
		Release|Any CPU = Release|Any CPU
		Release|x64 = Release|x64
		Release|x86 = Release|x86
		Test|Any CPU = Test|Any CPU
		Test|x64 = Test|x64
		Test|x86 = Test|x86
	EndGlobalSection
	GlobalSection(ProjectConfigurationPlatforms) = postSolution
		{19F81B4F-0C55-430D-9541-68631C667D2F}.Debug|Any CPU.ActiveCfg = Debug|Any CPU
		{19F81B4F-0C55-430D-9541-68631C667D2F}.Debug|Any CPU.Build.0 = Debug|Any CPU
		{19F81B4F-0C55-430D-9541-68631C667D2F}.Debug|x64.ActiveCfg = Debug|x64
		{19F81B4F-0C55-430D-9541-68631C667D2F}.Debug|x64.Build.0 = Debug|x64
		{19F81B4F-0C55-430D-9541-68631C667D2F}.Debug|x86.ActiveCfg = Debug|x86
		{19F81B4F-0C55-430D-9541-68631C667D2F}.Debug|x86.Build.0 = Debug|x86
		{19F81B4F-0C55-430D-9541-68631C667D2F}.DebugX64|Any CPU.ActiveCfg = DebugX64|Any CPU
		{19F81B4F-0C55-430D-9541-68631C667D2F}.DebugX64|Any CPU.Build.0 = DebugX64|Any CPU
		{19F81B4F-0C55-430D-9541-68631C667D2F}.DebugX64|x64.ActiveCfg = DebugX64|x64
		{19F81B4F-0C55-430D-9541-68631C667D2F}.DebugX64|x64.Build.0 = DebugX64|x64
		{19F81B4F-0C55-430D-9541-68631C667D2F}.DebugX64|x86.ActiveCfg = DebugX64|x86
		{19F81B4F-0C55-430D-9541-68631C667D2F}.DebugX64|x86.Build.0 = DebugX64|x86
		{19F81B4F-0C55-430D-9541-68631C667D2F}.DebugX86|Any CPU.ActiveCfg = DebugX86|Any CPU
		{19F81B4F-0C55-430D-9541-68631C667D2F}.DebugX86|Any CPU.Build.0 = DebugX86|Any CPU
		{19F81B4F-0C55-430D-9541-68631C667D2F}.DebugX86|x64.ActiveCfg = DebugX86|x64
		{19F81B4F-0C55-430D-9541-68631C667D2F}.DebugX86|x64.Build.0 = DebugX86|x64
		{19F81B4F-0C55-430D-9541-68631C667D2F}.DebugX86|x86.ActiveCfg = DebugX86|x86
		{19F81B4F-0C55-430D-9541-68631C667D2F}.DebugX86|x86.Build.0 = DebugX86|x86
		{19F81B4F-0C55-430D-9541-68631C667D2F}.PreparatoryDebug|Any CPU.ActiveCfg = PreparatoryDebug|Any CPU
		{19F81B4F-0C55-430D-9541-68631C667D2F}.PreparatoryDebug|Any CPU.Build.0 = PreparatoryDebug|Any CPU
		{19F81B4F-0C55-430D-9541-68631C667D2F}.PreparatoryDebug|x64.ActiveCfg = PreparatoryDebug|x64
		{19F81B4F-0C55-430D-9541-68631C667D2F}.PreparatoryDebug|x64.Build.0 = PreparatoryDebug|x64
		{19F81B4F-0C55-430D-9541-68631C667D2F}.PreparatoryDebug|x86.ActiveCfg = PreparatoryDebug|x86
		{19F81B4F-0C55-430D-9541-68631C667D2F}.PreparatoryDebug|x86.Build.0 = PreparatoryDebug|x86
		{19F81B4F-0C55-430D-9541-68631C667D2F}.PreparatoryDebugX86|Any CPU.ActiveCfg = PreparatoryDebugX86|Any CPU
		{19F81B4F-0C55-430D-9541-68631C667D2F}.PreparatoryDebugX86|Any CPU.Build.0 = PreparatoryDebugX86|Any CPU
		{19F81B4F-0C55-430D-9541-68631C667D2F}.PreparatoryDebugX86|x64.ActiveCfg = PreparatoryDebugX86|x64
		{19F81B4F-0C55-430D-9541-68631C667D2F}.PreparatoryDebugX86|x64.Build.0 = PreparatoryDebugX86|x64
		{19F81B4F-0C55-430D-9541-68631C667D2F}.PreparatoryDebugX86|x86.ActiveCfg = PreparatoryDebugX86|x86
		{19F81B4F-0C55-430D-9541-68631C667D2F}.PreparatoryDebugX86|x86.Build.0 = PreparatoryDebugX86|x86
		{19F81B4F-0C55-430D-9541-68631C667D2F}.PreparatoryRelease|Any CPU.ActiveCfg = PreparatoryRelease|Any CPU
		{19F81B4F-0C55-430D-9541-68631C667D2F}.PreparatoryRelease|Any CPU.Build.0 = PreparatoryRelease|Any CPU
		{19F81B4F-0C55-430D-9541-68631C667D2F}.PreparatoryRelease|x64.ActiveCfg = PreparatoryRelease|x64
		{19F81B4F-0C55-430D-9541-68631C667D2F}.PreparatoryRelease|x64.Build.0 = PreparatoryRelease|x64
		{19F81B4F-0C55-430D-9541-68631C667D2F}.PreparatoryRelease|x86.ActiveCfg = PreparatoryRelease|x86
		{19F81B4F-0C55-430D-9541-68631C667D2F}.PreparatoryRelease|x86.Build.0 = PreparatoryRelease|x86
		{19F81B4F-0C55-430D-9541-68631C667D2F}.Release|Any CPU.ActiveCfg = Release|Any CPU
		{19F81B4F-0C55-430D-9541-68631C667D2F}.Release|Any CPU.Build.0 = Release|Any CPU
		{19F81B4F-0C55-430D-9541-68631C667D2F}.Release|x64.ActiveCfg = Release|x64
		{19F81B4F-0C55-430D-9541-68631C667D2F}.Release|x64.Build.0 = Release|x64
		{19F81B4F-0C55-430D-9541-68631C667D2F}.Release|x86.ActiveCfg = Release|x86
		{19F81B4F-0C55-430D-9541-68631C667D2F}.Release|x86.Build.0 = Release|x86
		{19F81B4F-0C55-430D-9541-68631C667D2F}.Test|Any CPU.ActiveCfg = Test|Any CPU
		{19F81B4F-0C55-430D-9541-68631C667D2F}.Test|Any CPU.Build.0 = Test|Any CPU
		{19F81B4F-0C55-430D-9541-68631C667D2F}.Test|x64.ActiveCfg = Test|x64
		{19F81B4F-0C55-430D-9541-68631C667D2F}.Test|x64.Build.0 = Test|x64
		{19F81B4F-0C55-430D-9541-68631C667D2F}.Test|x86.ActiveCfg = Test|x86
		{19F81B4F-0C55-430D-9541-68631C667D2F}.Test|x86.Build.0 = Test|x86
		{ABC0A50A-9A93-4E5C-97D5-B468946AEC71}.Debug|Any CPU.ActiveCfg = Debug|Any CPU
		{ABC0A50A-9A93-4E5C-97D5-B468946AEC71}.Debug|Any CPU.Build.0 = Debug|Any CPU
		{ABC0A50A-9A93-4E5C-97D5-B468946AEC71}.Debug|x64.ActiveCfg = Debug|x64
		{ABC0A50A-9A93-4E5C-97D5-B468946AEC71}.Debug|x64.Build.0 = Debug|x64
		{ABC0A50A-9A93-4E5C-97D5-B468946AEC71}.Debug|x86.ActiveCfg = Debug|x86
		{ABC0A50A-9A93-4E5C-97D5-B468946AEC71}.Debug|x86.Build.0 = Debug|x86
		{ABC0A50A-9A93-4E5C-97D5-B468946AEC71}.DebugX64|Any CPU.ActiveCfg = DebugX64|Any CPU
		{ABC0A50A-9A93-4E5C-97D5-B468946AEC71}.DebugX64|Any CPU.Build.0 = DebugX64|Any CPU
		{ABC0A50A-9A93-4E5C-97D5-B468946AEC71}.DebugX64|x64.ActiveCfg = DebugX64|x64
		{ABC0A50A-9A93-4E5C-97D5-B468946AEC71}.DebugX64|x64.Build.0 = DebugX64|x64
		{ABC0A50A-9A93-4E5C-97D5-B468946AEC71}.DebugX64|x86.ActiveCfg = DebugX64|x86
		{ABC0A50A-9A93-4E5C-97D5-B468946AEC71}.DebugX64|x86.Build.0 = DebugX64|x86
		{ABC0A50A-9A93-4E5C-97D5-B468946AEC71}.DebugX86|Any CPU.ActiveCfg = PreparatoryDebugX86|Any CPU
		{ABC0A50A-9A93-4E5C-97D5-B468946AEC71}.DebugX86|Any CPU.Build.0 = PreparatoryDebugX86|Any CPU
		{ABC0A50A-9A93-4E5C-97D5-B468946AEC71}.DebugX86|x64.ActiveCfg = PreparatoryDebugX86|x64
		{ABC0A50A-9A93-4E5C-97D5-B468946AEC71}.DebugX86|x64.Build.0 = PreparatoryDebugX86|x64
		{ABC0A50A-9A93-4E5C-97D5-B468946AEC71}.DebugX86|x86.ActiveCfg = PreparatoryDebugX86|x86
		{ABC0A50A-9A93-4E5C-97D5-B468946AEC71}.DebugX86|x86.Build.0 = PreparatoryDebugX86|x86
		{ABC0A50A-9A93-4E5C-97D5-B468946AEC71}.PreparatoryDebug|Any CPU.ActiveCfg = PreparatoryDebug|Any CPU
		{ABC0A50A-9A93-4E5C-97D5-B468946AEC71}.PreparatoryDebug|Any CPU.Build.0 = PreparatoryDebug|Any CPU
		{ABC0A50A-9A93-4E5C-97D5-B468946AEC71}.PreparatoryDebug|x64.ActiveCfg = PreparatoryDebug|x64
		{ABC0A50A-9A93-4E5C-97D5-B468946AEC71}.PreparatoryDebug|x64.Build.0 = PreparatoryDebug|x64
		{ABC0A50A-9A93-4E5C-97D5-B468946AEC71}.PreparatoryDebug|x86.ActiveCfg = PreparatoryDebug|x86
		{ABC0A50A-9A93-4E5C-97D5-B468946AEC71}.PreparatoryDebug|x86.Build.0 = PreparatoryDebug|x86
		{ABC0A50A-9A93-4E5C-97D5-B468946AEC71}.PreparatoryDebugX86|Any CPU.ActiveCfg = PreparatoryDebugX86|Any CPU
		{ABC0A50A-9A93-4E5C-97D5-B468946AEC71}.PreparatoryDebugX86|Any CPU.Build.0 = PreparatoryDebugX86|Any CPU
		{ABC0A50A-9A93-4E5C-97D5-B468946AEC71}.PreparatoryDebugX86|x64.ActiveCfg = PreparatoryDebugX86|x64
		{ABC0A50A-9A93-4E5C-97D5-B468946AEC71}.PreparatoryDebugX86|x64.Build.0 = PreparatoryDebugX86|x64
		{ABC0A50A-9A93-4E5C-97D5-B468946AEC71}.PreparatoryDebugX86|x86.ActiveCfg = PreparatoryDebugX86|x86
		{ABC0A50A-9A93-4E5C-97D5-B468946AEC71}.PreparatoryDebugX86|x86.Build.0 = PreparatoryDebugX86|x86
		{ABC0A50A-9A93-4E5C-97D5-B468946AEC71}.PreparatoryRelease|Any CPU.ActiveCfg = PreparatoryRelease|Any CPU
		{ABC0A50A-9A93-4E5C-97D5-B468946AEC71}.PreparatoryRelease|Any CPU.Build.0 = PreparatoryRelease|Any CPU
		{ABC0A50A-9A93-4E5C-97D5-B468946AEC71}.PreparatoryRelease|x64.ActiveCfg = PreparatoryRelease|x64
		{ABC0A50A-9A93-4E5C-97D5-B468946AEC71}.PreparatoryRelease|x64.Build.0 = PreparatoryRelease|x64
		{ABC0A50A-9A93-4E5C-97D5-B468946AEC71}.PreparatoryRelease|x86.ActiveCfg = PreparatoryRelease|x86
		{ABC0A50A-9A93-4E5C-97D5-B468946AEC71}.PreparatoryRelease|x86.Build.0 = PreparatoryRelease|x86
		{ABC0A50A-9A93-4E5C-97D5-B468946AEC71}.Release|Any CPU.ActiveCfg = Release|Any CPU
		{ABC0A50A-9A93-4E5C-97D5-B468946AEC71}.Release|Any CPU.Build.0 = Release|Any CPU
		{ABC0A50A-9A93-4E5C-97D5-B468946AEC71}.Release|x64.ActiveCfg = Release|x64
		{ABC0A50A-9A93-4E5C-97D5-B468946AEC71}.Release|x64.Build.0 = Release|x64
		{ABC0A50A-9A93-4E5C-97D5-B468946AEC71}.Release|x86.ActiveCfg = Release|x86
		{ABC0A50A-9A93-4E5C-97D5-B468946AEC71}.Release|x86.Build.0 = Release|x86
		{ABC0A50A-9A93-4E5C-97D5-B468946AEC71}.Test|Any CPU.ActiveCfg = Test|Any CPU
		{ABC0A50A-9A93-4E5C-97D5-B468946AEC71}.Test|Any CPU.Build.0 = Test|Any CPU
		{ABC0A50A-9A93-4E5C-97D5-B468946AEC71}.Test|x64.ActiveCfg = Test|x64
		{ABC0A50A-9A93-4E5C-97D5-B468946AEC71}.Test|x64.Build.0 = Test|x64
		{ABC0A50A-9A93-4E5C-97D5-B468946AEC71}.Test|x86.ActiveCfg = Test|x86
		{ABC0A50A-9A93-4E5C-97D5-B468946AEC71}.Test|x86.Build.0 = Test|x86
		{1BBA5101-D4F0-48B8-A5D6-7B23A099DCE3}.Debug|Any CPU.ActiveCfg = Debug|Any CPU
		{1BBA5101-D4F0-48B8-A5D6-7B23A099DCE3}.Debug|Any CPU.Build.0 = Debug|Any CPU
		{1BBA5101-D4F0-48B8-A5D6-7B23A099DCE3}.Debug|x64.ActiveCfg = Debug|Any CPU
		{1BBA5101-D4F0-48B8-A5D6-7B23A099DCE3}.Debug|x64.Build.0 = Debug|Any CPU
		{1BBA5101-D4F0-48B8-A5D6-7B23A099DCE3}.Debug|x86.ActiveCfg = Debug|x86
		{1BBA5101-D4F0-48B8-A5D6-7B23A099DCE3}.Debug|x86.Build.0 = Debug|x86
		{1BBA5101-D4F0-48B8-A5D6-7B23A099DCE3}.DebugX64|Any CPU.ActiveCfg = DebugX64|Any CPU
		{1BBA5101-D4F0-48B8-A5D6-7B23A099DCE3}.DebugX64|Any CPU.Build.0 = DebugX64|Any CPU
		{1BBA5101-D4F0-48B8-A5D6-7B23A099DCE3}.DebugX64|x64.ActiveCfg = DebugX64|Any CPU
		{1BBA5101-D4F0-48B8-A5D6-7B23A099DCE3}.DebugX64|x64.Build.0 = DebugX64|Any CPU
		{1BBA5101-D4F0-48B8-A5D6-7B23A099DCE3}.DebugX64|x86.ActiveCfg = DebugX64|x86
		{1BBA5101-D4F0-48B8-A5D6-7B23A099DCE3}.DebugX64|x86.Build.0 = DebugX64|x86
		{1BBA5101-D4F0-48B8-A5D6-7B23A099DCE3}.DebugX86|Any CPU.ActiveCfg = DebugX86|Any CPU
		{1BBA5101-D4F0-48B8-A5D6-7B23A099DCE3}.DebugX86|Any CPU.Build.0 = DebugX86|Any CPU
		{1BBA5101-D4F0-48B8-A5D6-7B23A099DCE3}.DebugX86|x64.ActiveCfg = DebugX86|Any CPU
		{1BBA5101-D4F0-48B8-A5D6-7B23A099DCE3}.DebugX86|x64.Build.0 = DebugX86|Any CPU
		{1BBA5101-D4F0-48B8-A5D6-7B23A099DCE3}.DebugX86|x86.ActiveCfg = DebugX86|x86
		{1BBA5101-D4F0-48B8-A5D6-7B23A099DCE3}.DebugX86|x86.Build.0 = DebugX86|x86
		{1BBA5101-D4F0-48B8-A5D6-7B23A099DCE3}.PreparatoryDebug|Any CPU.ActiveCfg = PreparatoryDebug|Any CPU
		{1BBA5101-D4F0-48B8-A5D6-7B23A099DCE3}.PreparatoryDebug|Any CPU.Build.0 = PreparatoryDebug|Any CPU
		{1BBA5101-D4F0-48B8-A5D6-7B23A099DCE3}.PreparatoryDebug|x64.ActiveCfg = PreparatoryDebug|Any CPU
		{1BBA5101-D4F0-48B8-A5D6-7B23A099DCE3}.PreparatoryDebug|x64.Build.0 = PreparatoryDebug|Any CPU
		{1BBA5101-D4F0-48B8-A5D6-7B23A099DCE3}.PreparatoryDebug|x86.ActiveCfg = PreparatoryDebug|x86
		{1BBA5101-D4F0-48B8-A5D6-7B23A099DCE3}.PreparatoryDebug|x86.Build.0 = PreparatoryDebug|x86
		{1BBA5101-D4F0-48B8-A5D6-7B23A099DCE3}.PreparatoryDebugX86|Any CPU.ActiveCfg = PreparatoryDebugX86|Any CPU
		{1BBA5101-D4F0-48B8-A5D6-7B23A099DCE3}.PreparatoryDebugX86|Any CPU.Build.0 = PreparatoryDebugX86|Any CPU
		{1BBA5101-D4F0-48B8-A5D6-7B23A099DCE3}.PreparatoryDebugX86|x64.ActiveCfg = PreparatoryDebugX86|Any CPU
		{1BBA5101-D4F0-48B8-A5D6-7B23A099DCE3}.PreparatoryDebugX86|x64.Build.0 = PreparatoryDebugX86|Any CPU
		{1BBA5101-D4F0-48B8-A5D6-7B23A099DCE3}.PreparatoryDebugX86|x86.ActiveCfg = PreparatoryDebugX86|x86
		{1BBA5101-D4F0-48B8-A5D6-7B23A099DCE3}.PreparatoryDebugX86|x86.Build.0 = PreparatoryDebugX86|x86
		{1BBA5101-D4F0-48B8-A5D6-7B23A099DCE3}.PreparatoryRelease|Any CPU.ActiveCfg = PreparatoryRelease|Any CPU
		{1BBA5101-D4F0-48B8-A5D6-7B23A099DCE3}.PreparatoryRelease|Any CPU.Build.0 = PreparatoryRelease|Any CPU
		{1BBA5101-D4F0-48B8-A5D6-7B23A099DCE3}.PreparatoryRelease|x64.ActiveCfg = PreparatoryRelease|Any CPU
		{1BBA5101-D4F0-48B8-A5D6-7B23A099DCE3}.PreparatoryRelease|x64.Build.0 = PreparatoryRelease|Any CPU
		{1BBA5101-D4F0-48B8-A5D6-7B23A099DCE3}.PreparatoryRelease|x86.ActiveCfg = PreparatoryRelease|x86
		{1BBA5101-D4F0-48B8-A5D6-7B23A099DCE3}.PreparatoryRelease|x86.Build.0 = PreparatoryRelease|x86
		{1BBA5101-D4F0-48B8-A5D6-7B23A099DCE3}.Release|Any CPU.ActiveCfg = Release|Any CPU
		{1BBA5101-D4F0-48B8-A5D6-7B23A099DCE3}.Release|Any CPU.Build.0 = Release|Any CPU
		{1BBA5101-D4F0-48B8-A5D6-7B23A099DCE3}.Release|x64.ActiveCfg = Release|Any CPU
		{1BBA5101-D4F0-48B8-A5D6-7B23A099DCE3}.Release|x64.Build.0 = Release|Any CPU
		{1BBA5101-D4F0-48B8-A5D6-7B23A099DCE3}.Release|x86.ActiveCfg = Release|x86
		{1BBA5101-D4F0-48B8-A5D6-7B23A099DCE3}.Release|x86.Build.0 = Release|x86
		{1BBA5101-D4F0-48B8-A5D6-7B23A099DCE3}.Test|Any CPU.ActiveCfg = Test|Any CPU
		{1BBA5101-D4F0-48B8-A5D6-7B23A099DCE3}.Test|Any CPU.Build.0 = Test|Any CPU
		{1BBA5101-D4F0-48B8-A5D6-7B23A099DCE3}.Test|x64.ActiveCfg = Test|Any CPU
		{1BBA5101-D4F0-48B8-A5D6-7B23A099DCE3}.Test|x64.Build.0 = Test|Any CPU
		{1BBA5101-D4F0-48B8-A5D6-7B23A099DCE3}.Test|x86.ActiveCfg = Test|x86
		{1BBA5101-D4F0-48B8-A5D6-7B23A099DCE3}.Test|x86.Build.0 = Test|x86
		{18FEDA0C-D147-4286-B39A-01204808106A}.Debug|Any CPU.ActiveCfg = Debug|Any CPU
		{18FEDA0C-D147-4286-B39A-01204808106A}.Debug|Any CPU.Build.0 = Debug|Any CPU
		{18FEDA0C-D147-4286-B39A-01204808106A}.Debug|x64.ActiveCfg = Debug|x64
		{18FEDA0C-D147-4286-B39A-01204808106A}.Debug|x64.Build.0 = Debug|x64
		{18FEDA0C-D147-4286-B39A-01204808106A}.Debug|x86.ActiveCfg = Debug|x86
		{18FEDA0C-D147-4286-B39A-01204808106A}.Debug|x86.Build.0 = Debug|x86
		{18FEDA0C-D147-4286-B39A-01204808106A}.DebugX64|Any CPU.ActiveCfg = DebugX64|Any CPU
		{18FEDA0C-D147-4286-B39A-01204808106A}.DebugX64|Any CPU.Build.0 = DebugX64|Any CPU
		{18FEDA0C-D147-4286-B39A-01204808106A}.DebugX64|x64.ActiveCfg = DebugX64|x64
		{18FEDA0C-D147-4286-B39A-01204808106A}.DebugX64|x64.Build.0 = DebugX64|x64
		{18FEDA0C-D147-4286-B39A-01204808106A}.DebugX64|x86.ActiveCfg = DebugX64|x86
		{18FEDA0C-D147-4286-B39A-01204808106A}.DebugX64|x86.Build.0 = DebugX64|x86
		{18FEDA0C-D147-4286-B39A-01204808106A}.DebugX86|Any CPU.ActiveCfg = DebugX86|Any CPU
		{18FEDA0C-D147-4286-B39A-01204808106A}.DebugX86|Any CPU.Build.0 = DebugX86|Any CPU
		{18FEDA0C-D147-4286-B39A-01204808106A}.DebugX86|x64.ActiveCfg = DebugX86|x64
		{18FEDA0C-D147-4286-B39A-01204808106A}.DebugX86|x64.Build.0 = DebugX86|x64
		{18FEDA0C-D147-4286-B39A-01204808106A}.DebugX86|x86.ActiveCfg = DebugX86|x86
		{18FEDA0C-D147-4286-B39A-01204808106A}.DebugX86|x86.Build.0 = DebugX86|x86
		{18FEDA0C-D147-4286-B39A-01204808106A}.PreparatoryDebug|Any CPU.ActiveCfg = PreparatoryDebug|Any CPU
		{18FEDA0C-D147-4286-B39A-01204808106A}.PreparatoryDebug|Any CPU.Build.0 = PreparatoryDebug|Any CPU
		{18FEDA0C-D147-4286-B39A-01204808106A}.PreparatoryDebug|x64.ActiveCfg = PreparatoryDebug|x64
		{18FEDA0C-D147-4286-B39A-01204808106A}.PreparatoryDebug|x64.Build.0 = PreparatoryDebug|x64
		{18FEDA0C-D147-4286-B39A-01204808106A}.PreparatoryDebug|x86.ActiveCfg = PreparatoryDebug|x86
		{18FEDA0C-D147-4286-B39A-01204808106A}.PreparatoryDebug|x86.Build.0 = PreparatoryDebug|x86
		{18FEDA0C-D147-4286-B39A-01204808106A}.PreparatoryDebugX86|Any CPU.ActiveCfg = PreparatoryDebugX86|Any CPU
		{18FEDA0C-D147-4286-B39A-01204808106A}.PreparatoryDebugX86|Any CPU.Build.0 = PreparatoryDebugX86|Any CPU
		{18FEDA0C-D147-4286-B39A-01204808106A}.PreparatoryDebugX86|x64.ActiveCfg = PreparatoryDebugX86|x64
		{18FEDA0C-D147-4286-B39A-01204808106A}.PreparatoryDebugX86|x64.Build.0 = PreparatoryDebugX86|x64
		{18FEDA0C-D147-4286-B39A-01204808106A}.PreparatoryDebugX86|x86.ActiveCfg = PreparatoryDebugX86|x86
		{18FEDA0C-D147-4286-B39A-01204808106A}.PreparatoryDebugX86|x86.Build.0 = PreparatoryDebugX86|x86
		{18FEDA0C-D147-4286-B39A-01204808106A}.PreparatoryRelease|Any CPU.ActiveCfg = PreparatoryRelease|Any CPU
		{18FEDA0C-D147-4286-B39A-01204808106A}.PreparatoryRelease|Any CPU.Build.0 = PreparatoryRelease|Any CPU
		{18FEDA0C-D147-4286-B39A-01204808106A}.PreparatoryRelease|x64.ActiveCfg = PreparatoryRelease|x64
		{18FEDA0C-D147-4286-B39A-01204808106A}.PreparatoryRelease|x64.Build.0 = PreparatoryRelease|x64
		{18FEDA0C-D147-4286-B39A-01204808106A}.PreparatoryRelease|x86.ActiveCfg = PreparatoryRelease|x86
		{18FEDA0C-D147-4286-B39A-01204808106A}.PreparatoryRelease|x86.Build.0 = PreparatoryRelease|x86
		{18FEDA0C-D147-4286-B39A-01204808106A}.Release|Any CPU.ActiveCfg = Release|Any CPU
		{18FEDA0C-D147-4286-B39A-01204808106A}.Release|Any CPU.Build.0 = Release|Any CPU
		{18FEDA0C-D147-4286-B39A-01204808106A}.Release|x64.ActiveCfg = Release|x64
		{18FEDA0C-D147-4286-B39A-01204808106A}.Release|x64.Build.0 = Release|x64
		{18FEDA0C-D147-4286-B39A-01204808106A}.Release|x86.ActiveCfg = Release|x86
		{18FEDA0C-D147-4286-B39A-01204808106A}.Release|x86.Build.0 = Release|x86
		{18FEDA0C-D147-4286-B39A-01204808106A}.Test|Any CPU.ActiveCfg = Test|Any CPU
		{18FEDA0C-D147-4286-B39A-01204808106A}.Test|Any CPU.Build.0 = Test|Any CPU
		{18FEDA0C-D147-4286-B39A-01204808106A}.Test|x64.ActiveCfg = Test|x64
		{18FEDA0C-D147-4286-B39A-01204808106A}.Test|x64.Build.0 = Test|x64
		{18FEDA0C-D147-4286-B39A-01204808106A}.Test|x86.ActiveCfg = Test|x86
		{18FEDA0C-D147-4286-B39A-01204808106A}.Test|x86.Build.0 = Test|x86
		{A2EB048A-561C-4A6B-B554-4834EFED35C1}.Debug|Any CPU.ActiveCfg = Debug|Any CPU
		{A2EB048A-561C-4A6B-B554-4834EFED35C1}.Debug|Any CPU.Build.0 = Debug|Any CPU
		{A2EB048A-561C-4A6B-B554-4834EFED35C1}.Debug|x64.ActiveCfg = Debug|x64
		{A2EB048A-561C-4A6B-B554-4834EFED35C1}.Debug|x64.Build.0 = Debug|x64
		{A2EB048A-561C-4A6B-B554-4834EFED35C1}.Debug|x86.ActiveCfg = Debug|Any CPU
		{A2EB048A-561C-4A6B-B554-4834EFED35C1}.Debug|x86.Build.0 = Debug|Any CPU
		{A2EB048A-561C-4A6B-B554-4834EFED35C1}.DebugX64|Any CPU.ActiveCfg = DebugX64|Any CPU
		{A2EB048A-561C-4A6B-B554-4834EFED35C1}.DebugX64|Any CPU.Build.0 = DebugX64|Any CPU
		{A2EB048A-561C-4A6B-B554-4834EFED35C1}.DebugX64|x64.ActiveCfg = DebugX64|x64
		{A2EB048A-561C-4A6B-B554-4834EFED35C1}.DebugX64|x64.Build.0 = DebugX64|x64
		{A2EB048A-561C-4A6B-B554-4834EFED35C1}.DebugX64|x86.ActiveCfg = DebugX64|x86
		{A2EB048A-561C-4A6B-B554-4834EFED35C1}.DebugX64|x86.Build.0 = DebugX64|x86
		{A2EB048A-561C-4A6B-B554-4834EFED35C1}.DebugX86|Any CPU.ActiveCfg = DebugX86|Any CPU
		{A2EB048A-561C-4A6B-B554-4834EFED35C1}.DebugX86|Any CPU.Build.0 = DebugX86|Any CPU
		{A2EB048A-561C-4A6B-B554-4834EFED35C1}.DebugX86|x64.ActiveCfg = DebugX86|x64
		{A2EB048A-561C-4A6B-B554-4834EFED35C1}.DebugX86|x64.Build.0 = DebugX86|x64
		{A2EB048A-561C-4A6B-B554-4834EFED35C1}.DebugX86|x86.ActiveCfg = DebugX86|x86
		{A2EB048A-561C-4A6B-B554-4834EFED35C1}.DebugX86|x86.Build.0 = DebugX86|x86
		{A2EB048A-561C-4A6B-B554-4834EFED35C1}.PreparatoryDebug|Any CPU.ActiveCfg = PreparatoryDebug|Any CPU
		{A2EB048A-561C-4A6B-B554-4834EFED35C1}.PreparatoryDebug|Any CPU.Build.0 = PreparatoryDebug|Any CPU
		{A2EB048A-561C-4A6B-B554-4834EFED35C1}.PreparatoryDebug|x64.ActiveCfg = PreparatoryDebug|x64
		{A2EB048A-561C-4A6B-B554-4834EFED35C1}.PreparatoryDebug|x64.Build.0 = PreparatoryDebug|x64
		{A2EB048A-561C-4A6B-B554-4834EFED35C1}.PreparatoryDebug|x86.ActiveCfg = PreparatoryDebug|x86
		{A2EB048A-561C-4A6B-B554-4834EFED35C1}.PreparatoryDebug|x86.Build.0 = PreparatoryDebug|x86
		{A2EB048A-561C-4A6B-B554-4834EFED35C1}.PreparatoryDebugX86|Any CPU.ActiveCfg = PreparatoryDebugX86|Any CPU
		{A2EB048A-561C-4A6B-B554-4834EFED35C1}.PreparatoryDebugX86|Any CPU.Build.0 = PreparatoryDebugX86|Any CPU
		{A2EB048A-561C-4A6B-B554-4834EFED35C1}.PreparatoryDebugX86|x64.ActiveCfg = PreparatoryDebugX86|x64
		{A2EB048A-561C-4A6B-B554-4834EFED35C1}.PreparatoryDebugX86|x64.Build.0 = PreparatoryDebugX86|x64
		{A2EB048A-561C-4A6B-B554-4834EFED35C1}.PreparatoryDebugX86|x86.ActiveCfg = PreparatoryDebugX86|x86
		{A2EB048A-561C-4A6B-B554-4834EFED35C1}.PreparatoryDebugX86|x86.Build.0 = PreparatoryDebugX86|x86
		{A2EB048A-561C-4A6B-B554-4834EFED35C1}.PreparatoryRelease|Any CPU.ActiveCfg = PreparatoryRelease|Any CPU
		{A2EB048A-561C-4A6B-B554-4834EFED35C1}.PreparatoryRelease|Any CPU.Build.0 = PreparatoryRelease|Any CPU
		{A2EB048A-561C-4A6B-B554-4834EFED35C1}.PreparatoryRelease|x64.ActiveCfg = PreparatoryRelease|x64
		{A2EB048A-561C-4A6B-B554-4834EFED35C1}.PreparatoryRelease|x64.Build.0 = PreparatoryRelease|x64
		{A2EB048A-561C-4A6B-B554-4834EFED35C1}.PreparatoryRelease|x86.ActiveCfg = PreparatoryRelease|x86
		{A2EB048A-561C-4A6B-B554-4834EFED35C1}.PreparatoryRelease|x86.Build.0 = PreparatoryRelease|x86
		{A2EB048A-561C-4A6B-B554-4834EFED35C1}.Release|Any CPU.ActiveCfg = Release|Any CPU
		{A2EB048A-561C-4A6B-B554-4834EFED35C1}.Release|Any CPU.Build.0 = Release|Any CPU
		{A2EB048A-561C-4A6B-B554-4834EFED35C1}.Release|x64.ActiveCfg = Release|x64
		{A2EB048A-561C-4A6B-B554-4834EFED35C1}.Release|x64.Build.0 = Release|x64
		{A2EB048A-561C-4A6B-B554-4834EFED35C1}.Release|x86.ActiveCfg = Release|x86
		{A2EB048A-561C-4A6B-B554-4834EFED35C1}.Release|x86.Build.0 = Release|x86
		{A2EB048A-561C-4A6B-B554-4834EFED35C1}.Test|Any CPU.ActiveCfg = Test|Any CPU
		{A2EB048A-561C-4A6B-B554-4834EFED35C1}.Test|Any CPU.Build.0 = Test|Any CPU
		{A2EB048A-561C-4A6B-B554-4834EFED35C1}.Test|x64.ActiveCfg = Test|x64
		{A2EB048A-561C-4A6B-B554-4834EFED35C1}.Test|x64.Build.0 = Test|x64
		{A2EB048A-561C-4A6B-B554-4834EFED35C1}.Test|x86.ActiveCfg = Test|x86
		{A2EB048A-561C-4A6B-B554-4834EFED35C1}.Test|x86.Build.0 = Test|x86
		{C8529596-FD06-4531-B31B-DD806A0FA7B4}.Debug|Any CPU.ActiveCfg = Debug|Any CPU
		{C8529596-FD06-4531-B31B-DD806A0FA7B4}.Debug|Any CPU.Build.0 = Debug|Any CPU
		{C8529596-FD06-4531-B31B-DD806A0FA7B4}.Debug|x64.ActiveCfg = Debug|x64
		{C8529596-FD06-4531-B31B-DD806A0FA7B4}.Debug|x64.Build.0 = Debug|x64
		{C8529596-FD06-4531-B31B-DD806A0FA7B4}.Debug|x86.ActiveCfg = Debug|x86
		{C8529596-FD06-4531-B31B-DD806A0FA7B4}.Debug|x86.Build.0 = Debug|x86
		{C8529596-FD06-4531-B31B-DD806A0FA7B4}.DebugX64|Any CPU.ActiveCfg = DebugX64|Any CPU
		{C8529596-FD06-4531-B31B-DD806A0FA7B4}.DebugX64|Any CPU.Build.0 = DebugX64|Any CPU
		{C8529596-FD06-4531-B31B-DD806A0FA7B4}.DebugX64|x64.ActiveCfg = DebugX64|x64
		{C8529596-FD06-4531-B31B-DD806A0FA7B4}.DebugX64|x64.Build.0 = DebugX64|x64
		{C8529596-FD06-4531-B31B-DD806A0FA7B4}.DebugX64|x86.ActiveCfg = DebugX64|x86
		{C8529596-FD06-4531-B31B-DD806A0FA7B4}.DebugX64|x86.Build.0 = DebugX64|x86
		{C8529596-FD06-4531-B31B-DD806A0FA7B4}.DebugX86|Any CPU.ActiveCfg = DebugX86|Any CPU
		{C8529596-FD06-4531-B31B-DD806A0FA7B4}.DebugX86|Any CPU.Build.0 = DebugX86|Any CPU
		{C8529596-FD06-4531-B31B-DD806A0FA7B4}.DebugX86|x64.ActiveCfg = DebugX86|x64
		{C8529596-FD06-4531-B31B-DD806A0FA7B4}.DebugX86|x64.Build.0 = DebugX86|x64
		{C8529596-FD06-4531-B31B-DD806A0FA7B4}.DebugX86|x86.ActiveCfg = DebugX86|x86
		{C8529596-FD06-4531-B31B-DD806A0FA7B4}.DebugX86|x86.Build.0 = DebugX86|x86
		{C8529596-FD06-4531-B31B-DD806A0FA7B4}.PreparatoryDebug|Any CPU.ActiveCfg = PreparatoryDebug|Any CPU
		{C8529596-FD06-4531-B31B-DD806A0FA7B4}.PreparatoryDebug|Any CPU.Build.0 = PreparatoryDebug|Any CPU
		{C8529596-FD06-4531-B31B-DD806A0FA7B4}.PreparatoryDebug|x64.ActiveCfg = PreparatoryDebug|x64
		{C8529596-FD06-4531-B31B-DD806A0FA7B4}.PreparatoryDebug|x64.Build.0 = PreparatoryDebug|x64
		{C8529596-FD06-4531-B31B-DD806A0FA7B4}.PreparatoryDebug|x86.ActiveCfg = PreparatoryDebug|x86
		{C8529596-FD06-4531-B31B-DD806A0FA7B4}.PreparatoryDebug|x86.Build.0 = PreparatoryDebug|x86
		{C8529596-FD06-4531-B31B-DD806A0FA7B4}.PreparatoryDebugX86|Any CPU.ActiveCfg = PreparatoryDebugX86|Any CPU
		{C8529596-FD06-4531-B31B-DD806A0FA7B4}.PreparatoryDebugX86|Any CPU.Build.0 = PreparatoryDebugX86|Any CPU
		{C8529596-FD06-4531-B31B-DD806A0FA7B4}.PreparatoryDebugX86|x64.ActiveCfg = PreparatoryDebugX86|x64
		{C8529596-FD06-4531-B31B-DD806A0FA7B4}.PreparatoryDebugX86|x64.Build.0 = PreparatoryDebugX86|x64
		{C8529596-FD06-4531-B31B-DD806A0FA7B4}.PreparatoryDebugX86|x86.ActiveCfg = PreparatoryDebugX86|x86
		{C8529596-FD06-4531-B31B-DD806A0FA7B4}.PreparatoryDebugX86|x86.Build.0 = PreparatoryDebugX86|x86
		{C8529596-FD06-4531-B31B-DD806A0FA7B4}.PreparatoryRelease|Any CPU.ActiveCfg = PreparatoryRelease|Any CPU
		{C8529596-FD06-4531-B31B-DD806A0FA7B4}.PreparatoryRelease|Any CPU.Build.0 = PreparatoryRelease|Any CPU
		{C8529596-FD06-4531-B31B-DD806A0FA7B4}.PreparatoryRelease|x64.ActiveCfg = PreparatoryRelease|x64
		{C8529596-FD06-4531-B31B-DD806A0FA7B4}.PreparatoryRelease|x64.Build.0 = PreparatoryRelease|x64
		{C8529596-FD06-4531-B31B-DD806A0FA7B4}.PreparatoryRelease|x86.ActiveCfg = PreparatoryRelease|x86
		{C8529596-FD06-4531-B31B-DD806A0FA7B4}.PreparatoryRelease|x86.Build.0 = PreparatoryRelease|x86
		{C8529596-FD06-4531-B31B-DD806A0FA7B4}.Release|Any CPU.ActiveCfg = Release|Any CPU
		{C8529596-FD06-4531-B31B-DD806A0FA7B4}.Release|Any CPU.Build.0 = Release|Any CPU
		{C8529596-FD06-4531-B31B-DD806A0FA7B4}.Release|x64.ActiveCfg = Release|x64
		{C8529596-FD06-4531-B31B-DD806A0FA7B4}.Release|x64.Build.0 = Release|x64
		{C8529596-FD06-4531-B31B-DD806A0FA7B4}.Release|x86.ActiveCfg = Release|x86
		{C8529596-FD06-4531-B31B-DD806A0FA7B4}.Release|x86.Build.0 = Release|x86
		{C8529596-FD06-4531-B31B-DD806A0FA7B4}.Test|Any CPU.ActiveCfg = Test|Any CPU
		{C8529596-FD06-4531-B31B-DD806A0FA7B4}.Test|Any CPU.Build.0 = Test|Any CPU
		{C8529596-FD06-4531-B31B-DD806A0FA7B4}.Test|x64.ActiveCfg = Test|x64
		{C8529596-FD06-4531-B31B-DD806A0FA7B4}.Test|x64.Build.0 = Test|x64
		{C8529596-FD06-4531-B31B-DD806A0FA7B4}.Test|x86.ActiveCfg = Test|x86
		{C8529596-FD06-4531-B31B-DD806A0FA7B4}.Test|x86.Build.0 = Test|x86
		{9BA580CE-8585-4CC5-A971-4D7B4AF3323A}.Debug|Any CPU.ActiveCfg = Debug|Any CPU
		{9BA580CE-8585-4CC5-A971-4D7B4AF3323A}.Debug|Any CPU.Build.0 = Debug|Any CPU
		{9BA580CE-8585-4CC5-A971-4D7B4AF3323A}.Debug|x64.ActiveCfg = Debug|x64
		{9BA580CE-8585-4CC5-A971-4D7B4AF3323A}.Debug|x64.Build.0 = Debug|x64
		{9BA580CE-8585-4CC5-A971-4D7B4AF3323A}.Debug|x86.ActiveCfg = Debug|x86
		{9BA580CE-8585-4CC5-A971-4D7B4AF3323A}.Debug|x86.Build.0 = Debug|x86
		{9BA580CE-8585-4CC5-A971-4D7B4AF3323A}.DebugX64|Any CPU.ActiveCfg = DebugX64|Any CPU
		{9BA580CE-8585-4CC5-A971-4D7B4AF3323A}.DebugX64|Any CPU.Build.0 = DebugX64|Any CPU
		{9BA580CE-8585-4CC5-A971-4D7B4AF3323A}.DebugX64|x64.ActiveCfg = DebugX64|x64
		{9BA580CE-8585-4CC5-A971-4D7B4AF3323A}.DebugX64|x64.Build.0 = DebugX64|x64
		{9BA580CE-8585-4CC5-A971-4D7B4AF3323A}.DebugX64|x86.ActiveCfg = DebugX64|x86
		{9BA580CE-8585-4CC5-A971-4D7B4AF3323A}.DebugX64|x86.Build.0 = DebugX64|x86
		{9BA580CE-8585-4CC5-A971-4D7B4AF3323A}.DebugX86|Any CPU.ActiveCfg = DebugX86|Any CPU
		{9BA580CE-8585-4CC5-A971-4D7B4AF3323A}.DebugX86|Any CPU.Build.0 = DebugX86|Any CPU
		{9BA580CE-8585-4CC5-A971-4D7B4AF3323A}.DebugX86|x64.ActiveCfg = DebugX86|x64
		{9BA580CE-8585-4CC5-A971-4D7B4AF3323A}.DebugX86|x64.Build.0 = DebugX86|x64
		{9BA580CE-8585-4CC5-A971-4D7B4AF3323A}.DebugX86|x86.ActiveCfg = DebugX86|x86
		{9BA580CE-8585-4CC5-A971-4D7B4AF3323A}.DebugX86|x86.Build.0 = DebugX86|x86
		{9BA580CE-8585-4CC5-A971-4D7B4AF3323A}.PreparatoryDebug|Any CPU.ActiveCfg = PreparatoryDebug|Any CPU
		{9BA580CE-8585-4CC5-A971-4D7B4AF3323A}.PreparatoryDebug|Any CPU.Build.0 = PreparatoryDebug|Any CPU
		{9BA580CE-8585-4CC5-A971-4D7B4AF3323A}.PreparatoryDebug|x64.ActiveCfg = PreparatoryDebug|x64
		{9BA580CE-8585-4CC5-A971-4D7B4AF3323A}.PreparatoryDebug|x64.Build.0 = PreparatoryDebug|x64
		{9BA580CE-8585-4CC5-A971-4D7B4AF3323A}.PreparatoryDebug|x86.ActiveCfg = PreparatoryDebug|x86
		{9BA580CE-8585-4CC5-A971-4D7B4AF3323A}.PreparatoryDebug|x86.Build.0 = PreparatoryDebug|x86
		{9BA580CE-8585-4CC5-A971-4D7B4AF3323A}.PreparatoryDebugX86|Any CPU.ActiveCfg = PreparatoryDebugX86|Any CPU
		{9BA580CE-8585-4CC5-A971-4D7B4AF3323A}.PreparatoryDebugX86|Any CPU.Build.0 = PreparatoryDebugX86|Any CPU
		{9BA580CE-8585-4CC5-A971-4D7B4AF3323A}.PreparatoryDebugX86|x64.ActiveCfg = PreparatoryDebugX86|x64
		{9BA580CE-8585-4CC5-A971-4D7B4AF3323A}.PreparatoryDebugX86|x64.Build.0 = PreparatoryDebugX86|x64
		{9BA580CE-8585-4CC5-A971-4D7B4AF3323A}.PreparatoryDebugX86|x86.ActiveCfg = PreparatoryDebugX86|x86
		{9BA580CE-8585-4CC5-A971-4D7B4AF3323A}.PreparatoryDebugX86|x86.Build.0 = PreparatoryDebugX86|x86
		{9BA580CE-8585-4CC5-A971-4D7B4AF3323A}.PreparatoryRelease|Any CPU.ActiveCfg = PreparatoryRelease|Any CPU
		{9BA580CE-8585-4CC5-A971-4D7B4AF3323A}.PreparatoryRelease|Any CPU.Build.0 = PreparatoryRelease|Any CPU
		{9BA580CE-8585-4CC5-A971-4D7B4AF3323A}.PreparatoryRelease|x64.ActiveCfg = PreparatoryRelease|x64
		{9BA580CE-8585-4CC5-A971-4D7B4AF3323A}.PreparatoryRelease|x64.Build.0 = PreparatoryRelease|x64
		{9BA580CE-8585-4CC5-A971-4D7B4AF3323A}.PreparatoryRelease|x86.ActiveCfg = PreparatoryRelease|x86
		{9BA580CE-8585-4CC5-A971-4D7B4AF3323A}.PreparatoryRelease|x86.Build.0 = PreparatoryRelease|x86
		{9BA580CE-8585-4CC5-A971-4D7B4AF3323A}.Release|Any CPU.ActiveCfg = Release|Any CPU
		{9BA580CE-8585-4CC5-A971-4D7B4AF3323A}.Release|Any CPU.Build.0 = Release|Any CPU
		{9BA580CE-8585-4CC5-A971-4D7B4AF3323A}.Release|x64.ActiveCfg = Release|x64
		{9BA580CE-8585-4CC5-A971-4D7B4AF3323A}.Release|x64.Build.0 = Release|x64
		{9BA580CE-8585-4CC5-A971-4D7B4AF3323A}.Release|x86.ActiveCfg = Release|x86
		{9BA580CE-8585-4CC5-A971-4D7B4AF3323A}.Release|x86.Build.0 = Release|x86
		{9BA580CE-8585-4CC5-A971-4D7B4AF3323A}.Test|Any CPU.ActiveCfg = Test|Any CPU
		{9BA580CE-8585-4CC5-A971-4D7B4AF3323A}.Test|Any CPU.Build.0 = Test|Any CPU
		{9BA580CE-8585-4CC5-A971-4D7B4AF3323A}.Test|x64.ActiveCfg = Test|x64
		{9BA580CE-8585-4CC5-A971-4D7B4AF3323A}.Test|x64.Build.0 = Test|x64
		{9BA580CE-8585-4CC5-A971-4D7B4AF3323A}.Test|x86.ActiveCfg = Test|x86
		{9BA580CE-8585-4CC5-A971-4D7B4AF3323A}.Test|x86.Build.0 = Test|x86
		{801FA2EA-C4D8-496A-BC96-E1272CF6502A}.Debug|Any CPU.ActiveCfg = Debug|Any CPU
		{801FA2EA-C4D8-496A-BC96-E1272CF6502A}.Debug|Any CPU.Build.0 = Debug|Any CPU
		{801FA2EA-C4D8-496A-BC96-E1272CF6502A}.Debug|x64.ActiveCfg = Debug|x64
		{801FA2EA-C4D8-496A-BC96-E1272CF6502A}.Debug|x64.Build.0 = Debug|x64
		{801FA2EA-C4D8-496A-BC96-E1272CF6502A}.Debug|x86.ActiveCfg = Debug|x86
		{801FA2EA-C4D8-496A-BC96-E1272CF6502A}.Debug|x86.Build.0 = Debug|x86
		{801FA2EA-C4D8-496A-BC96-E1272CF6502A}.DebugX64|Any CPU.ActiveCfg = DebugX64|Any CPU
		{801FA2EA-C4D8-496A-BC96-E1272CF6502A}.DebugX64|Any CPU.Build.0 = DebugX64|Any CPU
		{801FA2EA-C4D8-496A-BC96-E1272CF6502A}.DebugX64|x64.ActiveCfg = DebugX64|x64
		{801FA2EA-C4D8-496A-BC96-E1272CF6502A}.DebugX64|x64.Build.0 = DebugX64|x64
		{801FA2EA-C4D8-496A-BC96-E1272CF6502A}.DebugX64|x86.ActiveCfg = DebugX64|x86
		{801FA2EA-C4D8-496A-BC96-E1272CF6502A}.DebugX64|x86.Build.0 = DebugX64|x86
		{801FA2EA-C4D8-496A-BC96-E1272CF6502A}.DebugX86|Any CPU.ActiveCfg = DebugX86|Any CPU
		{801FA2EA-C4D8-496A-BC96-E1272CF6502A}.DebugX86|Any CPU.Build.0 = DebugX86|Any CPU
		{801FA2EA-C4D8-496A-BC96-E1272CF6502A}.DebugX86|x64.ActiveCfg = DebugX86|x64
		{801FA2EA-C4D8-496A-BC96-E1272CF6502A}.DebugX86|x64.Build.0 = DebugX86|x64
		{801FA2EA-C4D8-496A-BC96-E1272CF6502A}.DebugX86|x86.ActiveCfg = DebugX86|x86
		{801FA2EA-C4D8-496A-BC96-E1272CF6502A}.DebugX86|x86.Build.0 = DebugX86|x86
		{801FA2EA-C4D8-496A-BC96-E1272CF6502A}.PreparatoryDebug|Any CPU.ActiveCfg = PreparatoryDebug|Any CPU
		{801FA2EA-C4D8-496A-BC96-E1272CF6502A}.PreparatoryDebug|Any CPU.Build.0 = PreparatoryDebug|Any CPU
		{801FA2EA-C4D8-496A-BC96-E1272CF6502A}.PreparatoryDebug|x64.ActiveCfg = PreparatoryDebug|x64
		{801FA2EA-C4D8-496A-BC96-E1272CF6502A}.PreparatoryDebug|x64.Build.0 = PreparatoryDebug|x64
		{801FA2EA-C4D8-496A-BC96-E1272CF6502A}.PreparatoryDebug|x86.ActiveCfg = PreparatoryDebug|x86
		{801FA2EA-C4D8-496A-BC96-E1272CF6502A}.PreparatoryDebug|x86.Build.0 = PreparatoryDebug|x86
		{801FA2EA-C4D8-496A-BC96-E1272CF6502A}.PreparatoryDebugX86|Any CPU.ActiveCfg = PreparatoryDebugX86|Any CPU
		{801FA2EA-C4D8-496A-BC96-E1272CF6502A}.PreparatoryDebugX86|Any CPU.Build.0 = PreparatoryDebugX86|Any CPU
		{801FA2EA-C4D8-496A-BC96-E1272CF6502A}.PreparatoryDebugX86|x64.ActiveCfg = PreparatoryDebugX86|x64
		{801FA2EA-C4D8-496A-BC96-E1272CF6502A}.PreparatoryDebugX86|x64.Build.0 = PreparatoryDebugX86|x64
		{801FA2EA-C4D8-496A-BC96-E1272CF6502A}.PreparatoryDebugX86|x86.ActiveCfg = PreparatoryDebugX86|x86
		{801FA2EA-C4D8-496A-BC96-E1272CF6502A}.PreparatoryDebugX86|x86.Build.0 = PreparatoryDebugX86|x86
		{801FA2EA-C4D8-496A-BC96-E1272CF6502A}.PreparatoryRelease|Any CPU.ActiveCfg = PreparatoryRelease|Any CPU
		{801FA2EA-C4D8-496A-BC96-E1272CF6502A}.PreparatoryRelease|Any CPU.Build.0 = PreparatoryRelease|Any CPU
		{801FA2EA-C4D8-496A-BC96-E1272CF6502A}.PreparatoryRelease|x64.ActiveCfg = PreparatoryRelease|x64
		{801FA2EA-C4D8-496A-BC96-E1272CF6502A}.PreparatoryRelease|x64.Build.0 = PreparatoryRelease|x64
		{801FA2EA-C4D8-496A-BC96-E1272CF6502A}.PreparatoryRelease|x86.ActiveCfg = PreparatoryRelease|x86
		{801FA2EA-C4D8-496A-BC96-E1272CF6502A}.PreparatoryRelease|x86.Build.0 = PreparatoryRelease|x86
		{801FA2EA-C4D8-496A-BC96-E1272CF6502A}.Release|Any CPU.ActiveCfg = Release|Any CPU
		{801FA2EA-C4D8-496A-BC96-E1272CF6502A}.Release|Any CPU.Build.0 = Release|Any CPU
		{801FA2EA-C4D8-496A-BC96-E1272CF6502A}.Release|x64.ActiveCfg = Release|x64
		{801FA2EA-C4D8-496A-BC96-E1272CF6502A}.Release|x64.Build.0 = Release|x64
		{801FA2EA-C4D8-496A-BC96-E1272CF6502A}.Release|x86.ActiveCfg = Release|x86
		{801FA2EA-C4D8-496A-BC96-E1272CF6502A}.Release|x86.Build.0 = Release|x86
		{801FA2EA-C4D8-496A-BC96-E1272CF6502A}.Test|Any CPU.ActiveCfg = Test|Any CPU
		{801FA2EA-C4D8-496A-BC96-E1272CF6502A}.Test|Any CPU.Build.0 = Test|Any CPU
		{801FA2EA-C4D8-496A-BC96-E1272CF6502A}.Test|x64.ActiveCfg = Test|x64
		{801FA2EA-C4D8-496A-BC96-E1272CF6502A}.Test|x64.Build.0 = Test|x64
		{801FA2EA-C4D8-496A-BC96-E1272CF6502A}.Test|x86.ActiveCfg = Test|x86
		{801FA2EA-C4D8-496A-BC96-E1272CF6502A}.Test|x86.Build.0 = Test|x86
		{C90B2C63-15E8-48EA-AEAA-BC51F78FBF78}.Debug|Any CPU.ActiveCfg = Debug|Any CPU
		{C90B2C63-15E8-48EA-AEAA-BC51F78FBF78}.Debug|Any CPU.Build.0 = Debug|Any CPU
		{C90B2C63-15E8-48EA-AEAA-BC51F78FBF78}.Debug|x64.ActiveCfg = Debug|x64
		{C90B2C63-15E8-48EA-AEAA-BC51F78FBF78}.Debug|x64.Build.0 = Debug|x64
		{C90B2C63-15E8-48EA-AEAA-BC51F78FBF78}.Debug|x86.ActiveCfg = Debug|x86
		{C90B2C63-15E8-48EA-AEAA-BC51F78FBF78}.Debug|x86.Build.0 = Debug|x86
		{C90B2C63-15E8-48EA-AEAA-BC51F78FBF78}.DebugX64|Any CPU.ActiveCfg = DebugX64|Any CPU
		{C90B2C63-15E8-48EA-AEAA-BC51F78FBF78}.DebugX64|Any CPU.Build.0 = DebugX64|Any CPU
		{C90B2C63-15E8-48EA-AEAA-BC51F78FBF78}.DebugX64|x64.ActiveCfg = DebugX64|x64
		{C90B2C63-15E8-48EA-AEAA-BC51F78FBF78}.DebugX64|x64.Build.0 = DebugX64|x64
		{C90B2C63-15E8-48EA-AEAA-BC51F78FBF78}.DebugX64|x86.ActiveCfg = DebugX64|x86
		{C90B2C63-15E8-48EA-AEAA-BC51F78FBF78}.DebugX64|x86.Build.0 = DebugX64|x86
		{C90B2C63-15E8-48EA-AEAA-BC51F78FBF78}.DebugX86|Any CPU.ActiveCfg = DebugX86|Any CPU
		{C90B2C63-15E8-48EA-AEAA-BC51F78FBF78}.DebugX86|Any CPU.Build.0 = DebugX86|Any CPU
		{C90B2C63-15E8-48EA-AEAA-BC51F78FBF78}.DebugX86|x64.ActiveCfg = DebugX86|x64
		{C90B2C63-15E8-48EA-AEAA-BC51F78FBF78}.DebugX86|x64.Build.0 = DebugX86|x64
		{C90B2C63-15E8-48EA-AEAA-BC51F78FBF78}.DebugX86|x86.ActiveCfg = DebugX86|x86
		{C90B2C63-15E8-48EA-AEAA-BC51F78FBF78}.DebugX86|x86.Build.0 = DebugX86|x86
		{C90B2C63-15E8-48EA-AEAA-BC51F78FBF78}.PreparatoryDebug|Any CPU.ActiveCfg = PreparatoryDebug|Any CPU
		{C90B2C63-15E8-48EA-AEAA-BC51F78FBF78}.PreparatoryDebug|Any CPU.Build.0 = PreparatoryDebug|Any CPU
		{C90B2C63-15E8-48EA-AEAA-BC51F78FBF78}.PreparatoryDebug|x64.ActiveCfg = PreparatoryDebug|x64
		{C90B2C63-15E8-48EA-AEAA-BC51F78FBF78}.PreparatoryDebug|x64.Build.0 = PreparatoryDebug|x64
		{C90B2C63-15E8-48EA-AEAA-BC51F78FBF78}.PreparatoryDebug|x86.ActiveCfg = PreparatoryDebug|x86
		{C90B2C63-15E8-48EA-AEAA-BC51F78FBF78}.PreparatoryDebug|x86.Build.0 = PreparatoryDebug|x86
		{C90B2C63-15E8-48EA-AEAA-BC51F78FBF78}.PreparatoryDebugX86|Any CPU.ActiveCfg = PreparatoryDebugX86|Any CPU
		{C90B2C63-15E8-48EA-AEAA-BC51F78FBF78}.PreparatoryDebugX86|Any CPU.Build.0 = PreparatoryDebugX86|Any CPU
		{C90B2C63-15E8-48EA-AEAA-BC51F78FBF78}.PreparatoryDebugX86|x64.ActiveCfg = PreparatoryDebugX86|x64
		{C90B2C63-15E8-48EA-AEAA-BC51F78FBF78}.PreparatoryDebugX86|x64.Build.0 = PreparatoryDebugX86|x64
		{C90B2C63-15E8-48EA-AEAA-BC51F78FBF78}.PreparatoryDebugX86|x86.ActiveCfg = PreparatoryDebugX86|x86
		{C90B2C63-15E8-48EA-AEAA-BC51F78FBF78}.PreparatoryDebugX86|x86.Build.0 = PreparatoryDebugX86|x86
		{C90B2C63-15E8-48EA-AEAA-BC51F78FBF78}.PreparatoryRelease|Any CPU.ActiveCfg = PreparatoryRelease|Any CPU
		{C90B2C63-15E8-48EA-AEAA-BC51F78FBF78}.PreparatoryRelease|Any CPU.Build.0 = PreparatoryRelease|Any CPU
		{C90B2C63-15E8-48EA-AEAA-BC51F78FBF78}.PreparatoryRelease|x64.ActiveCfg = PreparatoryRelease|x64
		{C90B2C63-15E8-48EA-AEAA-BC51F78FBF78}.PreparatoryRelease|x64.Build.0 = PreparatoryRelease|x64
		{C90B2C63-15E8-48EA-AEAA-BC51F78FBF78}.PreparatoryRelease|x86.ActiveCfg = PreparatoryRelease|x86
		{C90B2C63-15E8-48EA-AEAA-BC51F78FBF78}.PreparatoryRelease|x86.Build.0 = PreparatoryRelease|x86
		{C90B2C63-15E8-48EA-AEAA-BC51F78FBF78}.Release|Any CPU.ActiveCfg = Release|Any CPU
		{C90B2C63-15E8-48EA-AEAA-BC51F78FBF78}.Release|Any CPU.Build.0 = Release|Any CPU
		{C90B2C63-15E8-48EA-AEAA-BC51F78FBF78}.Release|x64.ActiveCfg = Release|x64
		{C90B2C63-15E8-48EA-AEAA-BC51F78FBF78}.Release|x64.Build.0 = Release|x64
		{C90B2C63-15E8-48EA-AEAA-BC51F78FBF78}.Release|x86.ActiveCfg = Release|x86
		{C90B2C63-15E8-48EA-AEAA-BC51F78FBF78}.Release|x86.Build.0 = Release|x86
		{C90B2C63-15E8-48EA-AEAA-BC51F78FBF78}.Test|Any CPU.ActiveCfg = Test|Any CPU
		{C90B2C63-15E8-48EA-AEAA-BC51F78FBF78}.Test|Any CPU.Build.0 = Test|Any CPU
		{C90B2C63-15E8-48EA-AEAA-BC51F78FBF78}.Test|x64.ActiveCfg = Test|x64
		{C90B2C63-15E8-48EA-AEAA-BC51F78FBF78}.Test|x64.Build.0 = Test|x64
		{C90B2C63-15E8-48EA-AEAA-BC51F78FBF78}.Test|x86.ActiveCfg = Test|x86
		{C90B2C63-15E8-48EA-AEAA-BC51F78FBF78}.Test|x86.Build.0 = Test|x86
		{887EABCC-FC1F-4C9E-8991-ED1D86552931}.Debug|Any CPU.ActiveCfg = Debug|Any CPU
		{887EABCC-FC1F-4C9E-8991-ED1D86552931}.Debug|Any CPU.Build.0 = Debug|Any CPU
		{887EABCC-FC1F-4C9E-8991-ED1D86552931}.Debug|x64.ActiveCfg = Debug|x64
		{887EABCC-FC1F-4C9E-8991-ED1D86552931}.Debug|x64.Build.0 = Debug|x64
		{887EABCC-FC1F-4C9E-8991-ED1D86552931}.Debug|x86.ActiveCfg = Debug|x86
		{887EABCC-FC1F-4C9E-8991-ED1D86552931}.Debug|x86.Build.0 = Debug|x86
		{887EABCC-FC1F-4C9E-8991-ED1D86552931}.DebugX64|Any CPU.ActiveCfg = DebugX64|Any CPU
		{887EABCC-FC1F-4C9E-8991-ED1D86552931}.DebugX64|Any CPU.Build.0 = DebugX64|Any CPU
		{887EABCC-FC1F-4C9E-8991-ED1D86552931}.DebugX64|x64.ActiveCfg = DebugX64|x64
		{887EABCC-FC1F-4C9E-8991-ED1D86552931}.DebugX64|x64.Build.0 = DebugX64|x64
		{887EABCC-FC1F-4C9E-8991-ED1D86552931}.DebugX64|x86.ActiveCfg = DebugX64|x86
		{887EABCC-FC1F-4C9E-8991-ED1D86552931}.DebugX64|x86.Build.0 = DebugX64|x86
		{887EABCC-FC1F-4C9E-8991-ED1D86552931}.DebugX86|Any CPU.ActiveCfg = DebugX86|Any CPU
		{887EABCC-FC1F-4C9E-8991-ED1D86552931}.DebugX86|Any CPU.Build.0 = DebugX86|Any CPU
		{887EABCC-FC1F-4C9E-8991-ED1D86552931}.DebugX86|x64.ActiveCfg = DebugX86|x64
		{887EABCC-FC1F-4C9E-8991-ED1D86552931}.DebugX86|x64.Build.0 = DebugX86|x64
		{887EABCC-FC1F-4C9E-8991-ED1D86552931}.DebugX86|x86.ActiveCfg = DebugX86|x86
		{887EABCC-FC1F-4C9E-8991-ED1D86552931}.DebugX86|x86.Build.0 = DebugX86|x86
		{887EABCC-FC1F-4C9E-8991-ED1D86552931}.PreparatoryDebug|Any CPU.ActiveCfg = PreparatoryDebug|Any CPU
		{887EABCC-FC1F-4C9E-8991-ED1D86552931}.PreparatoryDebug|Any CPU.Build.0 = PreparatoryDebug|Any CPU
		{887EABCC-FC1F-4C9E-8991-ED1D86552931}.PreparatoryDebug|x64.ActiveCfg = PreparatoryDebug|x64
		{887EABCC-FC1F-4C9E-8991-ED1D86552931}.PreparatoryDebug|x64.Build.0 = PreparatoryDebug|x64
		{887EABCC-FC1F-4C9E-8991-ED1D86552931}.PreparatoryDebug|x86.ActiveCfg = PreparatoryDebug|x86
		{887EABCC-FC1F-4C9E-8991-ED1D86552931}.PreparatoryDebug|x86.Build.0 = PreparatoryDebug|x86
		{887EABCC-FC1F-4C9E-8991-ED1D86552931}.PreparatoryDebugX86|Any CPU.ActiveCfg = PreparatoryDebugX86|Any CPU
		{887EABCC-FC1F-4C9E-8991-ED1D86552931}.PreparatoryDebugX86|Any CPU.Build.0 = PreparatoryDebugX86|Any CPU
		{887EABCC-FC1F-4C9E-8991-ED1D86552931}.PreparatoryDebugX86|x64.ActiveCfg = PreparatoryDebugX86|x64
		{887EABCC-FC1F-4C9E-8991-ED1D86552931}.PreparatoryDebugX86|x64.Build.0 = PreparatoryDebugX86|x64
		{887EABCC-FC1F-4C9E-8991-ED1D86552931}.PreparatoryDebugX86|x86.ActiveCfg = PreparatoryDebugX86|x86
		{887EABCC-FC1F-4C9E-8991-ED1D86552931}.PreparatoryDebugX86|x86.Build.0 = PreparatoryDebugX86|x86
		{887EABCC-FC1F-4C9E-8991-ED1D86552931}.PreparatoryRelease|Any CPU.ActiveCfg = PreparatoryRelease|Any CPU
		{887EABCC-FC1F-4C9E-8991-ED1D86552931}.PreparatoryRelease|Any CPU.Build.0 = PreparatoryRelease|Any CPU
		{887EABCC-FC1F-4C9E-8991-ED1D86552931}.PreparatoryRelease|x64.ActiveCfg = PreparatoryRelease|x64
		{887EABCC-FC1F-4C9E-8991-ED1D86552931}.PreparatoryRelease|x64.Build.0 = PreparatoryRelease|x64
		{887EABCC-FC1F-4C9E-8991-ED1D86552931}.PreparatoryRelease|x86.ActiveCfg = PreparatoryRelease|x86
		{887EABCC-FC1F-4C9E-8991-ED1D86552931}.PreparatoryRelease|x86.Build.0 = PreparatoryRelease|x86
		{887EABCC-FC1F-4C9E-8991-ED1D86552931}.Release|Any CPU.ActiveCfg = Release|Any CPU
		{887EABCC-FC1F-4C9E-8991-ED1D86552931}.Release|Any CPU.Build.0 = Release|Any CPU
		{887EABCC-FC1F-4C9E-8991-ED1D86552931}.Release|x64.ActiveCfg = Release|x64
		{887EABCC-FC1F-4C9E-8991-ED1D86552931}.Release|x64.Build.0 = Release|x64
		{887EABCC-FC1F-4C9E-8991-ED1D86552931}.Release|x86.ActiveCfg = Release|x86
		{887EABCC-FC1F-4C9E-8991-ED1D86552931}.Release|x86.Build.0 = Release|x86
		{887EABCC-FC1F-4C9E-8991-ED1D86552931}.Test|Any CPU.ActiveCfg = Test|Any CPU
		{887EABCC-FC1F-4C9E-8991-ED1D86552931}.Test|Any CPU.Build.0 = Test|Any CPU
		{887EABCC-FC1F-4C9E-8991-ED1D86552931}.Test|x64.ActiveCfg = Test|x64
		{887EABCC-FC1F-4C9E-8991-ED1D86552931}.Test|x64.Build.0 = Test|x64
		{887EABCC-FC1F-4C9E-8991-ED1D86552931}.Test|x86.ActiveCfg = Test|x86
		{887EABCC-FC1F-4C9E-8991-ED1D86552931}.Test|x86.Build.0 = Test|x86
		{DBA32315-9371-40F0-8A78-33ED7526A321}.Debug|Any CPU.ActiveCfg = Debug|Any CPU
		{DBA32315-9371-40F0-8A78-33ED7526A321}.Debug|Any CPU.Build.0 = Debug|Any CPU
		{DBA32315-9371-40F0-8A78-33ED7526A321}.Debug|x64.ActiveCfg = Debug|x64
		{DBA32315-9371-40F0-8A78-33ED7526A321}.Debug|x64.Build.0 = Debug|x64
		{DBA32315-9371-40F0-8A78-33ED7526A321}.Debug|x86.ActiveCfg = Debug|Any CPU
		{DBA32315-9371-40F0-8A78-33ED7526A321}.Debug|x86.Build.0 = Debug|Any CPU
		{DBA32315-9371-40F0-8A78-33ED7526A321}.DebugX64|Any CPU.ActiveCfg = DebugX64|Any CPU
		{DBA32315-9371-40F0-8A78-33ED7526A321}.DebugX64|Any CPU.Build.0 = DebugX64|Any CPU
		{DBA32315-9371-40F0-8A78-33ED7526A321}.DebugX64|x64.ActiveCfg = DebugX64|x64
		{DBA32315-9371-40F0-8A78-33ED7526A321}.DebugX64|x64.Build.0 = DebugX64|x64
		{DBA32315-9371-40F0-8A78-33ED7526A321}.DebugX64|x86.ActiveCfg = DebugX64|Any CPU
		{DBA32315-9371-40F0-8A78-33ED7526A321}.DebugX64|x86.Build.0 = DebugX64|Any CPU
		{DBA32315-9371-40F0-8A78-33ED7526A321}.DebugX86|Any CPU.ActiveCfg = DebugX64|Any CPU
		{DBA32315-9371-40F0-8A78-33ED7526A321}.DebugX86|Any CPU.Build.0 = DebugX64|Any CPU
		{DBA32315-9371-40F0-8A78-33ED7526A321}.DebugX86|x64.ActiveCfg = DebugX64|x64
		{DBA32315-9371-40F0-8A78-33ED7526A321}.DebugX86|x64.Build.0 = DebugX64|x64
		{DBA32315-9371-40F0-8A78-33ED7526A321}.DebugX86|x86.ActiveCfg = DebugX64|Any CPU
		{DBA32315-9371-40F0-8A78-33ED7526A321}.DebugX86|x86.Build.0 = DebugX64|Any CPU
		{DBA32315-9371-40F0-8A78-33ED7526A321}.PreparatoryDebug|Any CPU.ActiveCfg = Debug|Any CPU
		{DBA32315-9371-40F0-8A78-33ED7526A321}.PreparatoryDebug|Any CPU.Build.0 = Debug|Any CPU
		{DBA32315-9371-40F0-8A78-33ED7526A321}.PreparatoryDebug|x64.ActiveCfg = Debug|x64
		{DBA32315-9371-40F0-8A78-33ED7526A321}.PreparatoryDebug|x64.Build.0 = Debug|x64
		{DBA32315-9371-40F0-8A78-33ED7526A321}.PreparatoryDebug|x86.ActiveCfg = Debug|Any CPU
		{DBA32315-9371-40F0-8A78-33ED7526A321}.PreparatoryDebug|x86.Build.0 = Debug|Any CPU
		{DBA32315-9371-40F0-8A78-33ED7526A321}.PreparatoryDebugX86|Any CPU.ActiveCfg = Debug|Any CPU
		{DBA32315-9371-40F0-8A78-33ED7526A321}.PreparatoryDebugX86|Any CPU.Build.0 = Debug|Any CPU
		{DBA32315-9371-40F0-8A78-33ED7526A321}.PreparatoryDebugX86|x64.ActiveCfg = Debug|x64
		{DBA32315-9371-40F0-8A78-33ED7526A321}.PreparatoryDebugX86|x64.Build.0 = Debug|x64
		{DBA32315-9371-40F0-8A78-33ED7526A321}.PreparatoryDebugX86|x86.ActiveCfg = Debug|Any CPU
		{DBA32315-9371-40F0-8A78-33ED7526A321}.PreparatoryDebugX86|x86.Build.0 = Debug|Any CPU
		{DBA32315-9371-40F0-8A78-33ED7526A321}.PreparatoryRelease|Any CPU.ActiveCfg = Release|Any CPU
		{DBA32315-9371-40F0-8A78-33ED7526A321}.PreparatoryRelease|Any CPU.Build.0 = Release|Any CPU
		{DBA32315-9371-40F0-8A78-33ED7526A321}.PreparatoryRelease|x64.ActiveCfg = Release|x64
		{DBA32315-9371-40F0-8A78-33ED7526A321}.PreparatoryRelease|x64.Build.0 = Release|x64
		{DBA32315-9371-40F0-8A78-33ED7526A321}.PreparatoryRelease|x86.ActiveCfg = Release|Any CPU
		{DBA32315-9371-40F0-8A78-33ED7526A321}.PreparatoryRelease|x86.Build.0 = Release|Any CPU
		{DBA32315-9371-40F0-8A78-33ED7526A321}.Release|Any CPU.ActiveCfg = Release|Any CPU
		{DBA32315-9371-40F0-8A78-33ED7526A321}.Release|Any CPU.Build.0 = Release|Any CPU
		{DBA32315-9371-40F0-8A78-33ED7526A321}.Release|x64.ActiveCfg = Release|x64
		{DBA32315-9371-40F0-8A78-33ED7526A321}.Release|x64.Build.0 = Release|x64
		{DBA32315-9371-40F0-8A78-33ED7526A321}.Release|x86.ActiveCfg = Release|Any CPU
		{DBA32315-9371-40F0-8A78-33ED7526A321}.Release|x86.Build.0 = Release|Any CPU
		{DBA32315-9371-40F0-8A78-33ED7526A321}.Test|Any CPU.ActiveCfg = Test|Any CPU
		{DBA32315-9371-40F0-8A78-33ED7526A321}.Test|Any CPU.Build.0 = Test|Any CPU
		{DBA32315-9371-40F0-8A78-33ED7526A321}.Test|x64.ActiveCfg = Test|x64
		{DBA32315-9371-40F0-8A78-33ED7526A321}.Test|x64.Build.0 = Test|x64
		{DBA32315-9371-40F0-8A78-33ED7526A321}.Test|x86.ActiveCfg = Test|Any CPU
		{DBA32315-9371-40F0-8A78-33ED7526A321}.Test|x86.Build.0 = Test|Any CPU
		{EF0B40E4-41B7-4C6E-9131-C4EC9860FEFE}.Debug|Any CPU.ActiveCfg = Debug|Any CPU
		{EF0B40E4-41B7-4C6E-9131-C4EC9860FEFE}.Debug|Any CPU.Build.0 = Debug|Any CPU
		{EF0B40E4-41B7-4C6E-9131-C4EC9860FEFE}.Debug|x64.ActiveCfg = Debug|x64
		{EF0B40E4-41B7-4C6E-9131-C4EC9860FEFE}.Debug|x64.Build.0 = Debug|x64
		{EF0B40E4-41B7-4C6E-9131-C4EC9860FEFE}.Debug|x86.ActiveCfg = Debug|x86
		{EF0B40E4-41B7-4C6E-9131-C4EC9860FEFE}.Debug|x86.Build.0 = Debug|x86
		{EF0B40E4-41B7-4C6E-9131-C4EC9860FEFE}.DebugX64|Any CPU.ActiveCfg = DebugX64|Any CPU
		{EF0B40E4-41B7-4C6E-9131-C4EC9860FEFE}.DebugX64|Any CPU.Build.0 = DebugX64|Any CPU
		{EF0B40E4-41B7-4C6E-9131-C4EC9860FEFE}.DebugX64|x64.ActiveCfg = DebugX64|x64
		{EF0B40E4-41B7-4C6E-9131-C4EC9860FEFE}.DebugX64|x64.Build.0 = DebugX64|x64
		{EF0B40E4-41B7-4C6E-9131-C4EC9860FEFE}.DebugX64|x86.ActiveCfg = DebugX64|x86
		{EF0B40E4-41B7-4C6E-9131-C4EC9860FEFE}.DebugX64|x86.Build.0 = DebugX64|x86
		{EF0B40E4-41B7-4C6E-9131-C4EC9860FEFE}.DebugX86|Any CPU.ActiveCfg = DebugX64|Any CPU
		{EF0B40E4-41B7-4C6E-9131-C4EC9860FEFE}.DebugX86|Any CPU.Build.0 = DebugX64|Any CPU
		{EF0B40E4-41B7-4C6E-9131-C4EC9860FEFE}.DebugX86|x64.ActiveCfg = DebugX64|x64
		{EF0B40E4-41B7-4C6E-9131-C4EC9860FEFE}.DebugX86|x64.Build.0 = DebugX64|x64
		{EF0B40E4-41B7-4C6E-9131-C4EC9860FEFE}.DebugX86|x86.ActiveCfg = DebugX64|x86
		{EF0B40E4-41B7-4C6E-9131-C4EC9860FEFE}.DebugX86|x86.Build.0 = DebugX64|x86
		{EF0B40E4-41B7-4C6E-9131-C4EC9860FEFE}.PreparatoryDebug|Any CPU.ActiveCfg = Debug|Any CPU
		{EF0B40E4-41B7-4C6E-9131-C4EC9860FEFE}.PreparatoryDebug|Any CPU.Build.0 = Debug|Any CPU
		{EF0B40E4-41B7-4C6E-9131-C4EC9860FEFE}.PreparatoryDebug|x64.ActiveCfg = Debug|x64
		{EF0B40E4-41B7-4C6E-9131-C4EC9860FEFE}.PreparatoryDebug|x64.Build.0 = Debug|x64
		{EF0B40E4-41B7-4C6E-9131-C4EC9860FEFE}.PreparatoryDebug|x86.ActiveCfg = Debug|x86
		{EF0B40E4-41B7-4C6E-9131-C4EC9860FEFE}.PreparatoryDebug|x86.Build.0 = Debug|x86
		{EF0B40E4-41B7-4C6E-9131-C4EC9860FEFE}.PreparatoryDebugX86|Any CPU.ActiveCfg = Debug|Any CPU
		{EF0B40E4-41B7-4C6E-9131-C4EC9860FEFE}.PreparatoryDebugX86|Any CPU.Build.0 = Debug|Any CPU
		{EF0B40E4-41B7-4C6E-9131-C4EC9860FEFE}.PreparatoryDebugX86|x64.ActiveCfg = Debug|x64
		{EF0B40E4-41B7-4C6E-9131-C4EC9860FEFE}.PreparatoryDebugX86|x64.Build.0 = Debug|x64
		{EF0B40E4-41B7-4C6E-9131-C4EC9860FEFE}.PreparatoryDebugX86|x86.ActiveCfg = Debug|x86
		{EF0B40E4-41B7-4C6E-9131-C4EC9860FEFE}.PreparatoryDebugX86|x86.Build.0 = Debug|x86
		{EF0B40E4-41B7-4C6E-9131-C4EC9860FEFE}.PreparatoryRelease|Any CPU.ActiveCfg = Release|Any CPU
		{EF0B40E4-41B7-4C6E-9131-C4EC9860FEFE}.PreparatoryRelease|Any CPU.Build.0 = Release|Any CPU
		{EF0B40E4-41B7-4C6E-9131-C4EC9860FEFE}.PreparatoryRelease|x64.ActiveCfg = Release|x64
		{EF0B40E4-41B7-4C6E-9131-C4EC9860FEFE}.PreparatoryRelease|x64.Build.0 = Release|x64
		{EF0B40E4-41B7-4C6E-9131-C4EC9860FEFE}.PreparatoryRelease|x86.ActiveCfg = Release|x86
		{EF0B40E4-41B7-4C6E-9131-C4EC9860FEFE}.PreparatoryRelease|x86.Build.0 = Release|x86
		{EF0B40E4-41B7-4C6E-9131-C4EC9860FEFE}.Release|Any CPU.ActiveCfg = Release|Any CPU
		{EF0B40E4-41B7-4C6E-9131-C4EC9860FEFE}.Release|Any CPU.Build.0 = Release|Any CPU
		{EF0B40E4-41B7-4C6E-9131-C4EC9860FEFE}.Release|x64.ActiveCfg = Release|x64
		{EF0B40E4-41B7-4C6E-9131-C4EC9860FEFE}.Release|x64.Build.0 = Release|x64
		{EF0B40E4-41B7-4C6E-9131-C4EC9860FEFE}.Release|x86.ActiveCfg = Release|x86
		{EF0B40E4-41B7-4C6E-9131-C4EC9860FEFE}.Release|x86.Build.0 = Release|x86
		{EF0B40E4-41B7-4C6E-9131-C4EC9860FEFE}.Test|Any CPU.ActiveCfg = DebugX64|Any CPU
		{EF0B40E4-41B7-4C6E-9131-C4EC9860FEFE}.Test|Any CPU.Build.0 = DebugX64|Any CPU
		{EF0B40E4-41B7-4C6E-9131-C4EC9860FEFE}.Test|x64.ActiveCfg = DebugX64|x64
		{EF0B40E4-41B7-4C6E-9131-C4EC9860FEFE}.Test|x64.Build.0 = DebugX64|x64
		{EF0B40E4-41B7-4C6E-9131-C4EC9860FEFE}.Test|x86.ActiveCfg = DebugX64|x86
		{EF0B40E4-41B7-4C6E-9131-C4EC9860FEFE}.Test|x86.Build.0 = DebugX64|x86
		{249AED06-ACF7-4FDD-9FCC-28EBC0ED4EF3}.Debug|Any CPU.ActiveCfg = Debug|Any CPU
		{249AED06-ACF7-4FDD-9FCC-28EBC0ED4EF3}.Debug|Any CPU.Build.0 = Debug|Any CPU
		{249AED06-ACF7-4FDD-9FCC-28EBC0ED4EF3}.Debug|x64.ActiveCfg = Debug|Any CPU
		{249AED06-ACF7-4FDD-9FCC-28EBC0ED4EF3}.Debug|x64.Build.0 = Debug|Any CPU
		{249AED06-ACF7-4FDD-9FCC-28EBC0ED4EF3}.Debug|x86.ActiveCfg = Debug|Any CPU
		{249AED06-ACF7-4FDD-9FCC-28EBC0ED4EF3}.Debug|x86.Build.0 = Debug|Any CPU
		{249AED06-ACF7-4FDD-9FCC-28EBC0ED4EF3}.DebugX64|Any CPU.ActiveCfg = DebugX64|Any CPU
		{249AED06-ACF7-4FDD-9FCC-28EBC0ED4EF3}.DebugX64|Any CPU.Build.0 = DebugX64|Any CPU
		{249AED06-ACF7-4FDD-9FCC-28EBC0ED4EF3}.DebugX64|x64.ActiveCfg = DebugX64|Any CPU
		{249AED06-ACF7-4FDD-9FCC-28EBC0ED4EF3}.DebugX64|x64.Build.0 = DebugX64|Any CPU
		{249AED06-ACF7-4FDD-9FCC-28EBC0ED4EF3}.DebugX64|x86.ActiveCfg = DebugX64|Any CPU
		{249AED06-ACF7-4FDD-9FCC-28EBC0ED4EF3}.DebugX64|x86.Build.0 = DebugX64|Any CPU
		{249AED06-ACF7-4FDD-9FCC-28EBC0ED4EF3}.DebugX86|Any CPU.ActiveCfg = DebugX64|Any CPU
		{249AED06-ACF7-4FDD-9FCC-28EBC0ED4EF3}.DebugX86|Any CPU.Build.0 = DebugX64|Any CPU
		{249AED06-ACF7-4FDD-9FCC-28EBC0ED4EF3}.DebugX86|x64.ActiveCfg = DebugX64|Any CPU
		{249AED06-ACF7-4FDD-9FCC-28EBC0ED4EF3}.DebugX86|x64.Build.0 = DebugX64|Any CPU
		{249AED06-ACF7-4FDD-9FCC-28EBC0ED4EF3}.DebugX86|x86.ActiveCfg = DebugX64|Any CPU
		{249AED06-ACF7-4FDD-9FCC-28EBC0ED4EF3}.DebugX86|x86.Build.0 = DebugX64|Any CPU
		{249AED06-ACF7-4FDD-9FCC-28EBC0ED4EF3}.PreparatoryDebug|Any CPU.ActiveCfg = Debug|Any CPU
		{249AED06-ACF7-4FDD-9FCC-28EBC0ED4EF3}.PreparatoryDebug|Any CPU.Build.0 = Debug|Any CPU
		{249AED06-ACF7-4FDD-9FCC-28EBC0ED4EF3}.PreparatoryDebug|x64.ActiveCfg = Debug|Any CPU
		{249AED06-ACF7-4FDD-9FCC-28EBC0ED4EF3}.PreparatoryDebug|x64.Build.0 = Debug|Any CPU
		{249AED06-ACF7-4FDD-9FCC-28EBC0ED4EF3}.PreparatoryDebug|x86.ActiveCfg = Debug|Any CPU
		{249AED06-ACF7-4FDD-9FCC-28EBC0ED4EF3}.PreparatoryDebug|x86.Build.0 = Debug|Any CPU
		{249AED06-ACF7-4FDD-9FCC-28EBC0ED4EF3}.PreparatoryDebugX86|Any CPU.ActiveCfg = Debug|Any CPU
		{249AED06-ACF7-4FDD-9FCC-28EBC0ED4EF3}.PreparatoryDebugX86|Any CPU.Build.0 = Debug|Any CPU
		{249AED06-ACF7-4FDD-9FCC-28EBC0ED4EF3}.PreparatoryDebugX86|x64.ActiveCfg = Debug|Any CPU
		{249AED06-ACF7-4FDD-9FCC-28EBC0ED4EF3}.PreparatoryDebugX86|x64.Build.0 = Debug|Any CPU
		{249AED06-ACF7-4FDD-9FCC-28EBC0ED4EF3}.PreparatoryDebugX86|x86.ActiveCfg = Debug|Any CPU
		{249AED06-ACF7-4FDD-9FCC-28EBC0ED4EF3}.PreparatoryDebugX86|x86.Build.0 = Debug|Any CPU
		{249AED06-ACF7-4FDD-9FCC-28EBC0ED4EF3}.PreparatoryRelease|Any CPU.ActiveCfg = Release|Any CPU
		{249AED06-ACF7-4FDD-9FCC-28EBC0ED4EF3}.PreparatoryRelease|Any CPU.Build.0 = Release|Any CPU
		{249AED06-ACF7-4FDD-9FCC-28EBC0ED4EF3}.PreparatoryRelease|x64.ActiveCfg = Release|Any CPU
		{249AED06-ACF7-4FDD-9FCC-28EBC0ED4EF3}.PreparatoryRelease|x64.Build.0 = Release|Any CPU
		{249AED06-ACF7-4FDD-9FCC-28EBC0ED4EF3}.PreparatoryRelease|x86.ActiveCfg = Release|Any CPU
		{249AED06-ACF7-4FDD-9FCC-28EBC0ED4EF3}.PreparatoryRelease|x86.Build.0 = Release|Any CPU
		{249AED06-ACF7-4FDD-9FCC-28EBC0ED4EF3}.Release|Any CPU.ActiveCfg = Release|Any CPU
		{249AED06-ACF7-4FDD-9FCC-28EBC0ED4EF3}.Release|Any CPU.Build.0 = Release|Any CPU
		{249AED06-ACF7-4FDD-9FCC-28EBC0ED4EF3}.Release|x64.ActiveCfg = Release|Any CPU
		{249AED06-ACF7-4FDD-9FCC-28EBC0ED4EF3}.Release|x64.Build.0 = Release|Any CPU
		{249AED06-ACF7-4FDD-9FCC-28EBC0ED4EF3}.Release|x86.ActiveCfg = Release|Any CPU
		{249AED06-ACF7-4FDD-9FCC-28EBC0ED4EF3}.Release|x86.Build.0 = Release|Any CPU
		{249AED06-ACF7-4FDD-9FCC-28EBC0ED4EF3}.Test|Any CPU.ActiveCfg = DebugX64|Any CPU
		{249AED06-ACF7-4FDD-9FCC-28EBC0ED4EF3}.Test|Any CPU.Build.0 = DebugX64|Any CPU
		{249AED06-ACF7-4FDD-9FCC-28EBC0ED4EF3}.Test|x64.ActiveCfg = DebugX64|Any CPU
		{249AED06-ACF7-4FDD-9FCC-28EBC0ED4EF3}.Test|x64.Build.0 = DebugX64|Any CPU
		{249AED06-ACF7-4FDD-9FCC-28EBC0ED4EF3}.Test|x86.ActiveCfg = DebugX64|Any CPU
		{249AED06-ACF7-4FDD-9FCC-28EBC0ED4EF3}.Test|x86.Build.0 = DebugX64|Any CPU
		{88BCD590-EC67-487F-B8A0-E93F59C175ED}.Debug|Any CPU.ActiveCfg = Debug|Any CPU
		{88BCD590-EC67-487F-B8A0-E93F59C175ED}.Debug|Any CPU.Build.0 = Debug|Any CPU
		{88BCD590-EC67-487F-B8A0-E93F59C175ED}.Debug|x64.ActiveCfg = Debug|Any CPU
		{88BCD590-EC67-487F-B8A0-E93F59C175ED}.Debug|x64.Build.0 = Debug|Any CPU
		{88BCD590-EC67-487F-B8A0-E93F59C175ED}.Debug|x86.ActiveCfg = Debug|Any CPU
		{88BCD590-EC67-487F-B8A0-E93F59C175ED}.Debug|x86.Build.0 = Debug|Any CPU
		{88BCD590-EC67-487F-B8A0-E93F59C175ED}.DebugX64|Any CPU.ActiveCfg = DebugX64|Any CPU
		{88BCD590-EC67-487F-B8A0-E93F59C175ED}.DebugX64|Any CPU.Build.0 = DebugX64|Any CPU
		{88BCD590-EC67-487F-B8A0-E93F59C175ED}.DebugX64|x64.ActiveCfg = DebugX64|Any CPU
		{88BCD590-EC67-487F-B8A0-E93F59C175ED}.DebugX64|x64.Build.0 = DebugX64|Any CPU
		{88BCD590-EC67-487F-B8A0-E93F59C175ED}.DebugX64|x86.ActiveCfg = DebugX64|Any CPU
		{88BCD590-EC67-487F-B8A0-E93F59C175ED}.DebugX64|x86.Build.0 = DebugX64|Any CPU
		{88BCD590-EC67-487F-B8A0-E93F59C175ED}.DebugX86|Any CPU.ActiveCfg = DebugX64|Any CPU
		{88BCD590-EC67-487F-B8A0-E93F59C175ED}.DebugX86|Any CPU.Build.0 = DebugX64|Any CPU
		{88BCD590-EC67-487F-B8A0-E93F59C175ED}.DebugX86|x64.ActiveCfg = DebugX64|Any CPU
		{88BCD590-EC67-487F-B8A0-E93F59C175ED}.DebugX86|x64.Build.0 = DebugX64|Any CPU
		{88BCD590-EC67-487F-B8A0-E93F59C175ED}.DebugX86|x86.ActiveCfg = DebugX64|Any CPU
		{88BCD590-EC67-487F-B8A0-E93F59C175ED}.DebugX86|x86.Build.0 = DebugX64|Any CPU
		{88BCD590-EC67-487F-B8A0-E93F59C175ED}.PreparatoryDebug|Any CPU.ActiveCfg = Debug|Any CPU
		{88BCD590-EC67-487F-B8A0-E93F59C175ED}.PreparatoryDebug|Any CPU.Build.0 = Debug|Any CPU
		{88BCD590-EC67-487F-B8A0-E93F59C175ED}.PreparatoryDebug|x64.ActiveCfg = Debug|Any CPU
		{88BCD590-EC67-487F-B8A0-E93F59C175ED}.PreparatoryDebug|x64.Build.0 = Debug|Any CPU
		{88BCD590-EC67-487F-B8A0-E93F59C175ED}.PreparatoryDebug|x86.ActiveCfg = Debug|Any CPU
		{88BCD590-EC67-487F-B8A0-E93F59C175ED}.PreparatoryDebug|x86.Build.0 = Debug|Any CPU
		{88BCD590-EC67-487F-B8A0-E93F59C175ED}.PreparatoryDebugX86|Any CPU.ActiveCfg = Debug|Any CPU
		{88BCD590-EC67-487F-B8A0-E93F59C175ED}.PreparatoryDebugX86|Any CPU.Build.0 = Debug|Any CPU
		{88BCD590-EC67-487F-B8A0-E93F59C175ED}.PreparatoryDebugX86|x64.ActiveCfg = Debug|Any CPU
		{88BCD590-EC67-487F-B8A0-E93F59C175ED}.PreparatoryDebugX86|x64.Build.0 = Debug|Any CPU
		{88BCD590-EC67-487F-B8A0-E93F59C175ED}.PreparatoryDebugX86|x86.ActiveCfg = Debug|Any CPU
		{88BCD590-EC67-487F-B8A0-E93F59C175ED}.PreparatoryDebugX86|x86.Build.0 = Debug|Any CPU
		{88BCD590-EC67-487F-B8A0-E93F59C175ED}.PreparatoryRelease|Any CPU.ActiveCfg = Release|Any CPU
		{88BCD590-EC67-487F-B8A0-E93F59C175ED}.PreparatoryRelease|Any CPU.Build.0 = Release|Any CPU
		{88BCD590-EC67-487F-B8A0-E93F59C175ED}.PreparatoryRelease|x64.ActiveCfg = Release|Any CPU
		{88BCD590-EC67-487F-B8A0-E93F59C175ED}.PreparatoryRelease|x64.Build.0 = Release|Any CPU
		{88BCD590-EC67-487F-B8A0-E93F59C175ED}.PreparatoryRelease|x86.ActiveCfg = Release|Any CPU
		{88BCD590-EC67-487F-B8A0-E93F59C175ED}.PreparatoryRelease|x86.Build.0 = Release|Any CPU
		{88BCD590-EC67-487F-B8A0-E93F59C175ED}.Release|Any CPU.ActiveCfg = Release|Any CPU
		{88BCD590-EC67-487F-B8A0-E93F59C175ED}.Release|Any CPU.Build.0 = Release|Any CPU
		{88BCD590-EC67-487F-B8A0-E93F59C175ED}.Release|x64.ActiveCfg = Release|Any CPU
		{88BCD590-EC67-487F-B8A0-E93F59C175ED}.Release|x64.Build.0 = Release|Any CPU
		{88BCD590-EC67-487F-B8A0-E93F59C175ED}.Release|x86.ActiveCfg = Release|Any CPU
		{88BCD590-EC67-487F-B8A0-E93F59C175ED}.Release|x86.Build.0 = Release|Any CPU
		{88BCD590-EC67-487F-B8A0-E93F59C175ED}.Test|Any CPU.ActiveCfg = DebugX64|Any CPU
		{88BCD590-EC67-487F-B8A0-E93F59C175ED}.Test|Any CPU.Build.0 = DebugX64|Any CPU
		{88BCD590-EC67-487F-B8A0-E93F59C175ED}.Test|x64.ActiveCfg = DebugX64|Any CPU
		{88BCD590-EC67-487F-B8A0-E93F59C175ED}.Test|x64.Build.0 = DebugX64|Any CPU
		{88BCD590-EC67-487F-B8A0-E93F59C175ED}.Test|x86.ActiveCfg = DebugX64|Any CPU
		{88BCD590-EC67-487F-B8A0-E93F59C175ED}.Test|x86.Build.0 = DebugX64|Any CPU
		{F6BEC644-0230-400F-87A9-D612AE6D227A}.Debug|Any CPU.ActiveCfg = Debug|Any CPU
		{F6BEC644-0230-400F-87A9-D612AE6D227A}.Debug|Any CPU.Build.0 = Debug|Any CPU
		{F6BEC644-0230-400F-87A9-D612AE6D227A}.Debug|x64.ActiveCfg = Debug|Any CPU
		{F6BEC644-0230-400F-87A9-D612AE6D227A}.Debug|x64.Build.0 = Debug|Any CPU
		{F6BEC644-0230-400F-87A9-D612AE6D227A}.Debug|x86.ActiveCfg = Debug|Any CPU
		{F6BEC644-0230-400F-87A9-D612AE6D227A}.Debug|x86.Build.0 = Debug|Any CPU
		{F6BEC644-0230-400F-87A9-D612AE6D227A}.DebugX64|Any CPU.ActiveCfg = Debug|Any CPU
		{F6BEC644-0230-400F-87A9-D612AE6D227A}.DebugX64|Any CPU.Build.0 = Debug|Any CPU
		{F6BEC644-0230-400F-87A9-D612AE6D227A}.DebugX64|x64.ActiveCfg = Debug|Any CPU
		{F6BEC644-0230-400F-87A9-D612AE6D227A}.DebugX64|x64.Build.0 = Debug|Any CPU
		{F6BEC644-0230-400F-87A9-D612AE6D227A}.DebugX64|x86.ActiveCfg = Debug|Any CPU
		{F6BEC644-0230-400F-87A9-D612AE6D227A}.DebugX64|x86.Build.0 = Debug|Any CPU
		{F6BEC644-0230-400F-87A9-D612AE6D227A}.DebugX86|Any CPU.ActiveCfg = Debug|Any CPU
		{F6BEC644-0230-400F-87A9-D612AE6D227A}.DebugX86|Any CPU.Build.0 = Debug|Any CPU
		{F6BEC644-0230-400F-87A9-D612AE6D227A}.DebugX86|x64.ActiveCfg = Debug|Any CPU
		{F6BEC644-0230-400F-87A9-D612AE6D227A}.DebugX86|x64.Build.0 = Debug|Any CPU
		{F6BEC644-0230-400F-87A9-D612AE6D227A}.DebugX86|x86.ActiveCfg = Debug|Any CPU
		{F6BEC644-0230-400F-87A9-D612AE6D227A}.DebugX86|x86.Build.0 = Debug|Any CPU
		{F6BEC644-0230-400F-87A9-D612AE6D227A}.PreparatoryDebug|Any CPU.ActiveCfg = Debug|Any CPU
		{F6BEC644-0230-400F-87A9-D612AE6D227A}.PreparatoryDebug|Any CPU.Build.0 = Debug|Any CPU
		{F6BEC644-0230-400F-87A9-D612AE6D227A}.PreparatoryDebug|x64.ActiveCfg = Debug|Any CPU
		{F6BEC644-0230-400F-87A9-D612AE6D227A}.PreparatoryDebug|x64.Build.0 = Debug|Any CPU
		{F6BEC644-0230-400F-87A9-D612AE6D227A}.PreparatoryDebug|x86.ActiveCfg = Debug|Any CPU
		{F6BEC644-0230-400F-87A9-D612AE6D227A}.PreparatoryDebug|x86.Build.0 = Debug|Any CPU
		{F6BEC644-0230-400F-87A9-D612AE6D227A}.PreparatoryDebugX86|Any CPU.ActiveCfg = Debug|Any CPU
		{F6BEC644-0230-400F-87A9-D612AE6D227A}.PreparatoryDebugX86|Any CPU.Build.0 = Debug|Any CPU
		{F6BEC644-0230-400F-87A9-D612AE6D227A}.PreparatoryDebugX86|x64.ActiveCfg = Debug|Any CPU
		{F6BEC644-0230-400F-87A9-D612AE6D227A}.PreparatoryDebugX86|x64.Build.0 = Debug|Any CPU
		{F6BEC644-0230-400F-87A9-D612AE6D227A}.PreparatoryDebugX86|x86.ActiveCfg = Debug|Any CPU
		{F6BEC644-0230-400F-87A9-D612AE6D227A}.PreparatoryDebugX86|x86.Build.0 = Debug|Any CPU
		{F6BEC644-0230-400F-87A9-D612AE6D227A}.PreparatoryRelease|Any CPU.ActiveCfg = Release|Any CPU
		{F6BEC644-0230-400F-87A9-D612AE6D227A}.PreparatoryRelease|Any CPU.Build.0 = Release|Any CPU
		{F6BEC644-0230-400F-87A9-D612AE6D227A}.PreparatoryRelease|x64.ActiveCfg = Release|Any CPU
		{F6BEC644-0230-400F-87A9-D612AE6D227A}.PreparatoryRelease|x64.Build.0 = Release|Any CPU
		{F6BEC644-0230-400F-87A9-D612AE6D227A}.PreparatoryRelease|x86.ActiveCfg = Release|Any CPU
		{F6BEC644-0230-400F-87A9-D612AE6D227A}.PreparatoryRelease|x86.Build.0 = Release|Any CPU
		{F6BEC644-0230-400F-87A9-D612AE6D227A}.Release|Any CPU.ActiveCfg = Release|Any CPU
		{F6BEC644-0230-400F-87A9-D612AE6D227A}.Release|Any CPU.Build.0 = Release|Any CPU
		{F6BEC644-0230-400F-87A9-D612AE6D227A}.Release|x64.ActiveCfg = Release|Any CPU
		{F6BEC644-0230-400F-87A9-D612AE6D227A}.Release|x64.Build.0 = Release|Any CPU
		{F6BEC644-0230-400F-87A9-D612AE6D227A}.Release|x86.ActiveCfg = Release|Any CPU
		{F6BEC644-0230-400F-87A9-D612AE6D227A}.Release|x86.Build.0 = Release|Any CPU
		{F6BEC644-0230-400F-87A9-D612AE6D227A}.Test|Any CPU.ActiveCfg = Release|Any CPU
		{F6BEC644-0230-400F-87A9-D612AE6D227A}.Test|Any CPU.Build.0 = Release|Any CPU
		{F6BEC644-0230-400F-87A9-D612AE6D227A}.Test|x64.ActiveCfg = Release|Any CPU
		{F6BEC644-0230-400F-87A9-D612AE6D227A}.Test|x64.Build.0 = Release|Any CPU
		{F6BEC644-0230-400F-87A9-D612AE6D227A}.Test|x86.ActiveCfg = Release|Any CPU
		{F6BEC644-0230-400F-87A9-D612AE6D227A}.Test|x86.Build.0 = Release|Any CPU
		{8D5FF469-286E-4BA5-A399-0B7D4E7D4B8C}.Debug|Any CPU.ActiveCfg = Debug|Any CPU
		{8D5FF469-286E-4BA5-A399-0B7D4E7D4B8C}.Debug|Any CPU.Build.0 = Debug|Any CPU
		{8D5FF469-286E-4BA5-A399-0B7D4E7D4B8C}.Debug|x64.ActiveCfg = Debug|Any CPU
		{8D5FF469-286E-4BA5-A399-0B7D4E7D4B8C}.Debug|x64.Build.0 = Debug|Any CPU
		{8D5FF469-286E-4BA5-A399-0B7D4E7D4B8C}.Debug|x86.ActiveCfg = Debug|Any CPU
		{8D5FF469-286E-4BA5-A399-0B7D4E7D4B8C}.Debug|x86.Build.0 = Debug|Any CPU
		{8D5FF469-286E-4BA5-A399-0B7D4E7D4B8C}.DebugX64|Any CPU.ActiveCfg = DebugX64|Any CPU
		{8D5FF469-286E-4BA5-A399-0B7D4E7D4B8C}.DebugX64|Any CPU.Build.0 = DebugX64|Any CPU
		{8D5FF469-286E-4BA5-A399-0B7D4E7D4B8C}.DebugX64|x64.ActiveCfg = DebugX64|Any CPU
		{8D5FF469-286E-4BA5-A399-0B7D4E7D4B8C}.DebugX64|x64.Build.0 = DebugX64|Any CPU
		{8D5FF469-286E-4BA5-A399-0B7D4E7D4B8C}.DebugX64|x86.ActiveCfg = DebugX64|Any CPU
		{8D5FF469-286E-4BA5-A399-0B7D4E7D4B8C}.DebugX64|x86.Build.0 = DebugX64|Any CPU
		{8D5FF469-286E-4BA5-A399-0B7D4E7D4B8C}.DebugX86|Any CPU.ActiveCfg = DebugX64|Any CPU
		{8D5FF469-286E-4BA5-A399-0B7D4E7D4B8C}.DebugX86|Any CPU.Build.0 = DebugX64|Any CPU
		{8D5FF469-286E-4BA5-A399-0B7D4E7D4B8C}.DebugX86|x64.ActiveCfg = DebugX64|Any CPU
		{8D5FF469-286E-4BA5-A399-0B7D4E7D4B8C}.DebugX86|x64.Build.0 = DebugX64|Any CPU
		{8D5FF469-286E-4BA5-A399-0B7D4E7D4B8C}.DebugX86|x86.ActiveCfg = DebugX64|Any CPU
		{8D5FF469-286E-4BA5-A399-0B7D4E7D4B8C}.DebugX86|x86.Build.0 = DebugX64|Any CPU
		{8D5FF469-286E-4BA5-A399-0B7D4E7D4B8C}.PreparatoryDebug|Any CPU.ActiveCfg = Debug|Any CPU
		{8D5FF469-286E-4BA5-A399-0B7D4E7D4B8C}.PreparatoryDebug|Any CPU.Build.0 = Debug|Any CPU
		{8D5FF469-286E-4BA5-A399-0B7D4E7D4B8C}.PreparatoryDebug|x64.ActiveCfg = Debug|Any CPU
		{8D5FF469-286E-4BA5-A399-0B7D4E7D4B8C}.PreparatoryDebug|x64.Build.0 = Debug|Any CPU
		{8D5FF469-286E-4BA5-A399-0B7D4E7D4B8C}.PreparatoryDebug|x86.ActiveCfg = Debug|Any CPU
		{8D5FF469-286E-4BA5-A399-0B7D4E7D4B8C}.PreparatoryDebug|x86.Build.0 = Debug|Any CPU
		{8D5FF469-286E-4BA5-A399-0B7D4E7D4B8C}.PreparatoryDebugX86|Any CPU.ActiveCfg = Debug|Any CPU
		{8D5FF469-286E-4BA5-A399-0B7D4E7D4B8C}.PreparatoryDebugX86|Any CPU.Build.0 = Debug|Any CPU
		{8D5FF469-286E-4BA5-A399-0B7D4E7D4B8C}.PreparatoryDebugX86|x64.ActiveCfg = Debug|Any CPU
		{8D5FF469-286E-4BA5-A399-0B7D4E7D4B8C}.PreparatoryDebugX86|x64.Build.0 = Debug|Any CPU
		{8D5FF469-286E-4BA5-A399-0B7D4E7D4B8C}.PreparatoryDebugX86|x86.ActiveCfg = Debug|Any CPU
		{8D5FF469-286E-4BA5-A399-0B7D4E7D4B8C}.PreparatoryDebugX86|x86.Build.0 = Debug|Any CPU
		{8D5FF469-286E-4BA5-A399-0B7D4E7D4B8C}.PreparatoryRelease|Any CPU.ActiveCfg = Release|Any CPU
		{8D5FF469-286E-4BA5-A399-0B7D4E7D4B8C}.PreparatoryRelease|Any CPU.Build.0 = Release|Any CPU
		{8D5FF469-286E-4BA5-A399-0B7D4E7D4B8C}.PreparatoryRelease|x64.ActiveCfg = Release|Any CPU
		{8D5FF469-286E-4BA5-A399-0B7D4E7D4B8C}.PreparatoryRelease|x64.Build.0 = Release|Any CPU
		{8D5FF469-286E-4BA5-A399-0B7D4E7D4B8C}.PreparatoryRelease|x86.ActiveCfg = Release|Any CPU
		{8D5FF469-286E-4BA5-A399-0B7D4E7D4B8C}.PreparatoryRelease|x86.Build.0 = Release|Any CPU
		{8D5FF469-286E-4BA5-A399-0B7D4E7D4B8C}.Release|Any CPU.ActiveCfg = Release|Any CPU
		{8D5FF469-286E-4BA5-A399-0B7D4E7D4B8C}.Release|Any CPU.Build.0 = Release|Any CPU
		{8D5FF469-286E-4BA5-A399-0B7D4E7D4B8C}.Release|x64.ActiveCfg = Release|Any CPU
		{8D5FF469-286E-4BA5-A399-0B7D4E7D4B8C}.Release|x64.Build.0 = Release|Any CPU
		{8D5FF469-286E-4BA5-A399-0B7D4E7D4B8C}.Release|x86.ActiveCfg = Release|Any CPU
		{8D5FF469-286E-4BA5-A399-0B7D4E7D4B8C}.Release|x86.Build.0 = Release|Any CPU
		{8D5FF469-286E-4BA5-A399-0B7D4E7D4B8C}.Test|Any CPU.ActiveCfg = DebugX64|Any CPU
		{8D5FF469-286E-4BA5-A399-0B7D4E7D4B8C}.Test|Any CPU.Build.0 = DebugX64|Any CPU
		{8D5FF469-286E-4BA5-A399-0B7D4E7D4B8C}.Test|x64.ActiveCfg = DebugX64|Any CPU
		{8D5FF469-286E-4BA5-A399-0B7D4E7D4B8C}.Test|x64.Build.0 = DebugX64|Any CPU
		{8D5FF469-286E-4BA5-A399-0B7D4E7D4B8C}.Test|x86.ActiveCfg = DebugX64|Any CPU
		{8D5FF469-286E-4BA5-A399-0B7D4E7D4B8C}.Test|x86.Build.0 = DebugX64|Any CPU
		{5D1BC902-D101-4BA5-8619-2DB066DCE5A2}.Debug|Any CPU.ActiveCfg = Debug|Any CPU
		{5D1BC902-D101-4BA5-8619-2DB066DCE5A2}.Debug|Any CPU.Build.0 = Debug|Any CPU
		{5D1BC902-D101-4BA5-8619-2DB066DCE5A2}.Debug|x64.ActiveCfg = Debug|Any CPU
		{5D1BC902-D101-4BA5-8619-2DB066DCE5A2}.Debug|x64.Build.0 = Debug|Any CPU
		{5D1BC902-D101-4BA5-8619-2DB066DCE5A2}.Debug|x86.ActiveCfg = Debug|Any CPU
		{5D1BC902-D101-4BA5-8619-2DB066DCE5A2}.Debug|x86.Build.0 = Debug|Any CPU
		{5D1BC902-D101-4BA5-8619-2DB066DCE5A2}.DebugX64|Any CPU.ActiveCfg = DebugX64|Any CPU
		{5D1BC902-D101-4BA5-8619-2DB066DCE5A2}.DebugX64|Any CPU.Build.0 = DebugX64|Any CPU
		{5D1BC902-D101-4BA5-8619-2DB066DCE5A2}.DebugX64|x64.ActiveCfg = DebugX64|Any CPU
		{5D1BC902-D101-4BA5-8619-2DB066DCE5A2}.DebugX64|x64.Build.0 = DebugX64|Any CPU
		{5D1BC902-D101-4BA5-8619-2DB066DCE5A2}.DebugX64|x86.ActiveCfg = DebugX64|Any CPU
		{5D1BC902-D101-4BA5-8619-2DB066DCE5A2}.DebugX64|x86.Build.0 = DebugX64|Any CPU
		{5D1BC902-D101-4BA5-8619-2DB066DCE5A2}.DebugX86|Any CPU.ActiveCfg = DebugX64|Any CPU
		{5D1BC902-D101-4BA5-8619-2DB066DCE5A2}.DebugX86|Any CPU.Build.0 = DebugX64|Any CPU
		{5D1BC902-D101-4BA5-8619-2DB066DCE5A2}.DebugX86|x64.ActiveCfg = DebugX64|Any CPU
		{5D1BC902-D101-4BA5-8619-2DB066DCE5A2}.DebugX86|x64.Build.0 = DebugX64|Any CPU
		{5D1BC902-D101-4BA5-8619-2DB066DCE5A2}.DebugX86|x86.ActiveCfg = DebugX64|Any CPU
		{5D1BC902-D101-4BA5-8619-2DB066DCE5A2}.DebugX86|x86.Build.0 = DebugX64|Any CPU
		{5D1BC902-D101-4BA5-8619-2DB066DCE5A2}.PreparatoryDebug|Any CPU.ActiveCfg = Debug|Any CPU
		{5D1BC902-D101-4BA5-8619-2DB066DCE5A2}.PreparatoryDebug|Any CPU.Build.0 = Debug|Any CPU
		{5D1BC902-D101-4BA5-8619-2DB066DCE5A2}.PreparatoryDebug|x64.ActiveCfg = Debug|Any CPU
		{5D1BC902-D101-4BA5-8619-2DB066DCE5A2}.PreparatoryDebug|x64.Build.0 = Debug|Any CPU
		{5D1BC902-D101-4BA5-8619-2DB066DCE5A2}.PreparatoryDebug|x86.ActiveCfg = Debug|Any CPU
		{5D1BC902-D101-4BA5-8619-2DB066DCE5A2}.PreparatoryDebug|x86.Build.0 = Debug|Any CPU
		{5D1BC902-D101-4BA5-8619-2DB066DCE5A2}.PreparatoryDebugX86|Any CPU.ActiveCfg = Debug|Any CPU
		{5D1BC902-D101-4BA5-8619-2DB066DCE5A2}.PreparatoryDebugX86|Any CPU.Build.0 = Debug|Any CPU
		{5D1BC902-D101-4BA5-8619-2DB066DCE5A2}.PreparatoryDebugX86|x64.ActiveCfg = Debug|Any CPU
		{5D1BC902-D101-4BA5-8619-2DB066DCE5A2}.PreparatoryDebugX86|x64.Build.0 = Debug|Any CPU
		{5D1BC902-D101-4BA5-8619-2DB066DCE5A2}.PreparatoryDebugX86|x86.ActiveCfg = Debug|Any CPU
		{5D1BC902-D101-4BA5-8619-2DB066DCE5A2}.PreparatoryDebugX86|x86.Build.0 = Debug|Any CPU
		{5D1BC902-D101-4BA5-8619-2DB066DCE5A2}.PreparatoryRelease|Any CPU.ActiveCfg = Release|Any CPU
		{5D1BC902-D101-4BA5-8619-2DB066DCE5A2}.PreparatoryRelease|Any CPU.Build.0 = Release|Any CPU
		{5D1BC902-D101-4BA5-8619-2DB066DCE5A2}.PreparatoryRelease|x64.ActiveCfg = Release|Any CPU
		{5D1BC902-D101-4BA5-8619-2DB066DCE5A2}.PreparatoryRelease|x64.Build.0 = Release|Any CPU
		{5D1BC902-D101-4BA5-8619-2DB066DCE5A2}.PreparatoryRelease|x86.ActiveCfg = Release|Any CPU
		{5D1BC902-D101-4BA5-8619-2DB066DCE5A2}.PreparatoryRelease|x86.Build.0 = Release|Any CPU
		{5D1BC902-D101-4BA5-8619-2DB066DCE5A2}.Release|Any CPU.ActiveCfg = Release|Any CPU
		{5D1BC902-D101-4BA5-8619-2DB066DCE5A2}.Release|Any CPU.Build.0 = Release|Any CPU
		{5D1BC902-D101-4BA5-8619-2DB066DCE5A2}.Release|x64.ActiveCfg = Release|Any CPU
		{5D1BC902-D101-4BA5-8619-2DB066DCE5A2}.Release|x64.Build.0 = Release|Any CPU
		{5D1BC902-D101-4BA5-8619-2DB066DCE5A2}.Release|x86.ActiveCfg = Release|Any CPU
		{5D1BC902-D101-4BA5-8619-2DB066DCE5A2}.Release|x86.Build.0 = Release|Any CPU
		{5D1BC902-D101-4BA5-8619-2DB066DCE5A2}.Test|Any CPU.ActiveCfg = DebugX64|Any CPU
		{5D1BC902-D101-4BA5-8619-2DB066DCE5A2}.Test|Any CPU.Build.0 = DebugX64|Any CPU
		{5D1BC902-D101-4BA5-8619-2DB066DCE5A2}.Test|x64.ActiveCfg = DebugX64|Any CPU
		{5D1BC902-D101-4BA5-8619-2DB066DCE5A2}.Test|x64.Build.0 = DebugX64|Any CPU
		{5D1BC902-D101-4BA5-8619-2DB066DCE5A2}.Test|x86.ActiveCfg = DebugX64|Any CPU
		{5D1BC902-D101-4BA5-8619-2DB066DCE5A2}.Test|x86.Build.0 = DebugX64|Any CPU
		{8E6F8B7A-2A6B-41DF-9951-724500D2B86C}.Debug|Any CPU.ActiveCfg = Debug|Any CPU
		{8E6F8B7A-2A6B-41DF-9951-724500D2B86C}.Debug|Any CPU.Build.0 = Debug|Any CPU
		{8E6F8B7A-2A6B-41DF-9951-724500D2B86C}.Debug|x64.ActiveCfg = Debug|x64
		{8E6F8B7A-2A6B-41DF-9951-724500D2B86C}.Debug|x64.Build.0 = Debug|x64
		{8E6F8B7A-2A6B-41DF-9951-724500D2B86C}.Debug|x86.ActiveCfg = Debug|x86
		{8E6F8B7A-2A6B-41DF-9951-724500D2B86C}.Debug|x86.Build.0 = Debug|x86
		{8E6F8B7A-2A6B-41DF-9951-724500D2B86C}.DebugX64|Any CPU.ActiveCfg = DebugX64|Any CPU
		{8E6F8B7A-2A6B-41DF-9951-724500D2B86C}.DebugX64|Any CPU.Build.0 = DebugX64|Any CPU
		{8E6F8B7A-2A6B-41DF-9951-724500D2B86C}.DebugX64|x64.ActiveCfg = DebugX64|x64
		{8E6F8B7A-2A6B-41DF-9951-724500D2B86C}.DebugX64|x64.Build.0 = DebugX64|x64
		{8E6F8B7A-2A6B-41DF-9951-724500D2B86C}.DebugX64|x86.ActiveCfg = DebugX64|x86
		{8E6F8B7A-2A6B-41DF-9951-724500D2B86C}.DebugX64|x86.Build.0 = DebugX64|x86
		{8E6F8B7A-2A6B-41DF-9951-724500D2B86C}.DebugX86|Any CPU.ActiveCfg = DebugX86|Any CPU
		{8E6F8B7A-2A6B-41DF-9951-724500D2B86C}.DebugX86|Any CPU.Build.0 = DebugX86|Any CPU
		{8E6F8B7A-2A6B-41DF-9951-724500D2B86C}.DebugX86|x64.ActiveCfg = DebugX86|x64
		{8E6F8B7A-2A6B-41DF-9951-724500D2B86C}.DebugX86|x64.Build.0 = DebugX86|x64
		{8E6F8B7A-2A6B-41DF-9951-724500D2B86C}.DebugX86|x86.ActiveCfg = DebugX86|x86
		{8E6F8B7A-2A6B-41DF-9951-724500D2B86C}.DebugX86|x86.Build.0 = DebugX86|x86
		{8E6F8B7A-2A6B-41DF-9951-724500D2B86C}.PreparatoryDebug|Any CPU.ActiveCfg = PreparatoryDebug|Any CPU
		{8E6F8B7A-2A6B-41DF-9951-724500D2B86C}.PreparatoryDebug|Any CPU.Build.0 = PreparatoryDebug|Any CPU
		{8E6F8B7A-2A6B-41DF-9951-724500D2B86C}.PreparatoryDebug|x64.ActiveCfg = PreparatoryDebug|x64
		{8E6F8B7A-2A6B-41DF-9951-724500D2B86C}.PreparatoryDebug|x64.Build.0 = PreparatoryDebug|x64
		{8E6F8B7A-2A6B-41DF-9951-724500D2B86C}.PreparatoryDebug|x86.ActiveCfg = PreparatoryDebug|x86
		{8E6F8B7A-2A6B-41DF-9951-724500D2B86C}.PreparatoryDebug|x86.Build.0 = PreparatoryDebug|x86
		{8E6F8B7A-2A6B-41DF-9951-724500D2B86C}.PreparatoryDebugX86|Any CPU.ActiveCfg = PreparatoryDebugX86|Any CPU
		{8E6F8B7A-2A6B-41DF-9951-724500D2B86C}.PreparatoryDebugX86|Any CPU.Build.0 = PreparatoryDebugX86|Any CPU
		{8E6F8B7A-2A6B-41DF-9951-724500D2B86C}.PreparatoryDebugX86|x64.ActiveCfg = PreparatoryDebugX86|x64
		{8E6F8B7A-2A6B-41DF-9951-724500D2B86C}.PreparatoryDebugX86|x64.Build.0 = PreparatoryDebugX86|x64
		{8E6F8B7A-2A6B-41DF-9951-724500D2B86C}.PreparatoryDebugX86|x86.ActiveCfg = PreparatoryDebugX86|x86
		{8E6F8B7A-2A6B-41DF-9951-724500D2B86C}.PreparatoryDebugX86|x86.Build.0 = PreparatoryDebugX86|x86
		{8E6F8B7A-2A6B-41DF-9951-724500D2B86C}.PreparatoryRelease|Any CPU.ActiveCfg = PreparatoryRelease|Any CPU
		{8E6F8B7A-2A6B-41DF-9951-724500D2B86C}.PreparatoryRelease|Any CPU.Build.0 = PreparatoryRelease|Any CPU
		{8E6F8B7A-2A6B-41DF-9951-724500D2B86C}.PreparatoryRelease|x64.ActiveCfg = PreparatoryRelease|x64
		{8E6F8B7A-2A6B-41DF-9951-724500D2B86C}.PreparatoryRelease|x64.Build.0 = PreparatoryRelease|x64
		{8E6F8B7A-2A6B-41DF-9951-724500D2B86C}.PreparatoryRelease|x86.ActiveCfg = PreparatoryRelease|x86
		{8E6F8B7A-2A6B-41DF-9951-724500D2B86C}.PreparatoryRelease|x86.Build.0 = PreparatoryRelease|x86
		{8E6F8B7A-2A6B-41DF-9951-724500D2B86C}.Release|Any CPU.ActiveCfg = Release|Any CPU
		{8E6F8B7A-2A6B-41DF-9951-724500D2B86C}.Release|Any CPU.Build.0 = Release|Any CPU
		{8E6F8B7A-2A6B-41DF-9951-724500D2B86C}.Release|x64.ActiveCfg = Release|x64
		{8E6F8B7A-2A6B-41DF-9951-724500D2B86C}.Release|x64.Build.0 = Release|x64
		{8E6F8B7A-2A6B-41DF-9951-724500D2B86C}.Release|x86.ActiveCfg = Release|x86
		{8E6F8B7A-2A6B-41DF-9951-724500D2B86C}.Release|x86.Build.0 = Release|x86
		{8E6F8B7A-2A6B-41DF-9951-724500D2B86C}.Test|Any CPU.ActiveCfg = Test|Any CPU
		{8E6F8B7A-2A6B-41DF-9951-724500D2B86C}.Test|Any CPU.Build.0 = Test|Any CPU
		{8E6F8B7A-2A6B-41DF-9951-724500D2B86C}.Test|x64.ActiveCfg = Test|x64
		{8E6F8B7A-2A6B-41DF-9951-724500D2B86C}.Test|x64.Build.0 = Test|x64
		{8E6F8B7A-2A6B-41DF-9951-724500D2B86C}.Test|x86.ActiveCfg = Test|x86
		{8E6F8B7A-2A6B-41DF-9951-724500D2B86C}.Test|x86.Build.0 = Test|x86
	EndGlobalSection
	GlobalSection(SolutionProperties) = preSolution
		HideSolutionNode = FALSE
	EndGlobalSection
	GlobalSection(NestedProjects) = preSolution
		{88BCD590-EC67-487F-B8A0-E93F59C175ED} = {FA5041E6-99B8-4147-A0D5-59DA0B151C91}
		{F6BEC644-0230-400F-87A9-D612AE6D227A} = {FA5041E6-99B8-4147-A0D5-59DA0B151C91}
	EndGlobalSection
EndGlobal
