
Microsoft Visual Studio Solution File, Format Version 12.00
# Visual Studio 2013
VisualStudioVersion = 12.0.31101.0
MinimumVisualStudioVersion = 10.0.40219.1
Project("{FAE04EC0-301F-11D3-BF4B-00C04F79EFBC}") = "SolvencyII.Data", "..\SolvencyII.UI\SolvencyII.Data\SolvencyII.Data.csproj", "{A2EB048A-561C-4A6B-B554-4834EFED35C1}"
EndProject
Project("{FAE04EC0-301F-11D3-BF4B-00C04F79EFBC}") = "SolvencyII.Contracts", "..\SolvencyII.UI\SolvencyII.Contracts\SolvencyII.Contracts.csproj", "{5AA75030-8C24-4B3B-9313-5BF3058FFEBE}"
EndProject
Project("{FAE04EC0-301F-11D3-BF4B-00C04F79EFBC}") = "SolvencyII.Domain", "..\SolvencyII.UI\SolvencyII.Domain\SolvencyII.Domain.csproj", "{801FA2EA-C4D8-496A-BC96-E1272CF6502A}"
EndProject
Project("{FAE04EC0-301F-11D3-BF4B-00C04F79EFBC}") = "SolvencyII.Data.Shared", "..\SolvencyII.UI\SolvencyII.Data.Shared\SolvencyII.Data.Shared.csproj", "{9BA580CE-8585-4CC5-A971-4D7B4AF3323A}"
EndProject
Project("{FAE04EC0-301F-11D3-BF4B-00C04F79EFBC}") = "SolvencyII.Data.DBMS", "..\SolvencyII.UI\SolvencyII.Data.DBMS\SolvencyII.Data.DBMS.csproj", "{C8529596-FD06-4531-B31B-DD806A0FA7B4}"
EndProject
Project("{FAE04EC0-301F-11D3-BF4B-00C04F79EFBC}") = "T4UExcelImportExportTest", "T4UExcelImportExportTest\T4UExcelImportExportTest.csproj", "{87E206E3-3F3C-4CA3-9CF6-9A1DC0EF3AB6}"
EndProject
Project("{FAE04EC0-301F-11D3-BF4B-00C04F79EFBC}") = "SolvencyII.Extensibility.SOL2_1.0", "..\SolvencyII.UI\SolvencyII.Extensibility.SOL2\SolvencyII.Extensibility.SOL2_1.0.csproj", "{92044687-AAE8-432F-AED4-AE80059D9A98}"
EndProject
Project("{FAE04EC0-301F-11D3-BF4B-00C04F79EFBC}") = "SolvencyII.UI.Shared", "..\SolvencyII.UI\SolvencyII.UI.Shared\SolvencyII.UI.Shared.csproj", "{887EABCC-FC1F-4C9E-8991-ED1D86552931}"
EndProject
Project("{FAE04EC0-301F-11D3-BF4B-00C04F79EFBC}") = "ObjectListView2010", "..\SolvencyII.UI\ObjectListView\ObjectListView2010.csproj", "{18FEDA0C-D147-4286-B39A-01204808106A}"
EndProject
Project("{FAE04EC0-301F-11D3-BF4B-00C04F79EFBC}") = "AT2DPM.DAL", "..\..\5. AT2DPMdb\Source code\DPMdb2AT ver 2\AT2DPM.DAL\AT2DPM.DAL.csproj", "{19F81B4F-0C55-430D-9541-68631C667D2F}"
EndProject
Project("{FAE04EC0-301F-11D3-BF4B-00C04F79EFBC}") = "SolvencyII.Metrics", "SolvencyII.Metrics\SolvencyII.Metrics.csproj", "{C90B2C63-15E8-48EA-AEAA-BC51F78FBF78}"
EndProject
Project("{FAE04EC0-301F-11D3-BF4B-00C04F79EFBC}") = "SolvencyII.Metrics.Test", "SolvencyII.Metrics.Test\SolvencyII.Metrics.Test.csproj", "{49DCCAC6-1C68-48DA-9B1C-8657B57E4267}"
EndProject
Project("{FAE04EC0-301F-11D3-BF4B-00C04F79EFBC}") = "SolvencyII.ExcelImportExportLib", "SolvencyII.ExcelImportExportLib\SolvencyII.ExcelImportExportLib.csproj", "{F567AB66-368A-4E76-9CCC-4BD33DBEBA3C}"
EndProject
Global
	GlobalSection(SolutionConfigurationPlatforms) = preSolution
		Debug|Any CPU = Debug|Any CPU
		Debug|Mixed Platforms = Debug|Mixed Platforms
		Debug|x64 = Debug|x64
		Debug|x86 = Debug|x86
		DebugX86|Any CPU = DebugX86|Any CPU
		DebugX86|Mixed Platforms = DebugX86|Mixed Platforms
		DebugX86|x64 = DebugX86|x64
		DebugX86|x86 = DebugX86|x86
		PreparatoryDebug|Any CPU = PreparatoryDebug|Any CPU
		PreparatoryDebug|Mixed Platforms = PreparatoryDebug|Mixed Platforms
		PreparatoryDebug|x64 = PreparatoryDebug|x64
		PreparatoryDebug|x86 = PreparatoryDebug|x86
		PreparatoryDebugX86|Any CPU = PreparatoryDebugX86|Any CPU
		PreparatoryDebugX86|Mixed Platforms = PreparatoryDebugX86|Mixed Platforms
		PreparatoryDebugX86|x64 = PreparatoryDebugX86|x64
		PreparatoryDebugX86|x86 = PreparatoryDebugX86|x86
		PreparatoryRelease|Any CPU = PreparatoryRelease|Any CPU
		PreparatoryRelease|Mixed Platforms = PreparatoryRelease|Mixed Platforms
		PreparatoryRelease|x64 = PreparatoryRelease|x64
		PreparatoryRelease|x86 = PreparatoryRelease|x86
		Release|Any CPU = Release|Any CPU
		Release|Mixed Platforms = Release|Mixed Platforms
		Release|x64 = Release|x64
		Release|x86 = Release|x86
		Test|Any CPU = Test|Any CPU
		Test|Mixed Platforms = Test|Mixed Platforms
		Test|x64 = Test|x64
		Test|x86 = Test|x86
	EndGlobalSection
	GlobalSection(ProjectConfigurationPlatforms) = postSolution
		{A2EB048A-561C-4A6B-B554-4834EFED35C1}.Debug|Any CPU.ActiveCfg = Debug|x86
		{A2EB048A-561C-4A6B-B554-4834EFED35C1}.Debug|Mixed Platforms.ActiveCfg = Debug|x86
		{A2EB048A-561C-4A6B-B554-4834EFED35C1}.Debug|Mixed Platforms.Build.0 = Debug|x86
		{A2EB048A-561C-4A6B-B554-4834EFED35C1}.Debug|x64.ActiveCfg = Debug|x64
		{A2EB048A-561C-4A6B-B554-4834EFED35C1}.Debug|x86.ActiveCfg = Debug|x86
		{A2EB048A-561C-4A6B-B554-4834EFED35C1}.DebugX86|Any CPU.ActiveCfg = DebugX86|Any CPU
		{A2EB048A-561C-4A6B-B554-4834EFED35C1}.DebugX86|Any CPU.Build.0 = DebugX86|Any CPU
		{A2EB048A-561C-4A6B-B554-4834EFED35C1}.DebugX86|Mixed Platforms.ActiveCfg = DebugX86|x86
		{A2EB048A-561C-4A6B-B554-4834EFED35C1}.DebugX86|Mixed Platforms.Build.0 = DebugX86|x86
		{A2EB048A-561C-4A6B-B554-4834EFED35C1}.DebugX86|x64.ActiveCfg = DebugX86|x64
		{A2EB048A-561C-4A6B-B554-4834EFED35C1}.DebugX86|x86.ActiveCfg = DebugX86|x86
		{A2EB048A-561C-4A6B-B554-4834EFED35C1}.DebugX86|x86.Build.0 = DebugX86|x86
		{A2EB048A-561C-4A6B-B554-4834EFED35C1}.PreparatoryDebug|Any CPU.ActiveCfg = PreparatoryDebug|Any CPU
		{A2EB048A-561C-4A6B-B554-4834EFED35C1}.PreparatoryDebug|Any CPU.Build.0 = PreparatoryDebug|Any CPU
		{A2EB048A-561C-4A6B-B554-4834EFED35C1}.PreparatoryDebug|Mixed Platforms.ActiveCfg = PreparatoryDebug|x86
		{A2EB048A-561C-4A6B-B554-4834EFED35C1}.PreparatoryDebug|Mixed Platforms.Build.0 = PreparatoryDebug|x86
		{A2EB048A-561C-4A6B-B554-4834EFED35C1}.PreparatoryDebug|x64.ActiveCfg = PreparatoryDebug|x64
		{A2EB048A-561C-4A6B-B554-4834EFED35C1}.PreparatoryDebug|x86.ActiveCfg = PreparatoryDebug|x86
		{A2EB048A-561C-4A6B-B554-4834EFED35C1}.PreparatoryDebug|x86.Build.0 = PreparatoryDebug|x86
		{A2EB048A-561C-4A6B-B554-4834EFED35C1}.PreparatoryDebugX86|Any CPU.ActiveCfg = PreparatoryDebugX86|Any CPU
		{A2EB048A-561C-4A6B-B554-4834EFED35C1}.PreparatoryDebugX86|Any CPU.Build.0 = PreparatoryDebugX86|Any CPU
		{A2EB048A-561C-4A6B-B554-4834EFED35C1}.PreparatoryDebugX86|Mixed Platforms.ActiveCfg = PreparatoryDebugX86|x86
		{A2EB048A-561C-4A6B-B554-4834EFED35C1}.PreparatoryDebugX86|Mixed Platforms.Build.0 = PreparatoryDebugX86|x86
		{A2EB048A-561C-4A6B-B554-4834EFED35C1}.PreparatoryDebugX86|x64.ActiveCfg = PreparatoryDebugX86|x64
		{A2EB048A-561C-4A6B-B554-4834EFED35C1}.PreparatoryDebugX86|x86.ActiveCfg = PreparatoryDebugX86|x86
		{A2EB048A-561C-4A6B-B554-4834EFED35C1}.PreparatoryDebugX86|x86.Build.0 = PreparatoryDebugX86|x86
		{A2EB048A-561C-4A6B-B554-4834EFED35C1}.PreparatoryRelease|Any CPU.ActiveCfg = PreparatoryRelease|Any CPU
		{A2EB048A-561C-4A6B-B554-4834EFED35C1}.PreparatoryRelease|Any CPU.Build.0 = PreparatoryRelease|Any CPU
		{A2EB048A-561C-4A6B-B554-4834EFED35C1}.PreparatoryRelease|Mixed Platforms.ActiveCfg = PreparatoryRelease|x86
		{A2EB048A-561C-4A6B-B554-4834EFED35C1}.PreparatoryRelease|Mixed Platforms.Build.0 = PreparatoryRelease|x86
		{A2EB048A-561C-4A6B-B554-4834EFED35C1}.PreparatoryRelease|x64.ActiveCfg = PreparatoryRelease|x64
		{A2EB048A-561C-4A6B-B554-4834EFED35C1}.PreparatoryRelease|x86.ActiveCfg = PreparatoryRelease|x86
		{A2EB048A-561C-4A6B-B554-4834EFED35C1}.PreparatoryRelease|x86.Build.0 = PreparatoryRelease|x86
		{A2EB048A-561C-4A6B-B554-4834EFED35C1}.Release|Any CPU.ActiveCfg = Release|x86
		{A2EB048A-561C-4A6B-B554-4834EFED35C1}.Release|Mixed Platforms.ActiveCfg = Release|x86
		{A2EB048A-561C-4A6B-B554-4834EFED35C1}.Release|Mixed Platforms.Build.0 = Release|x86
		{A2EB048A-561C-4A6B-B554-4834EFED35C1}.Release|x64.ActiveCfg = Release|x64
		{A2EB048A-561C-4A6B-B554-4834EFED35C1}.Release|x86.ActiveCfg = Release|x86
		{A2EB048A-561C-4A6B-B554-4834EFED35C1}.Release|x86.Build.0 = Release|x86
		{A2EB048A-561C-4A6B-B554-4834EFED35C1}.Test|Any CPU.ActiveCfg = PreparatoryDebugX86|Any CPU
		{A2EB048A-561C-4A6B-B554-4834EFED35C1}.Test|Any CPU.Build.0 = PreparatoryDebugX86|Any CPU
		{A2EB048A-561C-4A6B-B554-4834EFED35C1}.Test|Mixed Platforms.ActiveCfg = PreparatoryDebugX86|x86
		{A2EB048A-561C-4A6B-B554-4834EFED35C1}.Test|Mixed Platforms.Build.0 = PreparatoryDebugX86|x86
		{A2EB048A-561C-4A6B-B554-4834EFED35C1}.Test|x64.ActiveCfg = PreparatoryDebugX86|x64
		{A2EB048A-561C-4A6B-B554-4834EFED35C1}.Test|x64.Build.0 = PreparatoryDebugX86|x64
		{A2EB048A-561C-4A6B-B554-4834EFED35C1}.Test|x86.ActiveCfg = PreparatoryDebugX86|x86
		{A2EB048A-561C-4A6B-B554-4834EFED35C1}.Test|x86.Build.0 = PreparatoryDebugX86|x86
		{5AA75030-8C24-4B3B-9313-5BF3058FFEBE}.Debug|Any CPU.ActiveCfg = Debug|Any CPU
		{5AA75030-8C24-4B3B-9313-5BF3058FFEBE}.Debug|Any CPU.Build.0 = Debug|Any CPU
		{5AA75030-8C24-4B3B-9313-5BF3058FFEBE}.Debug|Mixed Platforms.ActiveCfg = Debug|Any CPU
		{5AA75030-8C24-4B3B-9313-5BF3058FFEBE}.Debug|Mixed Platforms.Build.0 = Debug|Any CPU
		{5AA75030-8C24-4B3B-9313-5BF3058FFEBE}.Debug|x64.ActiveCfg = Debug|Any CPU
		{5AA75030-8C24-4B3B-9313-5BF3058FFEBE}.Debug|x86.ActiveCfg = Debug|Any CPU
		{5AA75030-8C24-4B3B-9313-5BF3058FFEBE}.DebugX86|Any CPU.ActiveCfg = Debug|Any CPU
		{5AA75030-8C24-4B3B-9313-5BF3058FFEBE}.DebugX86|Mixed Platforms.ActiveCfg = Debug|Any CPU
		{5AA75030-8C24-4B3B-9313-5BF3058FFEBE}.DebugX86|x64.ActiveCfg = Debug|Any CPU
		{5AA75030-8C24-4B3B-9313-5BF3058FFEBE}.DebugX86|x86.ActiveCfg = Debug|Any CPU
		{5AA75030-8C24-4B3B-9313-5BF3058FFEBE}.PreparatoryDebug|Any CPU.ActiveCfg = Debug|Any CPU
		{5AA75030-8C24-4B3B-9313-5BF3058FFEBE}.PreparatoryDebug|Mixed Platforms.ActiveCfg = Debug|Any CPU
		{5AA75030-8C24-4B3B-9313-5BF3058FFEBE}.PreparatoryDebug|x64.ActiveCfg = Debug|Any CPU
		{5AA75030-8C24-4B3B-9313-5BF3058FFEBE}.PreparatoryDebug|x86.ActiveCfg = Debug|Any CPU
		{5AA75030-8C24-4B3B-9313-5BF3058FFEBE}.PreparatoryDebugX86|Any CPU.ActiveCfg = Debug|Any CPU
		{5AA75030-8C24-4B3B-9313-5BF3058FFEBE}.PreparatoryDebugX86|Mixed Platforms.ActiveCfg = Debug|Any CPU
		{5AA75030-8C24-4B3B-9313-5BF3058FFEBE}.PreparatoryDebugX86|x64.ActiveCfg = Debug|Any CPU
		{5AA75030-8C24-4B3B-9313-5BF3058FFEBE}.PreparatoryDebugX86|x86.ActiveCfg = Debug|Any CPU
		{5AA75030-8C24-4B3B-9313-5BF3058FFEBE}.PreparatoryRelease|Any CPU.ActiveCfg = Release|Any CPU
		{5AA75030-8C24-4B3B-9313-5BF3058FFEBE}.PreparatoryRelease|Mixed Platforms.ActiveCfg = Release|Any CPU
		{5AA75030-8C24-4B3B-9313-5BF3058FFEBE}.PreparatoryRelease|x64.ActiveCfg = Release|Any CPU
		{5AA75030-8C24-4B3B-9313-5BF3058FFEBE}.PreparatoryRelease|x86.ActiveCfg = Release|Any CPU
		{5AA75030-8C24-4B3B-9313-5BF3058FFEBE}.Release|Any CPU.ActiveCfg = Release|Any CPU
		{5AA75030-8C24-4B3B-9313-5BF3058FFEBE}.Release|Any CPU.Build.0 = Release|Any CPU
		{5AA75030-8C24-4B3B-9313-5BF3058FFEBE}.Release|Mixed Platforms.ActiveCfg = Release|Any CPU
		{5AA75030-8C24-4B3B-9313-5BF3058FFEBE}.Release|Mixed Platforms.Build.0 = Release|Any CPU
		{5AA75030-8C24-4B3B-9313-5BF3058FFEBE}.Release|x64.ActiveCfg = Release|Any CPU
		{5AA75030-8C24-4B3B-9313-5BF3058FFEBE}.Release|x86.ActiveCfg = Release|Any CPU
		{5AA75030-8C24-4B3B-9313-5BF3058FFEBE}.Test|Any CPU.ActiveCfg = Release|Any CPU
		{5AA75030-8C24-4B3B-9313-5BF3058FFEBE}.Test|Mixed Platforms.ActiveCfg = Release|Any CPU
		{5AA75030-8C24-4B3B-9313-5BF3058FFEBE}.Test|x64.ActiveCfg = Release|Any CPU
		{5AA75030-8C24-4B3B-9313-5BF3058FFEBE}.Test|x86.ActiveCfg = Release|Any CPU
		{801FA2EA-C4D8-496A-BC96-E1272CF6502A}.Debug|Any CPU.ActiveCfg = Debug|Any CPU
		{801FA2EA-C4D8-496A-BC96-E1272CF6502A}.Debug|Mixed Platforms.ActiveCfg = Debug|Any CPU
		{801FA2EA-C4D8-496A-BC96-E1272CF6502A}.Debug|Mixed Platforms.Build.0 = Debug|Any CPU
		{801FA2EA-C4D8-496A-BC96-E1272CF6502A}.Debug|x64.ActiveCfg = Debug|x64
		{801FA2EA-C4D8-496A-BC96-E1272CF6502A}.Debug|x86.ActiveCfg = Debug|Any CPU
		{801FA2EA-C4D8-496A-BC96-E1272CF6502A}.DebugX86|Any CPU.ActiveCfg = DebugX86|Any CPU
		{801FA2EA-C4D8-496A-BC96-E1272CF6502A}.DebugX86|Any CPU.Build.0 = DebugX86|Any CPU
		{801FA2EA-C4D8-496A-BC96-E1272CF6502A}.DebugX86|Mixed Platforms.ActiveCfg = DebugX86|x86
		{801FA2EA-C4D8-496A-BC96-E1272CF6502A}.DebugX86|Mixed Platforms.Build.0 = DebugX86|x86
		{801FA2EA-C4D8-496A-BC96-E1272CF6502A}.DebugX86|x64.ActiveCfg = DebugX86|x64
		{801FA2EA-C4D8-496A-BC96-E1272CF6502A}.DebugX86|x64.Build.0 = DebugX86|x64
		{801FA2EA-C4D8-496A-BC96-E1272CF6502A}.DebugX86|x86.ActiveCfg = DebugX86|x86
		{801FA2EA-C4D8-496A-BC96-E1272CF6502A}.DebugX86|x86.Build.0 = DebugX86|x86
		{801FA2EA-C4D8-496A-BC96-E1272CF6502A}.PreparatoryDebug|Any CPU.ActiveCfg = PreparatoryDebug|Any CPU
		{801FA2EA-C4D8-496A-BC96-E1272CF6502A}.PreparatoryDebug|Any CPU.Build.0 = PreparatoryDebug|Any CPU
		{801FA2EA-C4D8-496A-BC96-E1272CF6502A}.PreparatoryDebug|Mixed Platforms.ActiveCfg = PreparatoryDebug|x86
		{801FA2EA-C4D8-496A-BC96-E1272CF6502A}.PreparatoryDebug|Mixed Platforms.Build.0 = PreparatoryDebug|x86
		{801FA2EA-C4D8-496A-BC96-E1272CF6502A}.PreparatoryDebug|x64.ActiveCfg = PreparatoryDebug|x64
		{801FA2EA-C4D8-496A-BC96-E1272CF6502A}.PreparatoryDebug|x64.Build.0 = PreparatoryDebug|x64
		{801FA2EA-C4D8-496A-BC96-E1272CF6502A}.PreparatoryDebug|x86.ActiveCfg = PreparatoryDebug|x86
		{801FA2EA-C4D8-496A-BC96-E1272CF6502A}.PreparatoryDebug|x86.Build.0 = PreparatoryDebug|x86
		{801FA2EA-C4D8-496A-BC96-E1272CF6502A}.PreparatoryDebugX86|Any CPU.ActiveCfg = PreparatoryDebugX86|Any CPU
		{801FA2EA-C4D8-496A-BC96-E1272CF6502A}.PreparatoryDebugX86|Any CPU.Build.0 = PreparatoryDebugX86|Any CPU
		{801FA2EA-C4D8-496A-BC96-E1272CF6502A}.PreparatoryDebugX86|Mixed Platforms.ActiveCfg = PreparatoryDebugX86|x86
		{801FA2EA-C4D8-496A-BC96-E1272CF6502A}.PreparatoryDebugX86|Mixed Platforms.Build.0 = PreparatoryDebugX86|x86
		{801FA2EA-C4D8-496A-BC96-E1272CF6502A}.PreparatoryDebugX86|x64.ActiveCfg = PreparatoryDebugX86|x64
		{801FA2EA-C4D8-496A-BC96-E1272CF6502A}.PreparatoryDebugX86|x64.Build.0 = PreparatoryDebugX86|x64
		{801FA2EA-C4D8-496A-BC96-E1272CF6502A}.PreparatoryDebugX86|x86.ActiveCfg = PreparatoryDebugX86|x86
		{801FA2EA-C4D8-496A-BC96-E1272CF6502A}.PreparatoryDebugX86|x86.Build.0 = PreparatoryDebugX86|x86
		{801FA2EA-C4D8-496A-BC96-E1272CF6502A}.PreparatoryRelease|Any CPU.ActiveCfg = PreparatoryRelease|Any CPU
		{801FA2EA-C4D8-496A-BC96-E1272CF6502A}.PreparatoryRelease|Any CPU.Build.0 = PreparatoryRelease|Any CPU
		{801FA2EA-C4D8-496A-BC96-E1272CF6502A}.PreparatoryRelease|Mixed Platforms.ActiveCfg = PreparatoryRelease|x86
		{801FA2EA-C4D8-496A-BC96-E1272CF6502A}.PreparatoryRelease|Mixed Platforms.Build.0 = PreparatoryRelease|x86
		{801FA2EA-C4D8-496A-BC96-E1272CF6502A}.PreparatoryRelease|x64.ActiveCfg = PreparatoryRelease|x64
		{801FA2EA-C4D8-496A-BC96-E1272CF6502A}.PreparatoryRelease|x64.Build.0 = PreparatoryRelease|x64
		{801FA2EA-C4D8-496A-BC96-E1272CF6502A}.PreparatoryRelease|x86.ActiveCfg = PreparatoryRelease|x86
		{801FA2EA-C4D8-496A-BC96-E1272CF6502A}.PreparatoryRelease|x86.Build.0 = PreparatoryRelease|x86
		{801FA2EA-C4D8-496A-BC96-E1272CF6502A}.Release|Any CPU.ActiveCfg = Release|Any CPU
		{801FA2EA-C4D8-496A-BC96-E1272CF6502A}.Release|Any CPU.Build.0 = Release|Any CPU
		{801FA2EA-C4D8-496A-BC96-E1272CF6502A}.Release|Mixed Platforms.ActiveCfg = Release|Any CPU
		{801FA2EA-C4D8-496A-BC96-E1272CF6502A}.Release|Mixed Platforms.Build.0 = Release|Any CPU
		{801FA2EA-C4D8-496A-BC96-E1272CF6502A}.Release|x64.ActiveCfg = Release|x64
		{801FA2EA-C4D8-496A-BC96-E1272CF6502A}.Release|x64.Build.0 = Release|x64
		{801FA2EA-C4D8-496A-BC96-E1272CF6502A}.Release|x86.ActiveCfg = Release|Any CPU
		{801FA2EA-C4D8-496A-BC96-E1272CF6502A}.Test|Any CPU.ActiveCfg = PreparatoryDebugX86|Any CPU
		{801FA2EA-C4D8-496A-BC96-E1272CF6502A}.Test|Any CPU.Build.0 = PreparatoryDebugX86|Any CPU
		{801FA2EA-C4D8-496A-BC96-E1272CF6502A}.Test|Mixed Platforms.ActiveCfg = PreparatoryDebugX86|x86
		{801FA2EA-C4D8-496A-BC96-E1272CF6502A}.Test|Mixed Platforms.Build.0 = PreparatoryDebugX86|x86
		{801FA2EA-C4D8-496A-BC96-E1272CF6502A}.Test|x64.ActiveCfg = PreparatoryDebugX86|x64
		{801FA2EA-C4D8-496A-BC96-E1272CF6502A}.Test|x64.Build.0 = PreparatoryDebugX86|x64
		{801FA2EA-C4D8-496A-BC96-E1272CF6502A}.Test|x86.ActiveCfg = PreparatoryDebugX86|x86
		{801FA2EA-C4D8-496A-BC96-E1272CF6502A}.Test|x86.Build.0 = PreparatoryDebugX86|x86
		{9BA580CE-8585-4CC5-A971-4D7B4AF3323A}.Debug|Any CPU.ActiveCfg = Debug|Any CPU
		{9BA580CE-8585-4CC5-A971-4D7B4AF3323A}.Debug|Mixed Platforms.ActiveCfg = Debug|Any CPU
		{9BA580CE-8585-4CC5-A971-4D7B4AF3323A}.Debug|Mixed Platforms.Build.0 = Debug|Any CPU
		{9BA580CE-8585-4CC5-A971-4D7B4AF3323A}.Debug|x64.ActiveCfg = Debug|x64
		{9BA580CE-8585-4CC5-A971-4D7B4AF3323A}.Debug|x86.ActiveCfg = Debug|Any CPU
		{9BA580CE-8585-4CC5-A971-4D7B4AF3323A}.DebugX86|Any CPU.ActiveCfg = DebugX86|Any CPU
		{9BA580CE-8585-4CC5-A971-4D7B4AF3323A}.DebugX86|Any CPU.Build.0 = DebugX86|Any CPU
		{9BA580CE-8585-4CC5-A971-4D7B4AF3323A}.DebugX86|Mixed Platforms.ActiveCfg = DebugX86|x86
		{9BA580CE-8585-4CC5-A971-4D7B4AF3323A}.DebugX86|Mixed Platforms.Build.0 = DebugX86|x86
		{9BA580CE-8585-4CC5-A971-4D7B4AF3323A}.DebugX86|x64.ActiveCfg = DebugX86|x64
		{9BA580CE-8585-4CC5-A971-4D7B4AF3323A}.DebugX86|x64.Build.0 = DebugX86|x64
		{9BA580CE-8585-4CC5-A971-4D7B4AF3323A}.DebugX86|x86.ActiveCfg = DebugX86|x86
		{9BA580CE-8585-4CC5-A971-4D7B4AF3323A}.DebugX86|x86.Build.0 = DebugX86|x86
		{9BA580CE-8585-4CC5-A971-4D7B4AF3323A}.PreparatoryDebug|Any CPU.ActiveCfg = PreparatoryDebug|Any CPU
		{9BA580CE-8585-4CC5-A971-4D7B4AF3323A}.PreparatoryDebug|Any CPU.Build.0 = PreparatoryDebug|Any CPU
		{9BA580CE-8585-4CC5-A971-4D7B4AF3323A}.PreparatoryDebug|Mixed Platforms.ActiveCfg = PreparatoryDebug|x86
		{9BA580CE-8585-4CC5-A971-4D7B4AF3323A}.PreparatoryDebug|Mixed Platforms.Build.0 = PreparatoryDebug|x86
		{9BA580CE-8585-4CC5-A971-4D7B4AF3323A}.PreparatoryDebug|x64.ActiveCfg = PreparatoryDebug|x64
		{9BA580CE-8585-4CC5-A971-4D7B4AF3323A}.PreparatoryDebug|x64.Build.0 = PreparatoryDebug|x64
		{9BA580CE-8585-4CC5-A971-4D7B4AF3323A}.PreparatoryDebug|x86.ActiveCfg = PreparatoryDebug|x86
		{9BA580CE-8585-4CC5-A971-4D7B4AF3323A}.PreparatoryDebug|x86.Build.0 = PreparatoryDebug|x86
		{9BA580CE-8585-4CC5-A971-4D7B4AF3323A}.PreparatoryDebugX86|Any CPU.ActiveCfg = PreparatoryDebugX86|Any CPU
		{9BA580CE-8585-4CC5-A971-4D7B4AF3323A}.PreparatoryDebugX86|Any CPU.Build.0 = PreparatoryDebugX86|Any CPU
		{9BA580CE-8585-4CC5-A971-4D7B4AF3323A}.PreparatoryDebugX86|Mixed Platforms.ActiveCfg = PreparatoryDebugX86|x86
		{9BA580CE-8585-4CC5-A971-4D7B4AF3323A}.PreparatoryDebugX86|Mixed Platforms.Build.0 = PreparatoryDebugX86|x86
		{9BA580CE-8585-4CC5-A971-4D7B4AF3323A}.PreparatoryDebugX86|x64.ActiveCfg = PreparatoryDebugX86|x64
		{9BA580CE-8585-4CC5-A971-4D7B4AF3323A}.PreparatoryDebugX86|x64.Build.0 = PreparatoryDebugX86|x64
		{9BA580CE-8585-4CC5-A971-4D7B4AF3323A}.PreparatoryDebugX86|x86.ActiveCfg = PreparatoryDebugX86|x86
		{9BA580CE-8585-4CC5-A971-4D7B4AF3323A}.PreparatoryDebugX86|x86.Build.0 = PreparatoryDebugX86|x86
		{9BA580CE-8585-4CC5-A971-4D7B4AF3323A}.PreparatoryRelease|Any CPU.ActiveCfg = PreparatoryRelease|Any CPU
		{9BA580CE-8585-4CC5-A971-4D7B4AF3323A}.PreparatoryRelease|Any CPU.Build.0 = PreparatoryRelease|Any CPU
		{9BA580CE-8585-4CC5-A971-4D7B4AF3323A}.PreparatoryRelease|Mixed Platforms.ActiveCfg = PreparatoryRelease|x86
		{9BA580CE-8585-4CC5-A971-4D7B4AF3323A}.PreparatoryRelease|Mixed Platforms.Build.0 = PreparatoryRelease|x86
		{9BA580CE-8585-4CC5-A971-4D7B4AF3323A}.PreparatoryRelease|x64.ActiveCfg = PreparatoryRelease|x64
		{9BA580CE-8585-4CC5-A971-4D7B4AF3323A}.PreparatoryRelease|x64.Build.0 = PreparatoryRelease|x64
		{9BA580CE-8585-4CC5-A971-4D7B4AF3323A}.PreparatoryRelease|x86.ActiveCfg = PreparatoryRelease|x86
		{9BA580CE-8585-4CC5-A971-4D7B4AF3323A}.PreparatoryRelease|x86.Build.0 = PreparatoryRelease|x86
		{9BA580CE-8585-4CC5-A971-4D7B4AF3323A}.Release|Any CPU.ActiveCfg = Release|Any CPU
		{9BA580CE-8585-4CC5-A971-4D7B4AF3323A}.Release|Any CPU.Build.0 = Release|Any CPU
		{9BA580CE-8585-4CC5-A971-4D7B4AF3323A}.Release|Mixed Platforms.ActiveCfg = Release|Any CPU
		{9BA580CE-8585-4CC5-A971-4D7B4AF3323A}.Release|Mixed Platforms.Build.0 = Release|Any CPU
		{9BA580CE-8585-4CC5-A971-4D7B4AF3323A}.Release|x64.ActiveCfg = Release|x64
		{9BA580CE-8585-4CC5-A971-4D7B4AF3323A}.Release|x64.Build.0 = Release|x64
		{9BA580CE-8585-4CC5-A971-4D7B4AF3323A}.Release|x86.ActiveCfg = Release|Any CPU
		{9BA580CE-8585-4CC5-A971-4D7B4AF3323A}.Test|Any CPU.ActiveCfg = PreparatoryDebugX86|Any CPU
		{9BA580CE-8585-4CC5-A971-4D7B4AF3323A}.Test|Any CPU.Build.0 = PreparatoryDebugX86|Any CPU
		{9BA580CE-8585-4CC5-A971-4D7B4AF3323A}.Test|Mixed Platforms.ActiveCfg = PreparatoryDebugX86|x86
		{9BA580CE-8585-4CC5-A971-4D7B4AF3323A}.Test|Mixed Platforms.Build.0 = PreparatoryDebugX86|x86
		{9BA580CE-8585-4CC5-A971-4D7B4AF3323A}.Test|x64.ActiveCfg = PreparatoryDebugX86|x64
		{9BA580CE-8585-4CC5-A971-4D7B4AF3323A}.Test|x64.Build.0 = PreparatoryDebugX86|x64
		{9BA580CE-8585-4CC5-A971-4D7B4AF3323A}.Test|x86.ActiveCfg = PreparatoryDebugX86|x86
		{9BA580CE-8585-4CC5-A971-4D7B4AF3323A}.Test|x86.Build.0 = PreparatoryDebugX86|x86
		{C8529596-FD06-4531-B31B-DD806A0FA7B4}.Debug|Any CPU.ActiveCfg = Debug|Any CPU
		{C8529596-FD06-4531-B31B-DD806A0FA7B4}.Debug|Mixed Platforms.ActiveCfg = Debug|Any CPU
		{C8529596-FD06-4531-B31B-DD806A0FA7B4}.Debug|Mixed Platforms.Build.0 = Debug|Any CPU
		{C8529596-FD06-4531-B31B-DD806A0FA7B4}.Debug|x64.ActiveCfg = Debug|x64
		{C8529596-FD06-4531-B31B-DD806A0FA7B4}.Debug|x86.ActiveCfg = Debug|Any CPU
		{C8529596-FD06-4531-B31B-DD806A0FA7B4}.DebugX86|Any CPU.ActiveCfg = DebugX86|Any CPU
		{C8529596-FD06-4531-B31B-DD806A0FA7B4}.DebugX86|Any CPU.Build.0 = DebugX86|Any CPU
		{C8529596-FD06-4531-B31B-DD806A0FA7B4}.DebugX86|Mixed Platforms.ActiveCfg = DebugX86|x86
		{C8529596-FD06-4531-B31B-DD806A0FA7B4}.DebugX86|Mixed Platforms.Build.0 = DebugX86|x86
		{C8529596-FD06-4531-B31B-DD806A0FA7B4}.DebugX86|x64.ActiveCfg = DebugX86|x64
		{C8529596-FD06-4531-B31B-DD806A0FA7B4}.DebugX86|x64.Build.0 = DebugX86|x64
		{C8529596-FD06-4531-B31B-DD806A0FA7B4}.DebugX86|x86.ActiveCfg = DebugX86|x86
		{C8529596-FD06-4531-B31B-DD806A0FA7B4}.DebugX86|x86.Build.0 = DebugX86|x86
		{C8529596-FD06-4531-B31B-DD806A0FA7B4}.PreparatoryDebug|Any CPU.ActiveCfg = PreparatoryDebug|Any CPU
		{C8529596-FD06-4531-B31B-DD806A0FA7B4}.PreparatoryDebug|Any CPU.Build.0 = PreparatoryDebug|Any CPU
		{C8529596-FD06-4531-B31B-DD806A0FA7B4}.PreparatoryDebug|Mixed Platforms.ActiveCfg = PreparatoryDebug|x86
		{C8529596-FD06-4531-B31B-DD806A0FA7B4}.PreparatoryDebug|Mixed Platforms.Build.0 = PreparatoryDebug|x86
		{C8529596-FD06-4531-B31B-DD806A0FA7B4}.PreparatoryDebug|x64.ActiveCfg = PreparatoryDebug|x64
		{C8529596-FD06-4531-B31B-DD806A0FA7B4}.PreparatoryDebug|x64.Build.0 = PreparatoryDebug|x64
		{C8529596-FD06-4531-B31B-DD806A0FA7B4}.PreparatoryDebug|x86.ActiveCfg = PreparatoryDebug|x86
		{C8529596-FD06-4531-B31B-DD806A0FA7B4}.PreparatoryDebug|x86.Build.0 = PreparatoryDebug|x86
		{C8529596-FD06-4531-B31B-DD806A0FA7B4}.PreparatoryDebugX86|Any CPU.ActiveCfg = PreparatoryDebugX86|Any CPU
		{C8529596-FD06-4531-B31B-DD806A0FA7B4}.PreparatoryDebugX86|Any CPU.Build.0 = PreparatoryDebugX86|Any CPU
		{C8529596-FD06-4531-B31B-DD806A0FA7B4}.PreparatoryDebugX86|Mixed Platforms.ActiveCfg = PreparatoryDebugX86|x86
		{C8529596-FD06-4531-B31B-DD806A0FA7B4}.PreparatoryDebugX86|Mixed Platforms.Build.0 = PreparatoryDebugX86|x86
		{C8529596-FD06-4531-B31B-DD806A0FA7B4}.PreparatoryDebugX86|x64.ActiveCfg = PreparatoryDebugX86|x64
		{C8529596-FD06-4531-B31B-DD806A0FA7B4}.PreparatoryDebugX86|x64.Build.0 = PreparatoryDebugX86|x64
		{C8529596-FD06-4531-B31B-DD806A0FA7B4}.PreparatoryDebugX86|x86.ActiveCfg = PreparatoryDebugX86|x86
		{C8529596-FD06-4531-B31B-DD806A0FA7B4}.PreparatoryDebugX86|x86.Build.0 = PreparatoryDebugX86|x86
		{C8529596-FD06-4531-B31B-DD806A0FA7B4}.PreparatoryRelease|Any CPU.ActiveCfg = PreparatoryRelease|Any CPU
		{C8529596-FD06-4531-B31B-DD806A0FA7B4}.PreparatoryRelease|Any CPU.Build.0 = PreparatoryRelease|Any CPU
		{C8529596-FD06-4531-B31B-DD806A0FA7B4}.PreparatoryRelease|Mixed Platforms.ActiveCfg = PreparatoryRelease|x86
		{C8529596-FD06-4531-B31B-DD806A0FA7B4}.PreparatoryRelease|Mixed Platforms.Build.0 = PreparatoryRelease|x86
		{C8529596-FD06-4531-B31B-DD806A0FA7B4}.PreparatoryRelease|x64.ActiveCfg = PreparatoryRelease|x64
		{C8529596-FD06-4531-B31B-DD806A0FA7B4}.PreparatoryRelease|x64.Build.0 = PreparatoryRelease|x64
		{C8529596-FD06-4531-B31B-DD806A0FA7B4}.PreparatoryRelease|x86.ActiveCfg = PreparatoryRelease|x86
		{C8529596-FD06-4531-B31B-DD806A0FA7B4}.PreparatoryRelease|x86.Build.0 = PreparatoryRelease|x86
		{C8529596-FD06-4531-B31B-DD806A0FA7B4}.Release|Any CPU.ActiveCfg = Release|Any CPU
		{C8529596-FD06-4531-B31B-DD806A0FA7B4}.Release|Any CPU.Build.0 = Release|Any CPU
		{C8529596-FD06-4531-B31B-DD806A0FA7B4}.Release|Mixed Platforms.ActiveCfg = Release|Any CPU
		{C8529596-FD06-4531-B31B-DD806A0FA7B4}.Release|Mixed Platforms.Build.0 = Release|Any CPU
		{C8529596-FD06-4531-B31B-DD806A0FA7B4}.Release|x64.ActiveCfg = Release|x64
		{C8529596-FD06-4531-B31B-DD806A0FA7B4}.Release|x64.Build.0 = Release|x64
		{C8529596-FD06-4531-B31B-DD806A0FA7B4}.Release|x86.ActiveCfg = Release|Any CPU
		{C8529596-FD06-4531-B31B-DD806A0FA7B4}.Test|Any CPU.ActiveCfg = DebugX64|Any CPU
		{C8529596-FD06-4531-B31B-DD806A0FA7B4}.Test|Any CPU.Build.0 = DebugX64|Any CPU
		{C8529596-FD06-4531-B31B-DD806A0FA7B4}.Test|Mixed Platforms.ActiveCfg = DebugX64|x86
		{C8529596-FD06-4531-B31B-DD806A0FA7B4}.Test|Mixed Platforms.Build.0 = DebugX64|x86
		{C8529596-FD06-4531-B31B-DD806A0FA7B4}.Test|x64.ActiveCfg = DebugX64|x64
		{C8529596-FD06-4531-B31B-DD806A0FA7B4}.Test|x64.Build.0 = DebugX64|x64
		{C8529596-FD06-4531-B31B-DD806A0FA7B4}.Test|x86.ActiveCfg = DebugX64|x86
		{C8529596-FD06-4531-B31B-DD806A0FA7B4}.Test|x86.Build.0 = DebugX64|x86
		{87E206E3-3F3C-4CA3-9CF6-9A1DC0EF3AB6}.Debug|Any CPU.ActiveCfg = Debug|Any CPU
		{87E206E3-3F3C-4CA3-9CF6-9A1DC0EF3AB6}.Debug|Mixed Platforms.ActiveCfg = Debug|Any CPU
		{87E206E3-3F3C-4CA3-9CF6-9A1DC0EF3AB6}.Debug|Mixed Platforms.Build.0 = Debug|Any CPU
		{87E206E3-3F3C-4CA3-9CF6-9A1DC0EF3AB6}.Debug|x64.ActiveCfg = Debug|x64
		{87E206E3-3F3C-4CA3-9CF6-9A1DC0EF3AB6}.Debug|x86.ActiveCfg = Debug|Any CPU
		{87E206E3-3F3C-4CA3-9CF6-9A1DC0EF3AB6}.DebugX86|Any CPU.ActiveCfg = Debug|Any CPU
		{87E206E3-3F3C-4CA3-9CF6-9A1DC0EF3AB6}.DebugX86|Any CPU.Build.0 = Debug|Any CPU
		{87E206E3-3F3C-4CA3-9CF6-9A1DC0EF3AB6}.DebugX86|Mixed Platforms.ActiveCfg = Debug|Any CPU
		{87E206E3-3F3C-4CA3-9CF6-9A1DC0EF3AB6}.DebugX86|Mixed Platforms.Build.0 = Debug|Any CPU
		{87E206E3-3F3C-4CA3-9CF6-9A1DC0EF3AB6}.DebugX86|x64.ActiveCfg = Debug|x64
		{87E206E3-3F3C-4CA3-9CF6-9A1DC0EF3AB6}.DebugX86|x64.Build.0 = Debug|x64
		{87E206E3-3F3C-4CA3-9CF6-9A1DC0EF3AB6}.DebugX86|x86.ActiveCfg = Debug|Any CPU
		{87E206E3-3F3C-4CA3-9CF6-9A1DC0EF3AB6}.PreparatoryDebug|Any CPU.ActiveCfg = Debug|Any CPU
		{87E206E3-3F3C-4CA3-9CF6-9A1DC0EF3AB6}.PreparatoryDebug|Any CPU.Build.0 = Debug|Any CPU
		{87E206E3-3F3C-4CA3-9CF6-9A1DC0EF3AB6}.PreparatoryDebug|Mixed Platforms.ActiveCfg = Debug|Any CPU
		{87E206E3-3F3C-4CA3-9CF6-9A1DC0EF3AB6}.PreparatoryDebug|Mixed Platforms.Build.0 = Debug|Any CPU
		{87E206E3-3F3C-4CA3-9CF6-9A1DC0EF3AB6}.PreparatoryDebug|x64.ActiveCfg = Debug|x64
		{87E206E3-3F3C-4CA3-9CF6-9A1DC0EF3AB6}.PreparatoryDebug|x64.Build.0 = Debug|x64
		{87E206E3-3F3C-4CA3-9CF6-9A1DC0EF3AB6}.PreparatoryDebug|x86.ActiveCfg = Debug|Any CPU
		{87E206E3-3F3C-4CA3-9CF6-9A1DC0EF3AB6}.PreparatoryDebugX86|Any CPU.ActiveCfg = Debug|Any CPU
		{87E206E3-3F3C-4CA3-9CF6-9A1DC0EF3AB6}.PreparatoryDebugX86|Any CPU.Build.0 = Debug|Any CPU
		{87E206E3-3F3C-4CA3-9CF6-9A1DC0EF3AB6}.PreparatoryDebugX86|Mixed Platforms.ActiveCfg = Debug|Any CPU
		{87E206E3-3F3C-4CA3-9CF6-9A1DC0EF3AB6}.PreparatoryDebugX86|Mixed Platforms.Build.0 = Debug|Any CPU
		{87E206E3-3F3C-4CA3-9CF6-9A1DC0EF3AB6}.PreparatoryDebugX86|x64.ActiveCfg = Debug|x64
		{87E206E3-3F3C-4CA3-9CF6-9A1DC0EF3AB6}.PreparatoryDebugX86|x64.Build.0 = Debug|x64
		{87E206E3-3F3C-4CA3-9CF6-9A1DC0EF3AB6}.PreparatoryDebugX86|x86.ActiveCfg = Debug|Any CPU
		{87E206E3-3F3C-4CA3-9CF6-9A1DC0EF3AB6}.PreparatoryRelease|Any CPU.ActiveCfg = Release|Any CPU
		{87E206E3-3F3C-4CA3-9CF6-9A1DC0EF3AB6}.PreparatoryRelease|Any CPU.Build.0 = Release|Any CPU
		{87E206E3-3F3C-4CA3-9CF6-9A1DC0EF3AB6}.PreparatoryRelease|Mixed Platforms.ActiveCfg = Release|Any CPU
		{87E206E3-3F3C-4CA3-9CF6-9A1DC0EF3AB6}.PreparatoryRelease|Mixed Platforms.Build.0 = Release|Any CPU
		{87E206E3-3F3C-4CA3-9CF6-9A1DC0EF3AB6}.PreparatoryRelease|x64.ActiveCfg = Release|x64
		{87E206E3-3F3C-4CA3-9CF6-9A1DC0EF3AB6}.PreparatoryRelease|x64.Build.0 = Release|x64
		{87E206E3-3F3C-4CA3-9CF6-9A1DC0EF3AB6}.PreparatoryRelease|x86.ActiveCfg = Release|Any CPU
		{87E206E3-3F3C-4CA3-9CF6-9A1DC0EF3AB6}.Release|Any CPU.ActiveCfg = Release|Any CPU
		{87E206E3-3F3C-4CA3-9CF6-9A1DC0EF3AB6}.Release|Any CPU.Build.0 = Release|Any CPU
		{87E206E3-3F3C-4CA3-9CF6-9A1DC0EF3AB6}.Release|Mixed Platforms.ActiveCfg = Release|Any CPU
		{87E206E3-3F3C-4CA3-9CF6-9A1DC0EF3AB6}.Release|Mixed Platforms.Build.0 = Release|Any CPU
		{87E206E3-3F3C-4CA3-9CF6-9A1DC0EF3AB6}.Release|x64.ActiveCfg = Release|x64
		{87E206E3-3F3C-4CA3-9CF6-9A1DC0EF3AB6}.Release|x64.Build.0 = Release|x64
		{87E206E3-3F3C-4CA3-9CF6-9A1DC0EF3AB6}.Release|x86.ActiveCfg = Release|Any CPU
		{87E206E3-3F3C-4CA3-9CF6-9A1DC0EF3AB6}.Test|Any CPU.ActiveCfg = Release|Any CPU
		{87E206E3-3F3C-4CA3-9CF6-9A1DC0EF3AB6}.Test|Any CPU.Build.0 = Release|Any CPU
		{87E206E3-3F3C-4CA3-9CF6-9A1DC0EF3AB6}.Test|Mixed Platforms.ActiveCfg = Release|Any CPU
		{87E206E3-3F3C-4CA3-9CF6-9A1DC0EF3AB6}.Test|Mixed Platforms.Build.0 = Release|Any CPU
		{87E206E3-3F3C-4CA3-9CF6-9A1DC0EF3AB6}.Test|x64.ActiveCfg = Release|x64
		{87E206E3-3F3C-4CA3-9CF6-9A1DC0EF3AB6}.Test|x64.Build.0 = Release|x64
		{87E206E3-3F3C-4CA3-9CF6-9A1DC0EF3AB6}.Test|x86.ActiveCfg = Release|Any CPU
		{92044687-AAE8-432F-AED4-AE80059D9A98}.Debug|Any CPU.ActiveCfg = Debug|Any CPU
		{92044687-AAE8-432F-AED4-AE80059D9A98}.Debug|Mixed Platforms.ActiveCfg = Debug|Any CPU
		{92044687-AAE8-432F-AED4-AE80059D9A98}.Debug|Mixed Platforms.Build.0 = Debug|Any CPU
		{92044687-AAE8-432F-AED4-AE80059D9A98}.Debug|x64.ActiveCfg = Debug|x64
		{92044687-AAE8-432F-AED4-AE80059D9A98}.Debug|x86.ActiveCfg = Debug|Any CPU
		{92044687-AAE8-432F-AED4-AE80059D9A98}.DebugX86|Any CPU.ActiveCfg = DebugX86|Any CPU
		{92044687-AAE8-432F-AED4-AE80059D9A98}.DebugX86|Any CPU.Build.0 = DebugX86|Any CPU
		{92044687-AAE8-432F-AED4-AE80059D9A98}.DebugX86|Mixed Platforms.ActiveCfg = DebugX86|x86
		{92044687-AAE8-432F-AED4-AE80059D9A98}.DebugX86|Mixed Platforms.Build.0 = DebugX86|x86
		{92044687-AAE8-432F-AED4-AE80059D9A98}.DebugX86|x64.ActiveCfg = DebugX86|x64
		{92044687-AAE8-432F-AED4-AE80059D9A98}.DebugX86|x64.Build.0 = DebugX86|x64
		{92044687-AAE8-432F-AED4-AE80059D9A98}.DebugX86|x86.ActiveCfg = DebugX86|x86
		{92044687-AAE8-432F-AED4-AE80059D9A98}.DebugX86|x86.Build.0 = DebugX86|x86
		{92044687-AAE8-432F-AED4-AE80059D9A98}.PreparatoryDebug|Any CPU.ActiveCfg = PreparatoryDebug|Any CPU
		{92044687-AAE8-432F-AED4-AE80059D9A98}.PreparatoryDebug|Any CPU.Build.0 = PreparatoryDebug|Any CPU
		{92044687-AAE8-432F-AED4-AE80059D9A98}.PreparatoryDebug|Mixed Platforms.ActiveCfg = PreparatoryDebug|x86
		{92044687-AAE8-432F-AED4-AE80059D9A98}.PreparatoryDebug|Mixed Platforms.Build.0 = PreparatoryDebug|x86
		{92044687-AAE8-432F-AED4-AE80059D9A98}.PreparatoryDebug|x64.ActiveCfg = PreparatoryDebug|x64
		{92044687-AAE8-432F-AED4-AE80059D9A98}.PreparatoryDebug|x64.Build.0 = PreparatoryDebug|x64
		{92044687-AAE8-432F-AED4-AE80059D9A98}.PreparatoryDebug|x86.ActiveCfg = PreparatoryDebug|x86
		{92044687-AAE8-432F-AED4-AE80059D9A98}.PreparatoryDebug|x86.Build.0 = PreparatoryDebug|x86
		{92044687-AAE8-432F-AED4-AE80059D9A98}.PreparatoryDebugX86|Any CPU.ActiveCfg = PreparatoryDebugX86|Any CPU
		{92044687-AAE8-432F-AED4-AE80059D9A98}.PreparatoryDebugX86|Any CPU.Build.0 = PreparatoryDebugX86|Any CPU
		{92044687-AAE8-432F-AED4-AE80059D9A98}.PreparatoryDebugX86|Mixed Platforms.ActiveCfg = PreparatoryDebugX86|x86
		{92044687-AAE8-432F-AED4-AE80059D9A98}.PreparatoryDebugX86|Mixed Platforms.Build.0 = PreparatoryDebugX86|x86
		{92044687-AAE8-432F-AED4-AE80059D9A98}.PreparatoryDebugX86|x64.ActiveCfg = PreparatoryDebugX86|x64
		{92044687-AAE8-432F-AED4-AE80059D9A98}.PreparatoryDebugX86|x64.Build.0 = PreparatoryDebugX86|x64
		{92044687-AAE8-432F-AED4-AE80059D9A98}.PreparatoryDebugX86|x86.ActiveCfg = PreparatoryDebugX86|x86
		{92044687-AAE8-432F-AED4-AE80059D9A98}.PreparatoryDebugX86|x86.Build.0 = PreparatoryDebugX86|x86
		{92044687-AAE8-432F-AED4-AE80059D9A98}.PreparatoryRelease|Any CPU.ActiveCfg = PreparatoryRelease|Any CPU
		{92044687-AAE8-432F-AED4-AE80059D9A98}.PreparatoryRelease|Any CPU.Build.0 = PreparatoryRelease|Any CPU
		{92044687-AAE8-432F-AED4-AE80059D9A98}.PreparatoryRelease|Mixed Platforms.ActiveCfg = PreparatoryRelease|x86
		{92044687-AAE8-432F-AED4-AE80059D9A98}.PreparatoryRelease|Mixed Platforms.Build.0 = PreparatoryRelease|x86
		{92044687-AAE8-432F-AED4-AE80059D9A98}.PreparatoryRelease|x64.ActiveCfg = PreparatoryRelease|x64
		{92044687-AAE8-432F-AED4-AE80059D9A98}.PreparatoryRelease|x64.Build.0 = PreparatoryRelease|x64
		{92044687-AAE8-432F-AED4-AE80059D9A98}.PreparatoryRelease|x86.ActiveCfg = PreparatoryRelease|x86
		{92044687-AAE8-432F-AED4-AE80059D9A98}.PreparatoryRelease|x86.Build.0 = PreparatoryRelease|x86
		{92044687-AAE8-432F-AED4-AE80059D9A98}.Release|Any CPU.ActiveCfg = Release|Any CPU
		{92044687-AAE8-432F-AED4-AE80059D9A98}.Release|Any CPU.Build.0 = Release|Any CPU
		{92044687-AAE8-432F-AED4-AE80059D9A98}.Release|Mixed Platforms.ActiveCfg = Release|Any CPU
		{92044687-AAE8-432F-AED4-AE80059D9A98}.Release|Mixed Platforms.Build.0 = Release|Any CPU
		{92044687-AAE8-432F-AED4-AE80059D9A98}.Release|x64.ActiveCfg = Release|x64
		{92044687-AAE8-432F-AED4-AE80059D9A98}.Release|x64.Build.0 = Release|x64
		{92044687-AAE8-432F-AED4-AE80059D9A98}.Release|x86.ActiveCfg = Release|Any CPU
		{92044687-AAE8-432F-AED4-AE80059D9A98}.Test|Any CPU.ActiveCfg = PreparatoryDebugX86|Any CPU
		{92044687-AAE8-432F-AED4-AE80059D9A98}.Test|Any CPU.Build.0 = PreparatoryDebugX86|Any CPU
		{92044687-AAE8-432F-AED4-AE80059D9A98}.Test|Mixed Platforms.ActiveCfg = PreparatoryDebugX86|x86
		{92044687-AAE8-432F-AED4-AE80059D9A98}.Test|Mixed Platforms.Build.0 = PreparatoryDebugX86|x86
		{92044687-AAE8-432F-AED4-AE80059D9A98}.Test|x64.ActiveCfg = PreparatoryDebugX86|x64
		{92044687-AAE8-432F-AED4-AE80059D9A98}.Test|x64.Build.0 = PreparatoryDebugX86|x64
		{92044687-AAE8-432F-AED4-AE80059D9A98}.Test|x86.ActiveCfg = PreparatoryDebugX86|x86
		{92044687-AAE8-432F-AED4-AE80059D9A98}.Test|x86.Build.0 = PreparatoryDebugX86|x86
		{887EABCC-FC1F-4C9E-8991-ED1D86552931}.Debug|Any CPU.ActiveCfg = Debug|Any CPU
		{887EABCC-FC1F-4C9E-8991-ED1D86552931}.Debug|Mixed Platforms.ActiveCfg = Debug|Any CPU
		{887EABCC-FC1F-4C9E-8991-ED1D86552931}.Debug|Mixed Platforms.Build.0 = Debug|Any CPU
		{887EABCC-FC1F-4C9E-8991-ED1D86552931}.Debug|x64.ActiveCfg = Debug|x64
		{887EABCC-FC1F-4C9E-8991-ED1D86552931}.Debug|x86.ActiveCfg = Debug|Any CPU
		{887EABCC-FC1F-4C9E-8991-ED1D86552931}.DebugX86|Any CPU.ActiveCfg = DebugX86|Any CPU
		{887EABCC-FC1F-4C9E-8991-ED1D86552931}.DebugX86|Any CPU.Build.0 = DebugX86|Any CPU
		{887EABCC-FC1F-4C9E-8991-ED1D86552931}.DebugX86|Mixed Platforms.ActiveCfg = DebugX86|x86
		{887EABCC-FC1F-4C9E-8991-ED1D86552931}.DebugX86|Mixed Platforms.Build.0 = DebugX86|x86
		{887EABCC-FC1F-4C9E-8991-ED1D86552931}.DebugX86|x64.ActiveCfg = DebugX86|x64
		{887EABCC-FC1F-4C9E-8991-ED1D86552931}.DebugX86|x64.Build.0 = DebugX86|x64
		{887EABCC-FC1F-4C9E-8991-ED1D86552931}.DebugX86|x86.ActiveCfg = DebugX86|x86
		{887EABCC-FC1F-4C9E-8991-ED1D86552931}.DebugX86|x86.Build.0 = DebugX86|x86
		{887EABCC-FC1F-4C9E-8991-ED1D86552931}.PreparatoryDebug|Any CPU.ActiveCfg = PreparatoryDebug|Any CPU
		{887EABCC-FC1F-4C9E-8991-ED1D86552931}.PreparatoryDebug|Any CPU.Build.0 = PreparatoryDebug|Any CPU
		{887EABCC-FC1F-4C9E-8991-ED1D86552931}.PreparatoryDebug|Mixed Platforms.ActiveCfg = PreparatoryDebug|x86
		{887EABCC-FC1F-4C9E-8991-ED1D86552931}.PreparatoryDebug|Mixed Platforms.Build.0 = PreparatoryDebug|x86
		{887EABCC-FC1F-4C9E-8991-ED1D86552931}.PreparatoryDebug|x64.ActiveCfg = PreparatoryDebug|x64
		{887EABCC-FC1F-4C9E-8991-ED1D86552931}.PreparatoryDebug|x64.Build.0 = PreparatoryDebug|x64
		{887EABCC-FC1F-4C9E-8991-ED1D86552931}.PreparatoryDebug|x86.ActiveCfg = PreparatoryDebug|x86
		{887EABCC-FC1F-4C9E-8991-ED1D86552931}.PreparatoryDebug|x86.Build.0 = PreparatoryDebug|x86
		{887EABCC-FC1F-4C9E-8991-ED1D86552931}.PreparatoryDebugX86|Any CPU.ActiveCfg = PreparatoryDebugX86|Any CPU
		{887EABCC-FC1F-4C9E-8991-ED1D86552931}.PreparatoryDebugX86|Any CPU.Build.0 = PreparatoryDebugX86|Any CPU
		{887EABCC-FC1F-4C9E-8991-ED1D86552931}.PreparatoryDebugX86|Mixed Platforms.ActiveCfg = PreparatoryDebugX86|x86
		{887EABCC-FC1F-4C9E-8991-ED1D86552931}.PreparatoryDebugX86|Mixed Platforms.Build.0 = PreparatoryDebugX86|x86
		{887EABCC-FC1F-4C9E-8991-ED1D86552931}.PreparatoryDebugX86|x64.ActiveCfg = PreparatoryDebugX86|x64
		{887EABCC-FC1F-4C9E-8991-ED1D86552931}.PreparatoryDebugX86|x64.Build.0 = PreparatoryDebugX86|x64
		{887EABCC-FC1F-4C9E-8991-ED1D86552931}.PreparatoryDebugX86|x86.ActiveCfg = PreparatoryDebugX86|x86
		{887EABCC-FC1F-4C9E-8991-ED1D86552931}.PreparatoryDebugX86|x86.Build.0 = PreparatoryDebugX86|x86
		{887EABCC-FC1F-4C9E-8991-ED1D86552931}.PreparatoryRelease|Any CPU.ActiveCfg = PreparatoryRelease|Any CPU
		{887EABCC-FC1F-4C9E-8991-ED1D86552931}.PreparatoryRelease|Any CPU.Build.0 = PreparatoryRelease|Any CPU
		{887EABCC-FC1F-4C9E-8991-ED1D86552931}.PreparatoryRelease|Mixed Platforms.ActiveCfg = PreparatoryRelease|x86
		{887EABCC-FC1F-4C9E-8991-ED1D86552931}.PreparatoryRelease|Mixed Platforms.Build.0 = PreparatoryRelease|x86
		{887EABCC-FC1F-4C9E-8991-ED1D86552931}.PreparatoryRelease|x64.ActiveCfg = PreparatoryRelease|x64
		{887EABCC-FC1F-4C9E-8991-ED1D86552931}.PreparatoryRelease|x64.Build.0 = PreparatoryRelease|x64
		{887EABCC-FC1F-4C9E-8991-ED1D86552931}.PreparatoryRelease|x86.ActiveCfg = PreparatoryRelease|x86
		{887EABCC-FC1F-4C9E-8991-ED1D86552931}.PreparatoryRelease|x86.Build.0 = PreparatoryRelease|x86
		{887EABCC-FC1F-4C9E-8991-ED1D86552931}.Release|Any CPU.ActiveCfg = Release|Any CPU
		{887EABCC-FC1F-4C9E-8991-ED1D86552931}.Release|Any CPU.Build.0 = Release|Any CPU
		{887EABCC-FC1F-4C9E-8991-ED1D86552931}.Release|Mixed Platforms.ActiveCfg = Release|Any CPU
		{887EABCC-FC1F-4C9E-8991-ED1D86552931}.Release|Mixed Platforms.Build.0 = Release|Any CPU
		{887EABCC-FC1F-4C9E-8991-ED1D86552931}.Release|x64.ActiveCfg = Release|x64
		{887EABCC-FC1F-4C9E-8991-ED1D86552931}.Release|x64.Build.0 = Release|x64
		{887EABCC-FC1F-4C9E-8991-ED1D86552931}.Release|x86.ActiveCfg = Release|Any CPU
		{887EABCC-FC1F-4C9E-8991-ED1D86552931}.Test|Any CPU.ActiveCfg = PreparatoryDebugX86|Any CPU
		{887EABCC-FC1F-4C9E-8991-ED1D86552931}.Test|Any CPU.Build.0 = PreparatoryDebugX86|Any CPU
		{887EABCC-FC1F-4C9E-8991-ED1D86552931}.Test|Mixed Platforms.ActiveCfg = PreparatoryDebugX86|x86
		{887EABCC-FC1F-4C9E-8991-ED1D86552931}.Test|Mixed Platforms.Build.0 = PreparatoryDebugX86|x86
		{887EABCC-FC1F-4C9E-8991-ED1D86552931}.Test|x64.ActiveCfg = PreparatoryDebugX86|x64
		{887EABCC-FC1F-4C9E-8991-ED1D86552931}.Test|x64.Build.0 = PreparatoryDebugX86|x64
		{887EABCC-FC1F-4C9E-8991-ED1D86552931}.Test|x86.ActiveCfg = PreparatoryDebugX86|x86
		{887EABCC-FC1F-4C9E-8991-ED1D86552931}.Test|x86.Build.0 = PreparatoryDebugX86|x86
		{18FEDA0C-D147-4286-B39A-01204808106A}.Debug|Any CPU.ActiveCfg = Debug|Any CPU
		{18FEDA0C-D147-4286-B39A-01204808106A}.Debug|Mixed Platforms.ActiveCfg = Debug|Any CPU
		{18FEDA0C-D147-4286-B39A-01204808106A}.Debug|Mixed Platforms.Build.0 = Debug|Any CPU
		{18FEDA0C-D147-4286-B39A-01204808106A}.Debug|x64.ActiveCfg = Debug|x64
		{18FEDA0C-D147-4286-B39A-01204808106A}.Debug|x86.ActiveCfg = Debug|Any CPU
		{18FEDA0C-D147-4286-B39A-01204808106A}.DebugX86|Any CPU.ActiveCfg = DebugX86|Any CPU
		{18FEDA0C-D147-4286-B39A-01204808106A}.DebugX86|Any CPU.Build.0 = DebugX86|Any CPU
		{18FEDA0C-D147-4286-B39A-01204808106A}.DebugX86|Mixed Platforms.ActiveCfg = DebugX86|x86
		{18FEDA0C-D147-4286-B39A-01204808106A}.DebugX86|Mixed Platforms.Build.0 = DebugX86|x86
		{18FEDA0C-D147-4286-B39A-01204808106A}.DebugX86|x64.ActiveCfg = DebugX86|x64
		{18FEDA0C-D147-4286-B39A-01204808106A}.DebugX86|x64.Build.0 = DebugX86|x64
		{18FEDA0C-D147-4286-B39A-01204808106A}.DebugX86|x86.ActiveCfg = DebugX86|x86
		{18FEDA0C-D147-4286-B39A-01204808106A}.DebugX86|x86.Build.0 = DebugX86|x86
		{18FEDA0C-D147-4286-B39A-01204808106A}.PreparatoryDebug|Any CPU.ActiveCfg = PreparatoryDebug|Any CPU
		{18FEDA0C-D147-4286-B39A-01204808106A}.PreparatoryDebug|Any CPU.Build.0 = PreparatoryDebug|Any CPU
		{18FEDA0C-D147-4286-B39A-01204808106A}.PreparatoryDebug|Mixed Platforms.ActiveCfg = PreparatoryDebug|x86
		{18FEDA0C-D147-4286-B39A-01204808106A}.PreparatoryDebug|Mixed Platforms.Build.0 = PreparatoryDebug|x86
		{18FEDA0C-D147-4286-B39A-01204808106A}.PreparatoryDebug|x64.ActiveCfg = PreparatoryDebug|x64
		{18FEDA0C-D147-4286-B39A-01204808106A}.PreparatoryDebug|x64.Build.0 = PreparatoryDebug|x64
		{18FEDA0C-D147-4286-B39A-01204808106A}.PreparatoryDebug|x86.ActiveCfg = PreparatoryDebug|x86
		{18FEDA0C-D147-4286-B39A-01204808106A}.PreparatoryDebug|x86.Build.0 = PreparatoryDebug|x86
		{18FEDA0C-D147-4286-B39A-01204808106A}.PreparatoryDebugX86|Any CPU.ActiveCfg = PreparatoryDebugX86|Any CPU
		{18FEDA0C-D147-4286-B39A-01204808106A}.PreparatoryDebugX86|Any CPU.Build.0 = PreparatoryDebugX86|Any CPU
		{18FEDA0C-D147-4286-B39A-01204808106A}.PreparatoryDebugX86|Mixed Platforms.ActiveCfg = PreparatoryDebugX86|x86
		{18FEDA0C-D147-4286-B39A-01204808106A}.PreparatoryDebugX86|Mixed Platforms.Build.0 = PreparatoryDebugX86|x86
		{18FEDA0C-D147-4286-B39A-01204808106A}.PreparatoryDebugX86|x64.ActiveCfg = PreparatoryDebugX86|x64
		{18FEDA0C-D147-4286-B39A-01204808106A}.PreparatoryDebugX86|x64.Build.0 = PreparatoryDebugX86|x64
		{18FEDA0C-D147-4286-B39A-01204808106A}.PreparatoryDebugX86|x86.ActiveCfg = PreparatoryDebugX86|x86
		{18FEDA0C-D147-4286-B39A-01204808106A}.PreparatoryDebugX86|x86.Build.0 = PreparatoryDebugX86|x86
		{18FEDA0C-D147-4286-B39A-01204808106A}.PreparatoryRelease|Any CPU.ActiveCfg = PreparatoryRelease|Any CPU
		{18FEDA0C-D147-4286-B39A-01204808106A}.PreparatoryRelease|Any CPU.Build.0 = PreparatoryRelease|Any CPU
		{18FEDA0C-D147-4286-B39A-01204808106A}.PreparatoryRelease|Mixed Platforms.ActiveCfg = PreparatoryRelease|x86
		{18FEDA0C-D147-4286-B39A-01204808106A}.PreparatoryRelease|Mixed Platforms.Build.0 = PreparatoryRelease|x86
		{18FEDA0C-D147-4286-B39A-01204808106A}.PreparatoryRelease|x64.ActiveCfg = PreparatoryRelease|x64
		{18FEDA0C-D147-4286-B39A-01204808106A}.PreparatoryRelease|x64.Build.0 = PreparatoryRelease|x64
		{18FEDA0C-D147-4286-B39A-01204808106A}.PreparatoryRelease|x86.ActiveCfg = PreparatoryRelease|x86
		{18FEDA0C-D147-4286-B39A-01204808106A}.PreparatoryRelease|x86.Build.0 = PreparatoryRelease|x86
		{18FEDA0C-D147-4286-B39A-01204808106A}.Release|Any CPU.ActiveCfg = Release|Any CPU
		{18FEDA0C-D147-4286-B39A-01204808106A}.Release|Any CPU.Build.0 = Release|Any CPU
		{18FEDA0C-D147-4286-B39A-01204808106A}.Release|Mixed Platforms.ActiveCfg = Release|Any CPU
		{18FEDA0C-D147-4286-B39A-01204808106A}.Release|Mixed Platforms.Build.0 = Release|Any CPU
		{18FEDA0C-D147-4286-B39A-01204808106A}.Release|x64.ActiveCfg = Release|x64
		{18FEDA0C-D147-4286-B39A-01204808106A}.Release|x64.Build.0 = Release|x64
		{18FEDA0C-D147-4286-B39A-01204808106A}.Release|x86.ActiveCfg = Release|Any CPU
		{18FEDA0C-D147-4286-B39A-01204808106A}.Test|Any CPU.ActiveCfg = DebugX64|Any CPU
		{18FEDA0C-D147-4286-B39A-01204808106A}.Test|Any CPU.Build.0 = DebugX64|Any CPU
		{18FEDA0C-D147-4286-B39A-01204808106A}.Test|Mixed Platforms.ActiveCfg = DebugX64|x86
		{18FEDA0C-D147-4286-B39A-01204808106A}.Test|Mixed Platforms.Build.0 = DebugX64|x86
		{18FEDA0C-D147-4286-B39A-01204808106A}.Test|x64.ActiveCfg = DebugX64|x64
		{18FEDA0C-D147-4286-B39A-01204808106A}.Test|x64.Build.0 = DebugX64|x64
		{18FEDA0C-D147-4286-B39A-01204808106A}.Test|x86.ActiveCfg = DebugX64|x86
		{18FEDA0C-D147-4286-B39A-01204808106A}.Test|x86.Build.0 = DebugX64|x86
		{19F81B4F-0C55-430D-9541-68631C667D2F}.Debug|Any CPU.ActiveCfg = Debug|Any CPU
		{19F81B4F-0C55-430D-9541-68631C667D2F}.Debug|Any CPU.Build.0 = Debug|Any CPU
		{19F81B4F-0C55-430D-9541-68631C667D2F}.Debug|Mixed Platforms.ActiveCfg = Debug|x86
		{19F81B4F-0C55-430D-9541-68631C667D2F}.Debug|Mixed Platforms.Build.0 = Debug|x86
		{19F81B4F-0C55-430D-9541-68631C667D2F}.Debug|x64.ActiveCfg = Debug|x64
		{19F81B4F-0C55-430D-9541-68631C667D2F}.Debug|x64.Build.0 = Debug|x64
		{19F81B4F-0C55-430D-9541-68631C667D2F}.Debug|x86.ActiveCfg = Debug|x86
		{19F81B4F-0C55-430D-9541-68631C667D2F}.Debug|x86.Build.0 = Debug|x86
		{19F81B4F-0C55-430D-9541-68631C667D2F}.DebugX86|Any CPU.ActiveCfg = DebugX86|Any CPU
		{19F81B4F-0C55-430D-9541-68631C667D2F}.DebugX86|Any CPU.Build.0 = DebugX86|Any CPU
		{19F81B4F-0C55-430D-9541-68631C667D2F}.DebugX86|Mixed Platforms.ActiveCfg = DebugX86|x86
		{19F81B4F-0C55-430D-9541-68631C667D2F}.DebugX86|Mixed Platforms.Build.0 = DebugX86|x86
		{19F81B4F-0C55-430D-9541-68631C667D2F}.DebugX86|x64.ActiveCfg = DebugX86|x64
		{19F81B4F-0C55-430D-9541-68631C667D2F}.DebugX86|x64.Build.0 = DebugX86|x64
		{19F81B4F-0C55-430D-9541-68631C667D2F}.DebugX86|x86.ActiveCfg = DebugX86|x86
		{19F81B4F-0C55-430D-9541-68631C667D2F}.DebugX86|x86.Build.0 = DebugX86|x86
		{19F81B4F-0C55-430D-9541-68631C667D2F}.PreparatoryDebug|Any CPU.ActiveCfg = PreparatoryDebug|Any CPU
		{19F81B4F-0C55-430D-9541-68631C667D2F}.PreparatoryDebug|Any CPU.Build.0 = PreparatoryDebug|Any CPU
		{19F81B4F-0C55-430D-9541-68631C667D2F}.PreparatoryDebug|Mixed Platforms.ActiveCfg = PreparatoryDebug|x86
		{19F81B4F-0C55-430D-9541-68631C667D2F}.PreparatoryDebug|Mixed Platforms.Build.0 = PreparatoryDebug|x86
		{19F81B4F-0C55-430D-9541-68631C667D2F}.PreparatoryDebug|x64.ActiveCfg = PreparatoryDebug|x64
		{19F81B4F-0C55-430D-9541-68631C667D2F}.PreparatoryDebug|x64.Build.0 = PreparatoryDebug|x64
		{19F81B4F-0C55-430D-9541-68631C667D2F}.PreparatoryDebug|x86.ActiveCfg = PreparatoryDebug|x86
		{19F81B4F-0C55-430D-9541-68631C667D2F}.PreparatoryDebug|x86.Build.0 = PreparatoryDebug|x86
		{19F81B4F-0C55-430D-9541-68631C667D2F}.PreparatoryDebugX86|Any CPU.ActiveCfg = PreparatoryDebugX86|Any CPU
		{19F81B4F-0C55-430D-9541-68631C667D2F}.PreparatoryDebugX86|Any CPU.Build.0 = PreparatoryDebugX86|Any CPU
		{19F81B4F-0C55-430D-9541-68631C667D2F}.PreparatoryDebugX86|Mixed Platforms.ActiveCfg = PreparatoryDebugX86|x86
		{19F81B4F-0C55-430D-9541-68631C667D2F}.PreparatoryDebugX86|Mixed Platforms.Build.0 = PreparatoryDebugX86|x86
		{19F81B4F-0C55-430D-9541-68631C667D2F}.PreparatoryDebugX86|x64.ActiveCfg = PreparatoryDebugX86|x64
		{19F81B4F-0C55-430D-9541-68631C667D2F}.PreparatoryDebugX86|x64.Build.0 = PreparatoryDebugX86|x64
		{19F81B4F-0C55-430D-9541-68631C667D2F}.PreparatoryDebugX86|x86.ActiveCfg = PreparatoryDebugX86|x86
		{19F81B4F-0C55-430D-9541-68631C667D2F}.PreparatoryDebugX86|x86.Build.0 = PreparatoryDebugX86|x86
		{19F81B4F-0C55-430D-9541-68631C667D2F}.PreparatoryRelease|Any CPU.ActiveCfg = PreparatoryRelease|Any CPU
		{19F81B4F-0C55-430D-9541-68631C667D2F}.PreparatoryRelease|Any CPU.Build.0 = PreparatoryRelease|Any CPU
		{19F81B4F-0C55-430D-9541-68631C667D2F}.PreparatoryRelease|Mixed Platforms.ActiveCfg = PreparatoryRelease|x86
		{19F81B4F-0C55-430D-9541-68631C667D2F}.PreparatoryRelease|Mixed Platforms.Build.0 = PreparatoryRelease|x86
		{19F81B4F-0C55-430D-9541-68631C667D2F}.PreparatoryRelease|x64.ActiveCfg = PreparatoryRelease|x64
		{19F81B4F-0C55-430D-9541-68631C667D2F}.PreparatoryRelease|x64.Build.0 = PreparatoryRelease|x64
		{19F81B4F-0C55-430D-9541-68631C667D2F}.PreparatoryRelease|x86.ActiveCfg = PreparatoryRelease|x86
		{19F81B4F-0C55-430D-9541-68631C667D2F}.PreparatoryRelease|x86.Build.0 = PreparatoryRelease|x86
		{19F81B4F-0C55-430D-9541-68631C667D2F}.Release|Any CPU.ActiveCfg = Release|Any CPU
		{19F81B4F-0C55-430D-9541-68631C667D2F}.Release|Any CPU.Build.0 = Release|Any CPU
		{19F81B4F-0C55-430D-9541-68631C667D2F}.Release|Mixed Platforms.ActiveCfg = Release|x86
		{19F81B4F-0C55-430D-9541-68631C667D2F}.Release|Mixed Platforms.Build.0 = Release|x86
		{19F81B4F-0C55-430D-9541-68631C667D2F}.Release|x64.ActiveCfg = Release|x64
		{19F81B4F-0C55-430D-9541-68631C667D2F}.Release|x64.Build.0 = Release|x64
		{19F81B4F-0C55-430D-9541-68631C667D2F}.Release|x86.ActiveCfg = Release|x86
		{19F81B4F-0C55-430D-9541-68631C667D2F}.Release|x86.Build.0 = Release|x86
		{19F81B4F-0C55-430D-9541-68631C667D2F}.Test|Any CPU.ActiveCfg = Test|Any CPU
		{19F81B4F-0C55-430D-9541-68631C667D2F}.Test|Any CPU.Build.0 = Test|Any CPU
		{19F81B4F-0C55-430D-9541-68631C667D2F}.Test|Mixed Platforms.ActiveCfg = Test|x86
		{19F81B4F-0C55-430D-9541-68631C667D2F}.Test|Mixed Platforms.Build.0 = Test|x86
		{19F81B4F-0C55-430D-9541-68631C667D2F}.Test|x64.ActiveCfg = Test|x64
		{19F81B4F-0C55-430D-9541-68631C667D2F}.Test|x64.Build.0 = Test|x64
		{19F81B4F-0C55-430D-9541-68631C667D2F}.Test|x86.ActiveCfg = Test|x86
		{19F81B4F-0C55-430D-9541-68631C667D2F}.Test|x86.Build.0 = Test|x86
		{C90B2C63-15E8-48EA-AEAA-BC51F78FBF78}.Debug|Any CPU.ActiveCfg = Debug|Any CPU
		{C90B2C63-15E8-48EA-AEAA-BC51F78FBF78}.Debug|Any CPU.Build.0 = Debug|Any CPU
		{C90B2C63-15E8-48EA-AEAA-BC51F78FBF78}.Debug|Mixed Platforms.ActiveCfg = Debug|x86
		{C90B2C63-15E8-48EA-AEAA-BC51F78FBF78}.Debug|Mixed Platforms.Build.0 = Debug|x86
		{C90B2C63-15E8-48EA-AEAA-BC51F78FBF78}.Debug|x64.ActiveCfg = Debug|x64
		{C90B2C63-15E8-48EA-AEAA-BC51F78FBF78}.Debug|x64.Build.0 = Debug|x64
		{C90B2C63-15E8-48EA-AEAA-BC51F78FBF78}.Debug|x86.ActiveCfg = Debug|x86
		{C90B2C63-15E8-48EA-AEAA-BC51F78FBF78}.Debug|x86.Build.0 = Debug|x86
		{C90B2C63-15E8-48EA-AEAA-BC51F78FBF78}.DebugX86|Any CPU.ActiveCfg = Debug|Any CPU
		{C90B2C63-15E8-48EA-AEAA-BC51F78FBF78}.DebugX86|Any CPU.Build.0 = Debug|Any CPU
		{C90B2C63-15E8-48EA-AEAA-BC51F78FBF78}.DebugX86|Mixed Platforms.ActiveCfg = Debug|Any CPU
		{C90B2C63-15E8-48EA-AEAA-BC51F78FBF78}.DebugX86|Mixed Platforms.Build.0 = Debug|Any CPU
		{C90B2C63-15E8-48EA-AEAA-BC51F78FBF78}.DebugX86|x64.ActiveCfg = Debug|x64
		{C90B2C63-15E8-48EA-AEAA-BC51F78FBF78}.DebugX86|x64.Build.0 = Debug|x64
		{C90B2C63-15E8-48EA-AEAA-BC51F78FBF78}.DebugX86|x86.ActiveCfg = Debug|Any CPU
		{C90B2C63-15E8-48EA-AEAA-BC51F78FBF78}.PreparatoryDebug|Any CPU.ActiveCfg = Debug|Any CPU
		{C90B2C63-15E8-48EA-AEAA-BC51F78FBF78}.PreparatoryDebug|Any CPU.Build.0 = Debug|Any CPU
		{C90B2C63-15E8-48EA-AEAA-BC51F78FBF78}.PreparatoryDebug|Mixed Platforms.ActiveCfg = Debug|Any CPU
		{C90B2C63-15E8-48EA-AEAA-BC51F78FBF78}.PreparatoryDebug|Mixed Platforms.Build.0 = Debug|Any CPU
		{C90B2C63-15E8-48EA-AEAA-BC51F78FBF78}.PreparatoryDebug|x64.ActiveCfg = Debug|x64
		{C90B2C63-15E8-48EA-AEAA-BC51F78FBF78}.PreparatoryDebug|x64.Build.0 = Debug|x64
		{C90B2C63-15E8-48EA-AEAA-BC51F78FBF78}.PreparatoryDebug|x86.ActiveCfg = Debug|Any CPU
		{C90B2C63-15E8-48EA-AEAA-BC51F78FBF78}.PreparatoryDebugX86|Any CPU.ActiveCfg = Debug|Any CPU
		{C90B2C63-15E8-48EA-AEAA-BC51F78FBF78}.PreparatoryDebugX86|Any CPU.Build.0 = Debug|Any CPU
		{C90B2C63-15E8-48EA-AEAA-BC51F78FBF78}.PreparatoryDebugX86|Mixed Platforms.ActiveCfg = Debug|Any CPU
		{C90B2C63-15E8-48EA-AEAA-BC51F78FBF78}.PreparatoryDebugX86|Mixed Platforms.Build.0 = Debug|Any CPU
		{C90B2C63-15E8-48EA-AEAA-BC51F78FBF78}.PreparatoryDebugX86|x64.ActiveCfg = Debug|x64
		{C90B2C63-15E8-48EA-AEAA-BC51F78FBF78}.PreparatoryDebugX86|x64.Build.0 = Debug|x64
		{C90B2C63-15E8-48EA-AEAA-BC51F78FBF78}.PreparatoryDebugX86|x86.ActiveCfg = Debug|Any CPU
		{C90B2C63-15E8-48EA-AEAA-BC51F78FBF78}.PreparatoryRelease|Any CPU.ActiveCfg = Release|Any CPU
		{C90B2C63-15E8-48EA-AEAA-BC51F78FBF78}.PreparatoryRelease|Any CPU.Build.0 = Release|Any CPU
		{C90B2C63-15E8-48EA-AEAA-BC51F78FBF78}.PreparatoryRelease|Mixed Platforms.ActiveCfg = Release|Any CPU
		{C90B2C63-15E8-48EA-AEAA-BC51F78FBF78}.PreparatoryRelease|Mixed Platforms.Build.0 = Release|Any CPU
		{C90B2C63-15E8-48EA-AEAA-BC51F78FBF78}.PreparatoryRelease|x64.ActiveCfg = Release|x64
		{C90B2C63-15E8-48EA-AEAA-BC51F78FBF78}.PreparatoryRelease|x64.Build.0 = Release|x64
		{C90B2C63-15E8-48EA-AEAA-BC51F78FBF78}.PreparatoryRelease|x86.ActiveCfg = Release|Any CPU
		{C90B2C63-15E8-48EA-AEAA-BC51F78FBF78}.Release|Any CPU.ActiveCfg = Release|Any CPU
		{C90B2C63-15E8-48EA-AEAA-BC51F78FBF78}.Release|Any CPU.Build.0 = Release|Any CPU
		{C90B2C63-15E8-48EA-AEAA-BC51F78FBF78}.Release|Mixed Platforms.ActiveCfg = Release|Any CPU
		{C90B2C63-15E8-48EA-AEAA-BC51F78FBF78}.Release|Mixed Platforms.Build.0 = Release|Any CPU
		{C90B2C63-15E8-48EA-AEAA-BC51F78FBF78}.Release|x64.ActiveCfg = Release|x64
		{C90B2C63-15E8-48EA-AEAA-BC51F78FBF78}.Release|x64.Build.0 = Release|x64
		{C90B2C63-15E8-48EA-AEAA-BC51F78FBF78}.Release|x86.ActiveCfg = Release|Any CPU
		{C90B2C63-15E8-48EA-AEAA-BC51F78FBF78}.Test|Any CPU.ActiveCfg = Release|Any CPU
		{C90B2C63-15E8-48EA-AEAA-BC51F78FBF78}.Test|Any CPU.Build.0 = Release|Any CPU
		{C90B2C63-15E8-48EA-AEAA-BC51F78FBF78}.Test|Mixed Platforms.ActiveCfg = Release|Any CPU
		{C90B2C63-15E8-48EA-AEAA-BC51F78FBF78}.Test|Mixed Platforms.Build.0 = Release|Any CPU
		{C90B2C63-15E8-48EA-AEAA-BC51F78FBF78}.Test|x64.ActiveCfg = Release|x64
		{C90B2C63-15E8-48EA-AEAA-BC51F78FBF78}.Test|x64.Build.0 = Release|x64
		{C90B2C63-15E8-48EA-AEAA-BC51F78FBF78}.Test|x86.ActiveCfg = Release|Any CPU
		{49DCCAC6-1C68-48DA-9B1C-8657B57E4267}.Debug|Any CPU.ActiveCfg = Debug|Any CPU
		{49DCCAC6-1C68-48DA-9B1C-8657B57E4267}.Debug|Any CPU.Build.0 = Debug|Any CPU
		{49DCCAC6-1C68-48DA-9B1C-8657B57E4267}.Debug|Mixed Platforms.ActiveCfg = Debug|Any CPU
		{49DCCAC6-1C68-48DA-9B1C-8657B57E4267}.Debug|Mixed Platforms.Build.0 = Debug|Any CPU
		{49DCCAC6-1C68-48DA-9B1C-8657B57E4267}.Debug|x64.ActiveCfg = Debug|x86
		{49DCCAC6-1C68-48DA-9B1C-8657B57E4267}.Debug|x64.Build.0 = Debug|x86
		{49DCCAC6-1C68-48DA-9B1C-8657B57E4267}.Debug|x86.ActiveCfg = Debug|x86
		{49DCCAC6-1C68-48DA-9B1C-8657B57E4267}.Debug|x86.Build.0 = Debug|x86
		{49DCCAC6-1C68-48DA-9B1C-8657B57E4267}.DebugX86|Any CPU.ActiveCfg = Debug|Any CPU
		{49DCCAC6-1C68-48DA-9B1C-8657B57E4267}.DebugX86|Any CPU.Build.0 = Debug|Any CPU
		{49DCCAC6-1C68-48DA-9B1C-8657B57E4267}.DebugX86|Mixed Platforms.ActiveCfg = Debug|Any CPU
		{49DCCAC6-1C68-48DA-9B1C-8657B57E4267}.DebugX86|Mixed Platforms.Build.0 = Debug|Any CPU
		{49DCCAC6-1C68-48DA-9B1C-8657B57E4267}.DebugX86|x64.ActiveCfg = Debug|Any CPU
		{49DCCAC6-1C68-48DA-9B1C-8657B57E4267}.DebugX86|x86.ActiveCfg = Debug|Any CPU
		{49DCCAC6-1C68-48DA-9B1C-8657B57E4267}.PreparatoryDebug|Any CPU.ActiveCfg = Debug|Any CPU
		{49DCCAC6-1C68-48DA-9B1C-8657B57E4267}.PreparatoryDebug|Any CPU.Build.0 = Debug|Any CPU
		{49DCCAC6-1C68-48DA-9B1C-8657B57E4267}.PreparatoryDebug|Mixed Platforms.ActiveCfg = Debug|Any CPU
		{49DCCAC6-1C68-48DA-9B1C-8657B57E4267}.PreparatoryDebug|Mixed Platforms.Build.0 = Debug|Any CPU
		{49DCCAC6-1C68-48DA-9B1C-8657B57E4267}.PreparatoryDebug|x64.ActiveCfg = Debug|Any CPU
		{49DCCAC6-1C68-48DA-9B1C-8657B57E4267}.PreparatoryDebug|x86.ActiveCfg = Debug|Any CPU
		{49DCCAC6-1C68-48DA-9B1C-8657B57E4267}.PreparatoryDebugX86|Any CPU.ActiveCfg = Debug|Any CPU
		{49DCCAC6-1C68-48DA-9B1C-8657B57E4267}.PreparatoryDebugX86|Any CPU.Build.0 = Debug|Any CPU
		{49DCCAC6-1C68-48DA-9B1C-8657B57E4267}.PreparatoryDebugX86|Mixed Platforms.ActiveCfg = Debug|Any CPU
		{49DCCAC6-1C68-48DA-9B1C-8657B57E4267}.PreparatoryDebugX86|Mixed Platforms.Build.0 = Debug|Any CPU
		{49DCCAC6-1C68-48DA-9B1C-8657B57E4267}.PreparatoryDebugX86|x64.ActiveCfg = Debug|Any CPU
		{49DCCAC6-1C68-48DA-9B1C-8657B57E4267}.PreparatoryDebugX86|x86.ActiveCfg = Debug|Any CPU
		{49DCCAC6-1C68-48DA-9B1C-8657B57E4267}.PreparatoryRelease|Any CPU.ActiveCfg = Release|Any CPU
		{49DCCAC6-1C68-48DA-9B1C-8657B57E4267}.PreparatoryRelease|Any CPU.Build.0 = Release|Any CPU
		{49DCCAC6-1C68-48DA-9B1C-8657B57E4267}.PreparatoryRelease|Mixed Platforms.ActiveCfg = Release|Any CPU
		{49DCCAC6-1C68-48DA-9B1C-8657B57E4267}.PreparatoryRelease|Mixed Platforms.Build.0 = Release|Any CPU
		{49DCCAC6-1C68-48DA-9B1C-8657B57E4267}.PreparatoryRelease|x64.ActiveCfg = Release|Any CPU
		{49DCCAC6-1C68-48DA-9B1C-8657B57E4267}.PreparatoryRelease|x86.ActiveCfg = Release|Any CPU
		{49DCCAC6-1C68-48DA-9B1C-8657B57E4267}.Release|Any CPU.ActiveCfg = Release|Any CPU
		{49DCCAC6-1C68-48DA-9B1C-8657B57E4267}.Release|Any CPU.Build.0 = Release|Any CPU
		{49DCCAC6-1C68-48DA-9B1C-8657B57E4267}.Release|Mixed Platforms.ActiveCfg = Release|Any CPU
		{49DCCAC6-1C68-48DA-9B1C-8657B57E4267}.Release|Mixed Platforms.Build.0 = Release|Any CPU
		{49DCCAC6-1C68-48DA-9B1C-8657B57E4267}.Release|x64.ActiveCfg = Release|Any CPU
		{49DCCAC6-1C68-48DA-9B1C-8657B57E4267}.Release|x86.ActiveCfg = Release|Any CPU
		{49DCCAC6-1C68-48DA-9B1C-8657B57E4267}.Test|Any CPU.ActiveCfg = Release|Any CPU
		{49DCCAC6-1C68-48DA-9B1C-8657B57E4267}.Test|Any CPU.Build.0 = Release|Any CPU
		{49DCCAC6-1C68-48DA-9B1C-8657B57E4267}.Test|Mixed Platforms.ActiveCfg = Release|Any CPU
		{49DCCAC6-1C68-48DA-9B1C-8657B57E4267}.Test|Mixed Platforms.Build.0 = Release|Any CPU
		{49DCCAC6-1C68-48DA-9B1C-8657B57E4267}.Test|x64.ActiveCfg = Release|Any CPU
		{49DCCAC6-1C68-48DA-9B1C-8657B57E4267}.Test|x86.ActiveCfg = Release|Any CPU
		{F567AB66-368A-4E76-9CCC-4BD33DBEBA3C}.Debug|Any CPU.ActiveCfg = Debug|Any CPU
		{F567AB66-368A-4E76-9CCC-4BD33DBEBA3C}.Debug|Any CPU.Build.0 = Debug|Any CPU
		{F567AB66-368A-4E76-9CCC-4BD33DBEBA3C}.Debug|Mixed Platforms.ActiveCfg = Debug|x86
		{F567AB66-368A-4E76-9CCC-4BD33DBEBA3C}.Debug|Mixed Platforms.Build.0 = Debug|x86
		{F567AB66-368A-4E76-9CCC-4BD33DBEBA3C}.Debug|x64.ActiveCfg = Debug|Any CPU
		{F567AB66-368A-4E76-9CCC-4BD33DBEBA3C}.Debug|x86.ActiveCfg = Debug|x86
		{F567AB66-368A-4E76-9CCC-4BD33DBEBA3C}.Debug|x86.Build.0 = Debug|x86
		{F567AB66-368A-4E76-9CCC-4BD33DBEBA3C}.DebugX86|Any CPU.ActiveCfg = DebugX86|Any CPU
		{F567AB66-368A-4E76-9CCC-4BD33DBEBA3C}.DebugX86|Any CPU.Build.0 = DebugX86|Any CPU
		{F567AB66-368A-4E76-9CCC-4BD33DBEBA3C}.DebugX86|Mixed Platforms.ActiveCfg = DebugX86|x86
		{F567AB66-368A-4E76-9CCC-4BD33DBEBA3C}.DebugX86|Mixed Platforms.Build.0 = DebugX86|x86
		{F567AB66-368A-4E76-9CCC-4BD33DBEBA3C}.DebugX86|x64.ActiveCfg = DebugX86|Any CPU
		{F567AB66-368A-4E76-9CCC-4BD33DBEBA3C}.DebugX86|x86.ActiveCfg = DebugX86|x86
		{F567AB66-368A-4E76-9CCC-4BD33DBEBA3C}.DebugX86|x86.Build.0 = DebugX86|x86
		{F567AB66-368A-4E76-9CCC-4BD33DBEBA3C}.PreparatoryDebug|Any CPU.ActiveCfg = PreparatoryDebug|Any CPU
		{F567AB66-368A-4E76-9CCC-4BD33DBEBA3C}.PreparatoryDebug|Any CPU.Build.0 = PreparatoryDebug|Any CPU
		{F567AB66-368A-4E76-9CCC-4BD33DBEBA3C}.PreparatoryDebug|Mixed Platforms.ActiveCfg = PreparatoryDebug|x86
		{F567AB66-368A-4E76-9CCC-4BD33DBEBA3C}.PreparatoryDebug|Mixed Platforms.Build.0 = PreparatoryDebug|x86
		{F567AB66-368A-4E76-9CCC-4BD33DBEBA3C}.PreparatoryDebug|x64.ActiveCfg = PreparatoryDebug|Any CPU
		{F567AB66-368A-4E76-9CCC-4BD33DBEBA3C}.PreparatoryDebug|x86.ActiveCfg = PreparatoryDebug|x86
		{F567AB66-368A-4E76-9CCC-4BD33DBEBA3C}.PreparatoryDebug|x86.Build.0 = PreparatoryDebug|x86
		{F567AB66-368A-4E76-9CCC-4BD33DBEBA3C}.PreparatoryDebugX86|Any CPU.ActiveCfg = PreparatoryDebugX86|Any CPU
		{F567AB66-368A-4E76-9CCC-4BD33DBEBA3C}.PreparatoryDebugX86|Any CPU.Build.0 = PreparatoryDebugX86|Any CPU
		{F567AB66-368A-4E76-9CCC-4BD33DBEBA3C}.PreparatoryDebugX86|Mixed Platforms.ActiveCfg = PreparatoryDebugX86|x86
		{F567AB66-368A-4E76-9CCC-4BD33DBEBA3C}.PreparatoryDebugX86|Mixed Platforms.Build.0 = PreparatoryDebugX86|x86
		{F567AB66-368A-4E76-9CCC-4BD33DBEBA3C}.PreparatoryDebugX86|x64.ActiveCfg = PreparatoryDebugX86|Any CPU
		{F567AB66-368A-4E76-9CCC-4BD33DBEBA3C}.PreparatoryDebugX86|x86.ActiveCfg = PreparatoryDebugX86|x86
		{F567AB66-368A-4E76-9CCC-4BD33DBEBA3C}.PreparatoryDebugX86|x86.Build.0 = PreparatoryDebugX86|x86
		{F567AB66-368A-4E76-9CCC-4BD33DBEBA3C}.PreparatoryRelease|Any CPU.ActiveCfg = PreparatoryRelease|Any CPU
		{F567AB66-368A-4E76-9CCC-4BD33DBEBA3C}.PreparatoryRelease|Any CPU.Build.0 = PreparatoryRelease|Any CPU
		{F567AB66-368A-4E76-9CCC-4BD33DBEBA3C}.PreparatoryRelease|Mixed Platforms.ActiveCfg = PreparatoryRelease|x86
		{F567AB66-368A-4E76-9CCC-4BD33DBEBA3C}.PreparatoryRelease|Mixed Platforms.Build.0 = PreparatoryRelease|x86
		{F567AB66-368A-4E76-9CCC-4BD33DBEBA3C}.PreparatoryRelease|x64.ActiveCfg = PreparatoryRelease|Any CPU
		{F567AB66-368A-4E76-9CCC-4BD33DBEBA3C}.PreparatoryRelease|x86.ActiveCfg = PreparatoryRelease|x86
		{F567AB66-368A-4E76-9CCC-4BD33DBEBA3C}.PreparatoryRelease|x86.Build.0 = PreparatoryRelease|x86
		{F567AB66-368A-4E76-9CCC-4BD33DBEBA3C}.Release|Any CPU.ActiveCfg = Release|Any CPU
		{F567AB66-368A-4E76-9CCC-4BD33DBEBA3C}.Release|Any CPU.Build.0 = Release|Any CPU
		{F567AB66-368A-4E76-9CCC-4BD33DBEBA3C}.Release|Mixed Platforms.ActiveCfg = Release|x86
		{F567AB66-368A-4E76-9CCC-4BD33DBEBA3C}.Release|Mixed Platforms.Build.0 = Release|x86
		{F567AB66-368A-4E76-9CCC-4BD33DBEBA3C}.Release|x64.ActiveCfg = Release|Any CPU
		{F567AB66-368A-4E76-9CCC-4BD33DBEBA3C}.Release|x86.ActiveCfg = Release|x86
		{F567AB66-368A-4E76-9CCC-4BD33DBEBA3C}.Release|x86.Build.0 = Release|x86
		{F567AB66-368A-4E76-9CCC-4BD33DBEBA3C}.Test|Any CPU.ActiveCfg = PreparatoryDebugX86|Any CPU
		{F567AB66-368A-4E76-9CCC-4BD33DBEBA3C}.Test|Any CPU.Build.0 = PreparatoryDebugX86|Any CPU
		{F567AB66-368A-4E76-9CCC-4BD33DBEBA3C}.Test|Mixed Platforms.ActiveCfg = PreparatoryDebugX86|x86
		{F567AB66-368A-4E76-9CCC-4BD33DBEBA3C}.Test|Mixed Platforms.Build.0 = PreparatoryDebugX86|x86
		{F567AB66-368A-4E76-9CCC-4BD33DBEBA3C}.Test|x64.ActiveCfg = PreparatoryDebugX86|Any CPU
		{F567AB66-368A-4E76-9CCC-4BD33DBEBA3C}.Test|x86.ActiveCfg = PreparatoryDebugX86|x86
		{F567AB66-368A-4E76-9CCC-4BD33DBEBA3C}.Test|x86.Build.0 = PreparatoryDebugX86|x86
	EndGlobalSection
	GlobalSection(SolutionProperties) = preSolution
		HideSolutionNode = FALSE
	EndGlobalSection
EndGlobal
